{
  "version": 4,
  "terraform_version": "1.3.9",
  "serial": 401,
  "lineage": "73de4bab-8c21-fc69-33a3-ecbcc18761de",
  "outputs": {
    "aws_ec2_controller_info": {
      "value": {
        "ids": [
          [
            "i-04d067ae19264f3aa",
            "i-0f3b3a10efc70a87b",
            "i-02e4d30cb2d2c7807"
          ]
        ],
        "private_ips": [
          [
            "10.240.0.10",
            "10.240.0.11",
            "10.240.0.12"
          ]
        ],
        "public_dns": [
          [
            "ec2-18-144-88-160.us-west-1.compute.amazonaws.com",
            "ec2-13-52-230-177.us-west-1.compute.amazonaws.com",
            "ec2-18-144-155-203.us-west-1.compute.amazonaws.com"
          ]
        ],
        "public_ips": [
          [
            "18.144.88.160",
            "13.52.230.177",
            "18.144.155.203"
          ]
        ]
      },
      "type": [
        "object",
        {
          "ids": [
            "tuple",
            [
              [
                "tuple",
                [
                  "string",
                  "string",
                  "string"
                ]
              ]
            ]
          ],
          "private_ips": [
            "tuple",
            [
              [
                "tuple",
                [
                  "string",
                  "string",
                  "string"
                ]
              ]
            ]
          ],
          "public_dns": [
            "tuple",
            [
              [
                "tuple",
                [
                  "string",
                  "string",
                  "string"
                ]
              ]
            ]
          ],
          "public_ips": [
            "tuple",
            [
              [
                "tuple",
                [
                  "string",
                  "string",
                  "string"
                ]
              ]
            ]
          ]
        }
      ]
    },
    "aws_ec2_worker_info": {
      "value": {
        "ids": [
          [
            "i-079a0c957df16d725",
            "i-022f4373097ca2f95",
            "i-028d8b753b38e273e"
          ]
        ],
        "private_ips": [
          [
            "10.240.0.20",
            "10.240.0.21",
            "10.240.0.22"
          ]
        ],
        "public_dns": [
          [
            "ec2-54-177-65-121.us-west-1.compute.amazonaws.com",
            "ec2-52-53-209-33.us-west-1.compute.amazonaws.com",
            "ec2-54-67-113-218.us-west-1.compute.amazonaws.com"
          ]
        ],
        "public_ips": [
          [
            "54.177.65.121",
            "52.53.209.33",
            "54.67.113.218"
          ]
        ]
      },
      "type": [
        "object",
        {
          "ids": [
            "tuple",
            [
              [
                "tuple",
                [
                  "string",
                  "string",
                  "string"
                ]
              ]
            ]
          ],
          "private_ips": [
            "tuple",
            [
              [
                "tuple",
                [
                  "string",
                  "string",
                  "string"
                ]
              ]
            ]
          ],
          "public_dns": [
            "tuple",
            [
              [
                "tuple",
                [
                  "string",
                  "string",
                  "string"
                ]
              ]
            ]
          ],
          "public_ips": [
            "tuple",
            [
              [
                "tuple",
                [
                  "string",
                  "string",
                  "string"
                ]
              ]
            ]
          ]
        }
      ]
    },
    "eip_address": {
      "value": "54.193.152.65",
      "type": "string"
    }
  },
  "resources": [
    {
      "mode": "data",
      "type": "aws_ami",
      "name": "ubuntu",
      "provider": "provider[\"registry.terraform.io/hashicorp/aws\"]",
      "instances": [
        {
          "schema_version": 0,
          "attributes": {
            "architecture": "x86_64",
            "arn": "arn:aws:ec2:us-west-1::image/ami-0c89304edf57df92a",
            "block_device_mappings": [
              {
                "device_name": "/dev/sda1",
                "ebs": {
                  "delete_on_termination": "true",
                  "encrypted": "false",
                  "iops": "0",
                  "snapshot_id": "snap-04d09eb644b000ea1",
                  "throughput": "0",
                  "volume_size": "8",
                  "volume_type": "gp2"
                },
                "no_device": "",
                "virtual_name": ""
              },
              {
                "device_name": "/dev/sdb",
                "ebs": {},
                "no_device": "",
                "virtual_name": "ephemeral0"
              },
              {
                "device_name": "/dev/sdc",
                "ebs": {},
                "no_device": "",
                "virtual_name": "ephemeral1"
              }
            ],
            "boot_mode": "",
            "creation_date": "2023-03-02T23:17:54.000Z",
            "deprecation_time": "2025-03-02T23:17:54.000Z",
            "description": "Canonical, Ubuntu, 20.04 LTS, amd64 focal image build on 2023-03-02",
            "ena_support": true,
            "executable_users": null,
            "filter": [
              {
                "name": "architecture",
                "values": [
                  "x86_64"
                ]
              },
              {
                "name": "name",
                "values": [
                  "ubuntu/images/hvm-ssd/ubuntu-focal-20.04-amd64-server-*"
                ]
              },
              {
                "name": "root-device-type",
                "values": [
                  "ebs"
                ]
              }
            ],
            "hypervisor": "xen",
            "id": "ami-0c89304edf57df92a",
            "image_id": "ami-0c89304edf57df92a",
            "image_location": "amazon/ubuntu/images/hvm-ssd/ubuntu-focal-20.04-amd64-server-20230302",
            "image_owner_alias": "amazon",
            "image_type": "machine",
            "imds_support": "",
            "include_deprecated": false,
            "kernel_id": "",
            "most_recent": true,
            "name": "ubuntu/images/hvm-ssd/ubuntu-focal-20.04-amd64-server-20230302",
            "name_regex": null,
            "owner_id": "099720109477",
            "owners": [
              "099720109477"
            ],
            "platform": "",
            "platform_details": "Linux/UNIX",
            "product_codes": [],
            "public": true,
            "ramdisk_id": "",
            "root_device_name": "/dev/sda1",
            "root_device_type": "ebs",
            "root_snapshot_id": "snap-04d09eb644b000ea1",
            "sriov_net_support": "simple",
            "state": "available",
            "state_reason": {
              "code": "UNSET",
              "message": "UNSET"
            },
            "tags": {},
            "timeouts": null,
            "tpm_support": "",
            "usage_operation": "RunInstances",
            "virtualization_type": "hvm"
          },
          "sensitive_attributes": []
        }
      ]
    },
    {
      "mode": "managed",
      "type": "aws_eip",
      "name": "main",
      "provider": "provider[\"registry.terraform.io/hashicorp/aws\"]",
      "instances": [
        {
          "schema_version": 0,
          "attributes": {
            "address": null,
            "allocation_id": "eipalloc-08e1a7e753080bf41",
            "associate_with_private_ip": null,
            "association_id": "",
            "carrier_ip": "",
            "customer_owned_ip": "",
            "customer_owned_ipv4_pool": "",
            "domain": "vpc",
            "id": "eipalloc-08e1a7e753080bf41",
            "instance": "",
            "network_border_group": "us-west-1",
            "network_interface": "",
            "private_dns": null,
            "private_ip": "",
            "public_dns": "ec2-54-193-152-65.us-west-1.compute.amazonaws.com",
            "public_ip": "54.193.152.65",
            "public_ipv4_pool": "amazon",
            "tags": {},
            "tags_all": {
              "Name": "kubernetes"
            },
            "timeouts": null,
            "vpc": true
          },
          "sensitive_attributes": [],
          "private": "eyJlMmJmYjczMC1lY2FhLTExZTYtOGY4OC0zNDM2M2JjN2M0YzAiOnsiZGVsZXRlIjoxODAwMDAwMDAwMDAsInJlYWQiOjkwMDAwMDAwMDAwMCwidXBkYXRlIjozMDAwMDAwMDAwMDB9fQ=="
        }
      ]
    },
    {
      "mode": "managed",
      "type": "aws_instance",
      "name": "controller",
      "provider": "provider[\"registry.terraform.io/hashicorp/aws\"]",
      "instances": [
        {
          "index_key": 0,
          "schema_version": 1,
          "attributes": {
            "ami": "ami-0c89304edf57df92a",
            "arn": "arn:aws:ec2:us-west-1:009611472941:instance/i-04d067ae19264f3aa",
            "associate_public_ip_address": true,
            "availability_zone": "us-west-1a",
            "capacity_reservation_specification": [
              {
                "capacity_reservation_preference": "open",
                "capacity_reservation_target": []
              }
            ],
            "cpu_core_count": 1,
            "cpu_threads_per_core": 1,
            "credit_specification": [
              {
                "cpu_credits": "standard"
              }
            ],
            "disable_api_stop": false,
            "disable_api_termination": false,
            "ebs_block_device": [
              {
                "delete_on_termination": true,
                "device_name": "/dev/sda1",
                "encrypted": false,
                "iops": 150,
                "kms_key_id": "",
                "snapshot_id": "",
                "tags": {},
                "throughput": 0,
                "volume_id": "vol-06de8df72d1c9487e",
                "volume_size": 50,
                "volume_type": "gp2"
              }
            ],
            "ebs_optimized": false,
            "enclave_options": [
              {
                "enabled": false
              }
            ],
            "ephemeral_block_device": [],
            "get_password_data": false,
            "hibernation": false,
            "host_id": "",
            "host_resource_group_arn": null,
            "iam_instance_profile": "",
            "id": "i-04d067ae19264f3aa",
            "instance_initiated_shutdown_behavior": "stop",
            "instance_state": "running",
            "instance_type": "t2.micro",
            "ipv6_address_count": 0,
            "ipv6_addresses": [],
            "key_name": "kubernetes-key",
            "launch_template": [],
            "maintenance_options": [
              {
                "auto_recovery": "default"
              }
            ],
            "metadata_options": [
              {
                "http_endpoint": "enabled",
                "http_put_response_hop_limit": 1,
                "http_tokens": "optional",
                "instance_metadata_tags": "disabled"
              }
            ],
            "monitoring": false,
            "network_interface": [],
            "outpost_arn": "",
            "password_data": "",
            "placement_group": "",
            "placement_partition_number": 0,
            "primary_network_interface_id": "eni-0ccf7098dbb87045f",
            "private_dns": "ip-10-240-0-10.us-west-1.compute.internal",
            "private_dns_name_options": [
              {
                "enable_resource_name_dns_a_record": false,
                "enable_resource_name_dns_aaaa_record": false,
                "hostname_type": "ip-name"
              }
            ],
            "private_ip": "10.240.0.10",
            "public_dns": "ec2-18-144-88-160.us-west-1.compute.amazonaws.com",
            "public_ip": "18.144.88.160",
            "root_block_device": [
              {
                "delete_on_termination": true,
                "device_name": "/dev/sda1",
                "encrypted": false,
                "iops": 150,
                "kms_key_id": "",
                "tags": {},
                "throughput": 0,
                "volume_id": "vol-06de8df72d1c9487e",
                "volume_size": 50,
                "volume_type": "gp2"
              }
            ],
            "secondary_private_ips": [],
            "security_groups": [],
            "source_dest_check": false,
            "subnet_id": "subnet-0d738c4a81440d98a",
            "tags": {
              "Id": "controller-0"
            },
            "tags_all": {
              "Id": "controller-0",
              "Name": "kubernetes"
            },
            "tenancy": "default",
            "timeouts": null,
            "user_data": "2ad4c8fd9f1b61f5126b29d7688e8fb10f605789",
            "user_data_base64": null,
            "user_data_replace_on_change": false,
            "volume_tags": null,
            "vpc_security_group_ids": [
              "sg-0e8941fd8423b3f75"
            ]
          },
          "sensitive_attributes": [],
          "private": "eyJlMmJmYjczMC1lY2FhLTExZTYtOGY4OC0zNDM2M2JjN2M0YzAiOnsiY3JlYXRlIjo2MDAwMDAwMDAwMDAsImRlbGV0ZSI6MTIwMDAwMDAwMDAwMCwidXBkYXRlIjo2MDAwMDAwMDAwMDB9LCJzY2hlbWFfdmVyc2lvbiI6IjEifQ==",
          "dependencies": [
            "aws_key_pair.deployer",
            "aws_security_group.inbound",
            "aws_subnet.main",
            "aws_vpc.main",
            "data.aws_ami.ubuntu",
            "tls_private_key.dev"
          ]
        },
        {
          "index_key": 1,
          "schema_version": 1,
          "attributes": {
            "ami": "ami-0c89304edf57df92a",
            "arn": "arn:aws:ec2:us-west-1:009611472941:instance/i-0f3b3a10efc70a87b",
            "associate_public_ip_address": true,
            "availability_zone": "us-west-1a",
            "capacity_reservation_specification": [
              {
                "capacity_reservation_preference": "open",
                "capacity_reservation_target": []
              }
            ],
            "cpu_core_count": 1,
            "cpu_threads_per_core": 1,
            "credit_specification": [
              {
                "cpu_credits": "standard"
              }
            ],
            "disable_api_stop": false,
            "disable_api_termination": false,
            "ebs_block_device": [
              {
                "delete_on_termination": true,
                "device_name": "/dev/sda1",
                "encrypted": false,
                "iops": 150,
                "kms_key_id": "",
                "snapshot_id": "",
                "tags": {},
                "throughput": 0,
                "volume_id": "vol-05337160e59f1dfed",
                "volume_size": 50,
                "volume_type": "gp2"
              }
            ],
            "ebs_optimized": false,
            "enclave_options": [
              {
                "enabled": false
              }
            ],
            "ephemeral_block_device": [],
            "get_password_data": false,
            "hibernation": false,
            "host_id": "",
            "host_resource_group_arn": null,
            "iam_instance_profile": "",
            "id": "i-0f3b3a10efc70a87b",
            "instance_initiated_shutdown_behavior": "stop",
            "instance_state": "running",
            "instance_type": "t2.micro",
            "ipv6_address_count": 0,
            "ipv6_addresses": [],
            "key_name": "kubernetes-key",
            "launch_template": [],
            "maintenance_options": [
              {
                "auto_recovery": "default"
              }
            ],
            "metadata_options": [
              {
                "http_endpoint": "enabled",
                "http_put_response_hop_limit": 1,
                "http_tokens": "optional",
                "instance_metadata_tags": "disabled"
              }
            ],
            "monitoring": false,
            "network_interface": [],
            "outpost_arn": "",
            "password_data": "",
            "placement_group": "",
            "placement_partition_number": 0,
            "primary_network_interface_id": "eni-0997cdce336e65fb8",
            "private_dns": "ip-10-240-0-11.us-west-1.compute.internal",
            "private_dns_name_options": [
              {
                "enable_resource_name_dns_a_record": false,
                "enable_resource_name_dns_aaaa_record": false,
                "hostname_type": "ip-name"
              }
            ],
            "private_ip": "10.240.0.11",
            "public_dns": "ec2-13-52-230-177.us-west-1.compute.amazonaws.com",
            "public_ip": "13.52.230.177",
            "root_block_device": [
              {
                "delete_on_termination": true,
                "device_name": "/dev/sda1",
                "encrypted": false,
                "iops": 150,
                "kms_key_id": "",
                "tags": {},
                "throughput": 0,
                "volume_id": "vol-05337160e59f1dfed",
                "volume_size": 50,
                "volume_type": "gp2"
              }
            ],
            "secondary_private_ips": [],
            "security_groups": [],
            "source_dest_check": false,
            "subnet_id": "subnet-0d738c4a81440d98a",
            "tags": {
              "Id": "controller-1"
            },
            "tags_all": {
              "Id": "controller-1",
              "Name": "kubernetes"
            },
            "tenancy": "default",
            "timeouts": null,
            "user_data": "535d7ed0be2b93c98b5bc5a5a33a3f0f46ce7461",
            "user_data_base64": null,
            "user_data_replace_on_change": false,
            "volume_tags": null,
            "vpc_security_group_ids": [
              "sg-0e8941fd8423b3f75"
            ]
          },
          "sensitive_attributes": [],
          "private": "eyJlMmJmYjczMC1lY2FhLTExZTYtOGY4OC0zNDM2M2JjN2M0YzAiOnsiY3JlYXRlIjo2MDAwMDAwMDAwMDAsImRlbGV0ZSI6MTIwMDAwMDAwMDAwMCwidXBkYXRlIjo2MDAwMDAwMDAwMDB9LCJzY2hlbWFfdmVyc2lvbiI6IjEifQ==",
          "dependencies": [
            "aws_key_pair.deployer",
            "aws_security_group.inbound",
            "aws_subnet.main",
            "aws_vpc.main",
            "data.aws_ami.ubuntu",
            "tls_private_key.dev"
          ]
        },
        {
          "index_key": 2,
          "schema_version": 1,
          "attributes": {
            "ami": "ami-0c89304edf57df92a",
            "arn": "arn:aws:ec2:us-west-1:009611472941:instance/i-02e4d30cb2d2c7807",
            "associate_public_ip_address": true,
            "availability_zone": "us-west-1a",
            "capacity_reservation_specification": [
              {
                "capacity_reservation_preference": "open",
                "capacity_reservation_target": []
              }
            ],
            "cpu_core_count": 1,
            "cpu_threads_per_core": 1,
            "credit_specification": [
              {
                "cpu_credits": "standard"
              }
            ],
            "disable_api_stop": false,
            "disable_api_termination": false,
            "ebs_block_device": [
              {
                "delete_on_termination": true,
                "device_name": "/dev/sda1",
                "encrypted": false,
                "iops": 150,
                "kms_key_id": "",
                "snapshot_id": "",
                "tags": {},
                "throughput": 0,
                "volume_id": "vol-0de72e7b8c1bd0922",
                "volume_size": 50,
                "volume_type": "gp2"
              }
            ],
            "ebs_optimized": false,
            "enclave_options": [
              {
                "enabled": false
              }
            ],
            "ephemeral_block_device": [],
            "get_password_data": false,
            "hibernation": false,
            "host_id": "",
            "host_resource_group_arn": null,
            "iam_instance_profile": "",
            "id": "i-02e4d30cb2d2c7807",
            "instance_initiated_shutdown_behavior": "stop",
            "instance_state": "running",
            "instance_type": "t2.micro",
            "ipv6_address_count": 0,
            "ipv6_addresses": [],
            "key_name": "kubernetes-key",
            "launch_template": [],
            "maintenance_options": [
              {
                "auto_recovery": "default"
              }
            ],
            "metadata_options": [
              {
                "http_endpoint": "enabled",
                "http_put_response_hop_limit": 1,
                "http_tokens": "optional",
                "instance_metadata_tags": "disabled"
              }
            ],
            "monitoring": false,
            "network_interface": [],
            "outpost_arn": "",
            "password_data": "",
            "placement_group": "",
            "placement_partition_number": 0,
            "primary_network_interface_id": "eni-01decdb931f218bac",
            "private_dns": "ip-10-240-0-12.us-west-1.compute.internal",
            "private_dns_name_options": [
              {
                "enable_resource_name_dns_a_record": false,
                "enable_resource_name_dns_aaaa_record": false,
                "hostname_type": "ip-name"
              }
            ],
            "private_ip": "10.240.0.12",
            "public_dns": "ec2-18-144-155-203.us-west-1.compute.amazonaws.com",
            "public_ip": "18.144.155.203",
            "root_block_device": [
              {
                "delete_on_termination": true,
                "device_name": "/dev/sda1",
                "encrypted": false,
                "iops": 150,
                "kms_key_id": "",
                "tags": {},
                "throughput": 0,
                "volume_id": "vol-0de72e7b8c1bd0922",
                "volume_size": 50,
                "volume_type": "gp2"
              }
            ],
            "secondary_private_ips": [],
            "security_groups": [],
            "source_dest_check": false,
            "subnet_id": "subnet-0d738c4a81440d98a",
            "tags": {
              "Id": "controller-2"
            },
            "tags_all": {
              "Id": "controller-2",
              "Name": "kubernetes"
            },
            "tenancy": "default",
            "timeouts": null,
            "user_data": "7d943c240bf39c919301f9fb05d740e8ccf84780",
            "user_data_base64": null,
            "user_data_replace_on_change": false,
            "volume_tags": null,
            "vpc_security_group_ids": [
              "sg-0e8941fd8423b3f75"
            ]
          },
          "sensitive_attributes": [],
          "private": "eyJlMmJmYjczMC1lY2FhLTExZTYtOGY4OC0zNDM2M2JjN2M0YzAiOnsiY3JlYXRlIjo2MDAwMDAwMDAwMDAsImRlbGV0ZSI6MTIwMDAwMDAwMDAwMCwidXBkYXRlIjo2MDAwMDAwMDAwMDB9LCJzY2hlbWFfdmVyc2lvbiI6IjEifQ==",
          "dependencies": [
            "aws_key_pair.deployer",
            "aws_security_group.inbound",
            "aws_subnet.main",
            "aws_vpc.main",
            "data.aws_ami.ubuntu",
            "tls_private_key.dev"
          ]
        }
      ]
    },
    {
      "mode": "managed",
      "type": "aws_instance",
      "name": "worker",
      "provider": "provider[\"registry.terraform.io/hashicorp/aws\"]",
      "instances": [
        {
          "index_key": 0,
          "schema_version": 1,
          "attributes": {
            "ami": "ami-0c89304edf57df92a",
            "arn": "arn:aws:ec2:us-west-1:009611472941:instance/i-079a0c957df16d725",
            "associate_public_ip_address": true,
            "availability_zone": "us-west-1a",
            "capacity_reservation_specification": [
              {
                "capacity_reservation_preference": "open",
                "capacity_reservation_target": []
              }
            ],
            "cpu_core_count": 1,
            "cpu_threads_per_core": 1,
            "credit_specification": [
              {
                "cpu_credits": "standard"
              }
            ],
            "disable_api_stop": false,
            "disable_api_termination": false,
            "ebs_block_device": [
              {
                "delete_on_termination": true,
                "device_name": "/dev/sda1",
                "encrypted": false,
                "iops": 150,
                "kms_key_id": "",
                "snapshot_id": "",
                "tags": {},
                "throughput": 0,
                "volume_id": "vol-0276bababd99b0515",
                "volume_size": 50,
                "volume_type": "gp2"
              }
            ],
            "ebs_optimized": false,
            "enclave_options": [
              {
                "enabled": false
              }
            ],
            "ephemeral_block_device": [],
            "get_password_data": false,
            "hibernation": false,
            "host_id": "",
            "host_resource_group_arn": null,
            "iam_instance_profile": "",
            "id": "i-079a0c957df16d725",
            "instance_initiated_shutdown_behavior": "stop",
            "instance_state": "running",
            "instance_type": "t2.micro",
            "ipv6_address_count": 0,
            "ipv6_addresses": [],
            "key_name": "kubernetes-key",
            "launch_template": [],
            "maintenance_options": [
              {
                "auto_recovery": "default"
              }
            ],
            "metadata_options": [
              {
                "http_endpoint": "enabled",
                "http_put_response_hop_limit": 1,
                "http_tokens": "optional",
                "instance_metadata_tags": "disabled"
              }
            ],
            "monitoring": false,
            "network_interface": [],
            "outpost_arn": "",
            "password_data": "",
            "placement_group": "",
            "placement_partition_number": 0,
            "primary_network_interface_id": "eni-0ef4b59d2fa0bdcdb",
            "private_dns": "ip-10-240-0-20.us-west-1.compute.internal",
            "private_dns_name_options": [
              {
                "enable_resource_name_dns_a_record": false,
                "enable_resource_name_dns_aaaa_record": false,
                "hostname_type": "ip-name"
              }
            ],
            "private_ip": "10.240.0.20",
            "public_dns": "ec2-54-177-65-121.us-west-1.compute.amazonaws.com",
            "public_ip": "54.177.65.121",
            "root_block_device": [
              {
                "delete_on_termination": true,
                "device_name": "/dev/sda1",
                "encrypted": false,
                "iops": 150,
                "kms_key_id": "",
                "tags": {},
                "throughput": 0,
                "volume_id": "vol-0276bababd99b0515",
                "volume_size": 50,
                "volume_type": "gp2"
              }
            ],
            "secondary_private_ips": [],
            "security_groups": [],
            "source_dest_check": false,
            "subnet_id": "subnet-0d738c4a81440d98a",
            "tags": {
              "Id": "worker-0"
            },
            "tags_all": {
              "Id": "worker-0",
              "Name": "kubernetes"
            },
            "tenancy": "default",
            "timeouts": null,
            "user_data": "aa9800821fd236820a9525fdef0a28cf8adf962b",
            "user_data_base64": null,
            "user_data_replace_on_change": false,
            "volume_tags": null,
            "vpc_security_group_ids": [
              "sg-0e8941fd8423b3f75"
            ]
          },
          "sensitive_attributes": [],
          "private": "eyJlMmJmYjczMC1lY2FhLTExZTYtOGY4OC0zNDM2M2JjN2M0YzAiOnsiY3JlYXRlIjo2MDAwMDAwMDAwMDAsImRlbGV0ZSI6MTIwMDAwMDAwMDAwMCwidXBkYXRlIjo2MDAwMDAwMDAwMDB9LCJzY2hlbWFfdmVyc2lvbiI6IjEifQ==",
          "dependencies": [
            "aws_key_pair.deployer",
            "aws_security_group.inbound",
            "aws_subnet.main",
            "aws_vpc.main",
            "data.aws_ami.ubuntu",
            "tls_private_key.dev"
          ]
        },
        {
          "index_key": 1,
          "schema_version": 1,
          "attributes": {
            "ami": "ami-0c89304edf57df92a",
            "arn": "arn:aws:ec2:us-west-1:009611472941:instance/i-022f4373097ca2f95",
            "associate_public_ip_address": true,
            "availability_zone": "us-west-1a",
            "capacity_reservation_specification": [
              {
                "capacity_reservation_preference": "open",
                "capacity_reservation_target": []
              }
            ],
            "cpu_core_count": 1,
            "cpu_threads_per_core": 1,
            "credit_specification": [
              {
                "cpu_credits": "standard"
              }
            ],
            "disable_api_stop": false,
            "disable_api_termination": false,
            "ebs_block_device": [
              {
                "delete_on_termination": true,
                "device_name": "/dev/sda1",
                "encrypted": false,
                "iops": 150,
                "kms_key_id": "",
                "snapshot_id": "",
                "tags": {},
                "throughput": 0,
                "volume_id": "vol-0a68a2e9595b7f473",
                "volume_size": 50,
                "volume_type": "gp2"
              }
            ],
            "ebs_optimized": false,
            "enclave_options": [
              {
                "enabled": false
              }
            ],
            "ephemeral_block_device": [],
            "get_password_data": false,
            "hibernation": false,
            "host_id": "",
            "host_resource_group_arn": null,
            "iam_instance_profile": "",
            "id": "i-022f4373097ca2f95",
            "instance_initiated_shutdown_behavior": "stop",
            "instance_state": "running",
            "instance_type": "t2.micro",
            "ipv6_address_count": 0,
            "ipv6_addresses": [],
            "key_name": "kubernetes-key",
            "launch_template": [],
            "maintenance_options": [
              {
                "auto_recovery": "default"
              }
            ],
            "metadata_options": [
              {
                "http_endpoint": "enabled",
                "http_put_response_hop_limit": 1,
                "http_tokens": "optional",
                "instance_metadata_tags": "disabled"
              }
            ],
            "monitoring": false,
            "network_interface": [],
            "outpost_arn": "",
            "password_data": "",
            "placement_group": "",
            "placement_partition_number": 0,
            "primary_network_interface_id": "eni-09211bfb44e5eb520",
            "private_dns": "ip-10-240-0-21.us-west-1.compute.internal",
            "private_dns_name_options": [
              {
                "enable_resource_name_dns_a_record": false,
                "enable_resource_name_dns_aaaa_record": false,
                "hostname_type": "ip-name"
              }
            ],
            "private_ip": "10.240.0.21",
            "public_dns": "ec2-52-53-209-33.us-west-1.compute.amazonaws.com",
            "public_ip": "52.53.209.33",
            "root_block_device": [
              {
                "delete_on_termination": true,
                "device_name": "/dev/sda1",
                "encrypted": false,
                "iops": 150,
                "kms_key_id": "",
                "tags": {},
                "throughput": 0,
                "volume_id": "vol-0a68a2e9595b7f473",
                "volume_size": 50,
                "volume_type": "gp2"
              }
            ],
            "secondary_private_ips": [],
            "security_groups": [],
            "source_dest_check": false,
            "subnet_id": "subnet-0d738c4a81440d98a",
            "tags": {
              "Id": "worker-1"
            },
            "tags_all": {
              "Id": "worker-1",
              "Name": "kubernetes"
            },
            "tenancy": "default",
            "timeouts": null,
            "user_data": "609ab3c3988444a41b87ad74edd7fb3ae1e13146",
            "user_data_base64": null,
            "user_data_replace_on_change": false,
            "volume_tags": null,
            "vpc_security_group_ids": [
              "sg-0e8941fd8423b3f75"
            ]
          },
          "sensitive_attributes": [],
          "private": "eyJlMmJmYjczMC1lY2FhLTExZTYtOGY4OC0zNDM2M2JjN2M0YzAiOnsiY3JlYXRlIjo2MDAwMDAwMDAwMDAsImRlbGV0ZSI6MTIwMDAwMDAwMDAwMCwidXBkYXRlIjo2MDAwMDAwMDAwMDB9LCJzY2hlbWFfdmVyc2lvbiI6IjEifQ==",
          "dependencies": [
            "aws_key_pair.deployer",
            "aws_security_group.inbound",
            "aws_subnet.main",
            "aws_vpc.main",
            "data.aws_ami.ubuntu",
            "tls_private_key.dev"
          ]
        },
        {
          "index_key": 2,
          "schema_version": 1,
          "attributes": {
            "ami": "ami-0c89304edf57df92a",
            "arn": "arn:aws:ec2:us-west-1:009611472941:instance/i-028d8b753b38e273e",
            "associate_public_ip_address": true,
            "availability_zone": "us-west-1a",
            "capacity_reservation_specification": [
              {
                "capacity_reservation_preference": "open",
                "capacity_reservation_target": []
              }
            ],
            "cpu_core_count": 1,
            "cpu_threads_per_core": 1,
            "credit_specification": [
              {
                "cpu_credits": "standard"
              }
            ],
            "disable_api_stop": false,
            "disable_api_termination": false,
            "ebs_block_device": [
              {
                "delete_on_termination": true,
                "device_name": "/dev/sda1",
                "encrypted": false,
                "iops": 150,
                "kms_key_id": "",
                "snapshot_id": "",
                "tags": {},
                "throughput": 0,
                "volume_id": "vol-016ce09581273e46d",
                "volume_size": 50,
                "volume_type": "gp2"
              }
            ],
            "ebs_optimized": false,
            "enclave_options": [
              {
                "enabled": false
              }
            ],
            "ephemeral_block_device": [],
            "get_password_data": false,
            "hibernation": false,
            "host_id": "",
            "host_resource_group_arn": null,
            "iam_instance_profile": "",
            "id": "i-028d8b753b38e273e",
            "instance_initiated_shutdown_behavior": "stop",
            "instance_state": "running",
            "instance_type": "t2.micro",
            "ipv6_address_count": 0,
            "ipv6_addresses": [],
            "key_name": "kubernetes-key",
            "launch_template": [],
            "maintenance_options": [
              {
                "auto_recovery": "default"
              }
            ],
            "metadata_options": [
              {
                "http_endpoint": "enabled",
                "http_put_response_hop_limit": 1,
                "http_tokens": "optional",
                "instance_metadata_tags": "disabled"
              }
            ],
            "monitoring": false,
            "network_interface": [],
            "outpost_arn": "",
            "password_data": "",
            "placement_group": "",
            "placement_partition_number": 0,
            "primary_network_interface_id": "eni-0a396e9f125b5829c",
            "private_dns": "ip-10-240-0-22.us-west-1.compute.internal",
            "private_dns_name_options": [
              {
                "enable_resource_name_dns_a_record": false,
                "enable_resource_name_dns_aaaa_record": false,
                "hostname_type": "ip-name"
              }
            ],
            "private_ip": "10.240.0.22",
            "public_dns": "ec2-54-67-113-218.us-west-1.compute.amazonaws.com",
            "public_ip": "54.67.113.218",
            "root_block_device": [
              {
                "delete_on_termination": true,
                "device_name": "/dev/sda1",
                "encrypted": false,
                "iops": 150,
                "kms_key_id": "",
                "tags": {},
                "throughput": 0,
                "volume_id": "vol-016ce09581273e46d",
                "volume_size": 50,
                "volume_type": "gp2"
              }
            ],
            "secondary_private_ips": [],
            "security_groups": [],
            "source_dest_check": false,
            "subnet_id": "subnet-0d738c4a81440d98a",
            "tags": {
              "Id": "worker-2"
            },
            "tags_all": {
              "Id": "worker-2",
              "Name": "kubernetes"
            },
            "tenancy": "default",
            "timeouts": null,
            "user_data": "c60060841a9e75254174604d45de1be586aa1d31",
            "user_data_base64": null,
            "user_data_replace_on_change": false,
            "volume_tags": null,
            "vpc_security_group_ids": [
              "sg-0e8941fd8423b3f75"
            ]
          },
          "sensitive_attributes": [],
          "private": "eyJlMmJmYjczMC1lY2FhLTExZTYtOGY4OC0zNDM2M2JjN2M0YzAiOnsiY3JlYXRlIjo2MDAwMDAwMDAwMDAsImRlbGV0ZSI6MTIwMDAwMDAwMDAwMCwidXBkYXRlIjo2MDAwMDAwMDAwMDB9LCJzY2hlbWFfdmVyc2lvbiI6IjEifQ==",
          "dependencies": [
            "aws_key_pair.deployer",
            "aws_security_group.inbound",
            "aws_subnet.main",
            "aws_vpc.main",
            "data.aws_ami.ubuntu",
            "tls_private_key.dev"
          ]
        }
      ]
    },
    {
      "mode": "managed",
      "type": "aws_internet_gateway",
      "name": "main",
      "provider": "provider[\"registry.terraform.io/hashicorp/aws\"]",
      "instances": [
        {
          "schema_version": 0,
          "attributes": {
            "arn": "arn:aws:ec2:us-west-1:009611472941:internet-gateway/igw-0254fa14dddc68fa1",
            "id": "igw-0254fa14dddc68fa1",
            "owner_id": "009611472941",
            "tags": {},
            "tags_all": {
              "Name": "kubernetes"
            },
            "timeouts": null,
            "vpc_id": "vpc-0792ad30c9d8d77b0"
          },
          "sensitive_attributes": [],
          "private": "eyJlMmJmYjczMC1lY2FhLTExZTYtOGY4OC0zNDM2M2JjN2M0YzAiOnsiY3JlYXRlIjoxMjAwMDAwMDAwMDAwLCJkZWxldGUiOjEyMDAwMDAwMDAwMDAsInVwZGF0ZSI6MTIwMDAwMDAwMDAwMH19",
          "dependencies": [
            "aws_vpc.main"
          ]
        }
      ]
    },
    {
      "mode": "managed",
      "type": "aws_key_pair",
      "name": "deployer",
      "provider": "provider[\"registry.terraform.io/hashicorp/aws\"]",
      "instances": [
        {
          "schema_version": 1,
          "attributes": {
            "arn": "arn:aws:ec2:us-west-1:009611472941:key-pair/kubernetes-key",
            "fingerprint": "d0:fe:58:78:0e:57:a0:a3:39:9d:ef:88:be:91:61:7b",
            "id": "kubernetes-key",
            "key_name": "kubernetes-key",
            "key_name_prefix": "",
            "key_pair_id": "key-0652f0a3fbf7aa91e",
            "key_type": "rsa",
            "public_key": "ssh-rsa AAAAB3NzaC1yc2EAAAADAQABAAACAQCf6xyJ1TyLigEhIAm0YAipdHKlap/XGE7HsRGVpfRdJ1hSxJcX3ujqMWS0GcPg0bsxF/ckBhc6cB/mqNG+AJG0rJYWGvMowkaR2UH3tg1ECvp5AYNsSSMTfCGlhnL3jWU0iWHYjylWq+7RyoYURvjMyBHWZh5ppOkiIawZ3AozBhsrxXPvWrXPCUP6qiniHSOJt89QcV4UmI+3zF4j09LphEA+8V1PezfWp/a9yEIlIJmGeIrT0RJCNNXv/Aw0PJFVU81WWqgw6Lgrqjp0M98zyFpAxwkHB4XnkUmm2y+yXmkQOLMdTE81k2fYAt72xQ7xkGUfU4FeH67+mZgoNK0xTHXOHaIxmbBN/JahFQ7//pMHSy+4mjtf7qBfkbHBSO/kJlCsQKyWvtfWJRZS4DxLVJ37WOYJL5ymKdZUsPv/marql18tVa1+2OTThJsRSRhkAirs3/llmyseCX4xvLN48/AQ7pQYQoew1OWc9vqWRF6RQmDj5XLIBSdJvtBEhvlPaAZvFbPcV+zX6oJwGFTGvlq5/FPNKXCLK4e7zO5zO92nz9bLZwS7G1xQTmiJTi6/suBv/W+pHbjTkkEYObYJcONFTQ3L3K2/kS71B1RV1e/Rz7dHCC+23OlKuSl2sGskGNdzozul25ErYrCpAOwWNDoW4OOGMQ4TwoMZLJ67hQ==",
            "tags": {},
            "tags_all": {
              "Name": "kubernetes"
            }
          },
          "sensitive_attributes": [],
          "private": "eyJzY2hlbWFfdmVyc2lvbiI6IjEifQ==",
          "dependencies": [
            "tls_private_key.dev"
          ]
        }
      ]
    },
    {
      "mode": "managed",
      "type": "aws_lb",
      "name": "main",
      "provider": "provider[\"registry.terraform.io/hashicorp/aws\"]",
      "instances": [
        {
          "schema_version": 0,
          "attributes": {
            "access_logs": [
              {
                "bucket": "",
                "enabled": false,
                "prefix": ""
              }
            ],
            "arn": "arn:aws:elasticloadbalancing:us-west-1:009611472941:loadbalancer/net/kubernetes/15c3e315bbeede61",
            "arn_suffix": "net/kubernetes/15c3e315bbeede61",
            "customer_owned_ipv4_pool": "",
            "desync_mitigation_mode": null,
            "dns_name": "kubernetes-15c3e315bbeede61.elb.us-west-1.amazonaws.com",
            "drop_invalid_header_fields": null,
            "enable_cross_zone_load_balancing": false,
            "enable_deletion_protection": false,
            "enable_http2": null,
            "enable_waf_fail_open": null,
            "id": "arn:aws:elasticloadbalancing:us-west-1:009611472941:loadbalancer/net/kubernetes/15c3e315bbeede61",
            "idle_timeout": null,
            "internal": false,
            "ip_address_type": "ipv4",
            "load_balancer_type": "network",
            "name": "kubernetes",
            "name_prefix": null,
            "preserve_host_header": null,
            "security_groups": [],
            "subnet_mapping": [
              {
                "allocation_id": "eipalloc-08e1a7e753080bf41",
                "ipv6_address": "",
                "outpost_id": "",
                "private_ipv4_address": "",
                "subnet_id": "subnet-0d738c4a81440d98a"
              }
            ],
            "subnets": [
              "subnet-0d738c4a81440d98a"
            ],
            "tags": null,
            "tags_all": {
              "Name": "kubernetes"
            },
            "timeouts": null,
            "vpc_id": "vpc-0792ad30c9d8d77b0",
            "zone_id": "Z24FKFUX50B4VW"
          },
          "sensitive_attributes": [],
          "private": "eyJlMmJmYjczMC1lY2FhLTExZTYtOGY4OC0zNDM2M2JjN2M0YzAiOnsiY3JlYXRlIjo2MDAwMDAwMDAwMDAsImRlbGV0ZSI6NjAwMDAwMDAwMDAwLCJ1cGRhdGUiOjYwMDAwMDAwMDAwMH19",
          "dependencies": [
            "aws_eip.main",
            "aws_subnet.main"
          ]
        }
      ]
    },
    {
      "mode": "managed",
      "type": "aws_lb_listener",
      "name": "forward",
      "provider": "provider[\"registry.terraform.io/hashicorp/aws\"]",
      "instances": [
        {
          "schema_version": 0,
          "attributes": {
            "alpn_policy": null,
            "arn": "arn:aws:elasticloadbalancing:us-west-1:009611472941:listener/net/kubernetes/15c3e315bbeede61/bd2a16338ed69198",
            "certificate_arn": null,
            "default_action": [
              {
                "authenticate_cognito": [],
                "authenticate_oidc": [],
                "fixed_response": [],
                "forward": [],
                "order": 1,
                "redirect": [],
                "target_group_arn": "arn:aws:elasticloadbalancing:us-west-1:009611472941:targetgroup/kubernetes/24fbbcf6e9196611",
                "type": "forward"
              }
            ],
            "id": "arn:aws:elasticloadbalancing:us-west-1:009611472941:listener/net/kubernetes/15c3e315bbeede61/bd2a16338ed69198",
            "load_balancer_arn": "arn:aws:elasticloadbalancing:us-west-1:009611472941:loadbalancer/net/kubernetes/15c3e315bbeede61",
            "port": 6443,
            "protocol": "TCP",
            "ssl_policy": "",
            "tags": null,
            "tags_all": {
              "Name": "kubernetes"
            },
            "timeouts": null
          },
          "sensitive_attributes": [],
          "private": "eyJlMmJmYjczMC1lY2FhLTExZTYtOGY4OC0zNDM2M2JjN2M0YzAiOnsicmVhZCI6NjAwMDAwMDAwMDAwfX0=",
          "dependencies": [
            "aws_eip.main",
            "aws_lb.main",
            "aws_lb_target_group.main",
            "aws_subnet.main",
            "aws_vpc.main"
          ]
        }
      ]
    },
    {
      "mode": "managed",
      "type": "aws_lb_target_group",
      "name": "main",
      "provider": "provider[\"registry.terraform.io/hashicorp/aws\"]",
      "instances": [
        {
          "schema_version": 0,
          "attributes": {
            "arn": "arn:aws:elasticloadbalancing:us-west-1:009611472941:targetgroup/kubernetes/24fbbcf6e9196611",
            "arn_suffix": "targetgroup/kubernetes/24fbbcf6e9196611",
            "connection_termination": false,
            "deregistration_delay": "300",
            "health_check": [
              {
                "enabled": true,
                "healthy_threshold": 3,
                "interval": 30,
                "matcher": "200-399",
                "path": "/healthz",
                "port": "80",
                "protocol": "HTTP",
                "timeout": 6,
                "unhealthy_threshold": 3
              }
            ],
            "id": "arn:aws:elasticloadbalancing:us-west-1:009611472941:targetgroup/kubernetes/24fbbcf6e9196611",
            "ip_address_type": "ipv4",
            "lambda_multi_value_headers_enabled": false,
            "load_balancing_algorithm_type": null,
            "name": "kubernetes",
            "name_prefix": null,
            "port": 6443,
            "preserve_client_ip": "false",
            "protocol": "TCP",
            "protocol_version": null,
            "proxy_protocol_v2": false,
            "slow_start": 0,
            "stickiness": [
              {
                "cookie_duration": 0,
                "cookie_name": "",
                "enabled": false,
                "type": "source_ip"
              }
            ],
            "tags": null,
            "tags_all": {
              "Name": "kubernetes"
            },
            "target_failover": [
              {
                "on_deregistration": null,
                "on_unhealthy": null
              }
            ],
            "target_type": "ip",
            "vpc_id": "vpc-0792ad30c9d8d77b0"
          },
          "sensitive_attributes": [],
          "private": "bnVsbA==",
          "dependencies": [
            "aws_vpc.main"
          ]
        }
      ]
    },
    {
      "mode": "managed",
      "type": "aws_lb_target_group_attachment",
      "name": "main",
      "provider": "provider[\"registry.terraform.io/hashicorp/aws\"]",
      "instances": [
        {
          "index_key": 0,
          "schema_version": 0,
          "attributes": {
            "availability_zone": null,
            "id": "arn:aws:elasticloadbalancing:us-west-1:009611472941:targetgroup/kubernetes/24fbbcf6e9196611-20230303063333428900000001",
            "port": null,
            "target_group_arn": "arn:aws:elasticloadbalancing:us-west-1:009611472941:targetgroup/kubernetes/24fbbcf6e9196611",
            "target_id": "10.240.0.10"
          },
          "sensitive_attributes": [],
          "private": "bnVsbA==",
          "dependencies": [
            "aws_lb_target_group.main",
            "aws_vpc.main"
          ]
        },
        {
          "index_key": 1,
          "schema_version": 0,
          "attributes": {
            "availability_zone": null,
            "id": "arn:aws:elasticloadbalancing:us-west-1:009611472941:targetgroup/kubernetes/24fbbcf6e9196611-20230303063333733600000003",
            "port": null,
            "target_group_arn": "arn:aws:elasticloadbalancing:us-west-1:009611472941:targetgroup/kubernetes/24fbbcf6e9196611",
            "target_id": "10.240.0.11"
          },
          "sensitive_attributes": [],
          "private": "bnVsbA==",
          "dependencies": [
            "aws_lb_target_group.main",
            "aws_vpc.main"
          ]
        },
        {
          "index_key": 2,
          "schema_version": 0,
          "attributes": {
            "availability_zone": null,
            "id": "arn:aws:elasticloadbalancing:us-west-1:009611472941:targetgroup/kubernetes/24fbbcf6e9196611-20230303063333505600000002",
            "port": null,
            "target_group_arn": "arn:aws:elasticloadbalancing:us-west-1:009611472941:targetgroup/kubernetes/24fbbcf6e9196611",
            "target_id": "10.240.0.12"
          },
          "sensitive_attributes": [],
          "private": "bnVsbA==",
          "dependencies": [
            "aws_lb_target_group.main",
            "aws_vpc.main"
          ]
        }
      ]
    },
    {
      "mode": "managed",
      "type": "aws_route_table",
      "name": "main",
      "provider": "provider[\"registry.terraform.io/hashicorp/aws\"]",
      "instances": [
        {
          "schema_version": 0,
          "attributes": {
            "arn": "arn:aws:ec2:us-west-1:009611472941:route-table/rtb-035c2477b45b131ba",
            "id": "rtb-035c2477b45b131ba",
            "owner_id": "009611472941",
            "propagating_vgws": [],
            "route": [
              {
                "carrier_gateway_id": "",
                "cidr_block": "0.0.0.0/0",
                "core_network_arn": "",
                "destination_prefix_list_id": "",
                "egress_only_gateway_id": "",
                "gateway_id": "igw-0254fa14dddc68fa1",
                "instance_id": "",
                "ipv6_cidr_block": "",
                "local_gateway_id": "",
                "nat_gateway_id": "",
                "network_interface_id": "",
                "transit_gateway_id": "",
                "vpc_endpoint_id": "",
                "vpc_peering_connection_id": ""
              }
            ],
            "tags": {},
            "tags_all": {
              "Name": "kubernetes"
            },
            "timeouts": null,
            "vpc_id": "vpc-0792ad30c9d8d77b0"
          },
          "sensitive_attributes": [],
          "private": "eyJlMmJmYjczMC1lY2FhLTExZTYtOGY4OC0zNDM2M2JjN2M0YzAiOnsiY3JlYXRlIjozMDAwMDAwMDAwMDAsImRlbGV0ZSI6MzAwMDAwMDAwMDAwLCJ1cGRhdGUiOjEyMDAwMDAwMDAwMH19",
          "dependencies": [
            "aws_internet_gateway.main",
            "aws_vpc.main"
          ]
        }
      ]
    },
    {
      "mode": "managed",
      "type": "aws_route_table_association",
      "name": "a",
      "provider": "provider[\"registry.terraform.io/hashicorp/aws\"]",
      "instances": [
        {
          "schema_version": 0,
          "attributes": {
            "gateway_id": "",
            "id": "rtbassoc-00431ac050cf1b178",
            "route_table_id": "rtb-035c2477b45b131ba",
            "subnet_id": "subnet-0d738c4a81440d98a"
          },
          "sensitive_attributes": [],
          "private": "bnVsbA==",
          "dependencies": [
            "aws_internet_gateway.main",
            "aws_route_table.main",
            "aws_subnet.main",
            "aws_vpc.main"
          ]
        }
      ]
    },
    {
      "mode": "managed",
      "type": "aws_security_group",
      "name": "inbound",
      "provider": "provider[\"registry.terraform.io/hashicorp/aws\"]",
      "instances": [
        {
          "schema_version": 1,
          "attributes": {
            "arn": "arn:aws:ec2:us-west-1:009611472941:security-group/sg-0e8941fd8423b3f75",
            "description": "Kubernetes security group",
            "egress": [
              {
                "cidr_blocks": [
                  "0.0.0.0/0"
                ],
                "description": "",
                "from_port": 0,
                "ipv6_cidr_blocks": [],
                "prefix_list_ids": [],
                "protocol": "-1",
                "security_groups": [],
                "self": false,
                "to_port": 0
              }
            ],
            "id": "sg-0e8941fd8423b3f75",
            "ingress": [
              {
                "cidr_blocks": [
                  "0.0.0.0/0"
                ],
                "description": "Allow ICMP aka ping",
                "from_port": -1,
                "ipv6_cidr_blocks": [],
                "prefix_list_ids": [],
                "protocol": "icmp",
                "security_groups": [],
                "self": false,
                "to_port": -1
              },
              {
                "cidr_blocks": [
                  "0.0.0.0/0"
                ],
                "description": "Allow SSH",
                "from_port": 0,
                "ipv6_cidr_blocks": [],
                "prefix_list_ids": [],
                "protocol": "tcp",
                "security_groups": [],
                "self": false,
                "to_port": 22
              },
              {
                "cidr_blocks": [
                  "0.0.0.0/0"
                ],
                "description": "Allow https 443",
                "from_port": 0,
                "ipv6_cidr_blocks": [],
                "prefix_list_ids": [],
                "protocol": "tcp",
                "security_groups": [],
                "self": false,
                "to_port": 443
              },
              {
                "cidr_blocks": [
                  "0.0.0.0/0"
                ],
                "description": "Allow https 6443",
                "from_port": 0,
                "ipv6_cidr_blocks": [],
                "prefix_list_ids": [],
                "protocol": "tcp",
                "security_groups": [],
                "self": false,
                "to_port": 6443
              },
              {
                "cidr_blocks": [
                  "10.240.0.0/24",
                  "10.200.0.0/16"
                ],
                "description": "Allow all internal communication for all protocols",
                "from_port": 0,
                "ipv6_cidr_blocks": [],
                "prefix_list_ids": [],
                "protocol": "-1",
                "security_groups": [],
                "self": false,
                "to_port": 0
              }
            ],
            "name": "kubernetes",
            "name_prefix": "",
            "owner_id": "009611472941",
            "revoke_rules_on_delete": false,
            "tags": {},
            "tags_all": {
              "Name": "kubernetes"
            },
            "timeouts": null,
            "vpc_id": "vpc-0792ad30c9d8d77b0"
          },
          "sensitive_attributes": [],
          "private": "eyJlMmJmYjczMC1lY2FhLTExZTYtOGY4OC0zNDM2M2JjN2M0YzAiOnsiY3JlYXRlIjo2MDAwMDAwMDAwMDAsImRlbGV0ZSI6OTAwMDAwMDAwMDAwfSwic2NoZW1hX3ZlcnNpb24iOiIxIn0=",
          "dependencies": [
            "aws_vpc.main"
          ]
        }
      ]
    },
    {
      "mode": "managed",
      "type": "aws_subnet",
      "name": "main",
      "provider": "provider[\"registry.terraform.io/hashicorp/aws\"]",
      "instances": [
        {
          "schema_version": 1,
          "attributes": {
            "arn": "arn:aws:ec2:us-west-1:009611472941:subnet/subnet-0d738c4a81440d98a",
            "assign_ipv6_address_on_creation": false,
            "availability_zone": "us-west-1a",
            "availability_zone_id": "usw1-az3",
            "cidr_block": "10.240.0.0/24",
            "customer_owned_ipv4_pool": "",
            "enable_dns64": false,
            "enable_resource_name_dns_a_record_on_launch": false,
            "enable_resource_name_dns_aaaa_record_on_launch": false,
            "id": "subnet-0d738c4a81440d98a",
            "ipv6_cidr_block": "",
            "ipv6_cidr_block_association_id": "",
            "ipv6_native": false,
            "map_customer_owned_ip_on_launch": false,
            "map_public_ip_on_launch": false,
            "outpost_arn": "",
            "owner_id": "009611472941",
            "private_dns_hostname_type_on_launch": "ip-name",
            "tags": {},
            "tags_all": {
              "Name": "kubernetes"
            },
            "timeouts": null,
            "vpc_id": "vpc-0792ad30c9d8d77b0"
          },
          "sensitive_attributes": [],
          "private": "eyJlMmJmYjczMC1lY2FhLTExZTYtOGY4OC0zNDM2M2JjN2M0YzAiOnsiY3JlYXRlIjo2MDAwMDAwMDAwMDAsImRlbGV0ZSI6MTIwMDAwMDAwMDAwMH0sInNjaGVtYV92ZXJzaW9uIjoiMSJ9",
          "dependencies": [
            "aws_vpc.main"
          ]
        }
      ]
    },
    {
      "mode": "managed",
      "type": "aws_vpc",
      "name": "main",
      "provider": "provider[\"registry.terraform.io/hashicorp/aws\"]",
      "instances": [
        {
          "schema_version": 1,
          "attributes": {
            "arn": "arn:aws:ec2:us-west-1:009611472941:vpc/vpc-0792ad30c9d8d77b0",
            "assign_generated_ipv6_cidr_block": false,
            "cidr_block": "10.240.0.0/24",
            "default_network_acl_id": "acl-064157f327a36276b",
            "default_route_table_id": "rtb-0157b59bc73f1cc97",
            "default_security_group_id": "sg-01561d1fdcaf15fdd",
            "dhcp_options_id": "dopt-7efb2918",
            "enable_classiclink": false,
            "enable_classiclink_dns_support": false,
            "enable_dns_hostnames": true,
            "enable_dns_support": true,
            "enable_network_address_usage_metrics": false,
            "id": "vpc-0792ad30c9d8d77b0",
            "instance_tenancy": "default",
            "ipv4_ipam_pool_id": null,
            "ipv4_netmask_length": null,
            "ipv6_association_id": "",
            "ipv6_cidr_block": "",
            "ipv6_cidr_block_network_border_group": "",
            "ipv6_ipam_pool_id": "",
            "ipv6_netmask_length": 0,
            "main_route_table_id": "rtb-0157b59bc73f1cc97",
            "owner_id": "009611472941",
            "tags": {},
            "tags_all": {
              "Name": "kubernetes"
            }
          },
          "sensitive_attributes": [],
          "private": "eyJzY2hlbWFfdmVyc2lvbiI6IjEifQ=="
        }
      ]
    },
    {
      "mode": "managed",
      "type": "local_sensitive_file",
      "name": "private_key",
      "provider": "provider[\"registry.terraform.io/hashicorp/local\"]",
      "instances": [
        {
          "schema_version": 0,
          "attributes": {
            "content": "-----BEGIN RSA PRIVATE KEY-----\nMIIJKgIBAAKCAgEAn+scidU8i4oBISAJtGAIqXRypWqf1xhOx7ERlaX0XSdYUsSX\nF97o6jFktBnD4NG7MRf3JAYXOnAf5qjRvgCRtKyWFhrzKMJGkdlB97YNRAr6eQGD\nbEkjE3whpYZy941lNIlh2I8pVqvu0cqGFEb4zMgR1mYeaaTpIiGsGdwKMwYbK8Vz\n71q1zwlD+qop4h0jibfPUHFeFJiPt8xeI9PS6YRAPvFdT3s31qf2vchCJSCZhniK\n09ESQjTV7/wMNDyRVVPNVlqoMOi4K6o6dDPfM8haQMcJBweF55FJptsvsl5pEDiz\nHUxPNZNn2ALe9sUO8ZBlH1OBXh+u/pmYKDStMUx1zh2iMZmwTfyWoRUO//6TB0sv\nuJo7X+6gX5GxwUjv5CZQrECslr7X1iUWUuA8S1Sd+1jmCS+cpinWVLD7/5mq6pdf\nLVWtftjk04SbEUkYZAIq7N/5ZZsrHgl+MbyzePPwEO6UGEKHsNTlnPb6lkRekUJg\n4+VyyAUnSb7QRIb5T2gGbxWz3Ffs1+qCcBhUxr5aufxTzSlwiyuHu8zuczvdp8/W\ny2cEuxtcUE5oiU4uv7Lgb/1vqR2405JBGDm2CXDjRU0Ny9ytv5Eu9QdUVdXv0c+3\nRwgvttzpSrkpdrBrJBjXc6M7pduRK2KwqQDsFjQ6FuDjhjEOE8KDGSyeu4UCAwEA\nAQKCAgBJWkHL41iTNOkRta1d5FL0z2oq//5zXj38kPbc6rNs6zgzNuOLWn8BtUhY\n6ByWCf3QJgsBph2Pe5DWb4dNnNs4wZVSbGguwPY3vizpH8Nz+4kqagxLZjzFmkGg\nuEwRyvSqJX4RJJG0pMa1yiy4Llm/LOIpssuub6tUMZfMgMbY4qsh578nAje00K4y\n00zE39LGP97DKk0aK2R4zTA9RNNQs434kSPY6k8Rkhe2s53Lg+mH6dDcGeFDJxMe\nskEy0LllJzxfqNPPI2Ae/0Uyufxetz7WybUVWVkNf/IFrDJzoaSVgTx/atpGW+fd\nCGwXSwpwuWf494e2kdfmBrPpdUgfRClYx1WzqTMKT8WUjlElUQsqIt9qpa4+Ar4n\nkasitlZgflLmu7chdP8mMTJIFz4K/5vscFR/nge5lPSA+R8phycKcUjOsvB5J1d/\ntZ+FVBXBZWy/euHADizpFKAeRoYtk4wgyoIFGT9FRBT5n7Y8jTgvoNBzV5tahQS4\nCl0E7EF1OIHHlk1owpY24PLX9Q27z3A1+tdUN4FJc7nn9w1fM2sJrXQYZalpjPr4\nYvfRK2yN/gwEWgmZ/aPWvB3y3uwZMAl0S770qF6ciuYBcylb12qK/gvw3mwlw/rM\n5WPM4tKw1xFtIy/eiyQJXbt99awFyWTqMCjDwBXXYWEt1k/ovQKCAQEAziYmmQYb\n+4TbOztRFBjg9FW6HNoljuNZyuNlNPMlty7uEZv7iX76nNmUX4nSlsTylAmkvL+2\n5UaarWsiFr2pBCkrGdIMzKIU1z84mX6qSNb5O13/BRqIhrRWTytrSJP0m4Sxvtfu\nieszR2BQVN6f4sqXl3MvXhMZDniy3Y+b/Uh4SJQYIm12ayUl4ZFA1Wo6G72fV8dh\na/iQ9pYl2GYfLKqmH0P32uVo6SCFqzxYldOXBqkueyuSg7HiZqBn3PD1xq3QCboY\nVo/u1INAPQ3tq1cpaCmCy4YsReCjGF5GUGubI0/6RqCwhosaY5O/HVBfOkj5QUeW\nUuRd2hQUCYCn9wKCAQEAxpcCtdHWa9wQ7MWzSMvrQtDXB4oC+DE4GD17ZgMzctB2\nO4KMKNe1FWjtTGD/tSrJH8N9uMxQ7F4R/IhxOVauEyxAKikJ2c8cgyLKSJBSolCL\nxB3iGPV5YjChrqVsi2bsRMi0WYiCFu56cQP6RNwqrJSxINUGQaw5bk3wypLrry7+\nF6m6Hl225101C0CY50lXoUskcbsWkHc6c5fN1EMxc7qSgBxerPQGGi4NVdqdPNnD\nUYdYfA7loexER1MQxffszh2K0LmKdyScphCGPXs5JJJ9Hv90wywxSAr9PxvrID4L\noYQzwU6hrd/4TVND9ixfV8ynWAhLqcr7op1WOySxYwKCAQEApLTindy9usW5i6em\n7hG6mj1sR+UboQCRG4N3t0iV17hNShCAdqjXfz5wR60Mbp3I2vKhhpT+gk1ZBDnW\nsKi0Q7jI0QZ8Z3sQf7HpfOoxD6WC2CYPvXonnsizNOoR+5kLFL5+bWaFFfivrdWM\nGWMOB9uqJr1HGTjVCjTxZAh7r3CZehOo/MjMlmrFy2WMkXcgGk304+NPOT8OQ5ZP\ngoiFW+C0fcKGY4Rrv+fWJKxAcuTtg8rkclCr7UDRDQIYOfTjyevRjhP7oh25yl1b\nk+xu+jjXwnt4HziCYwpKBQw9zb9L4njiFFAK+lRlry26wqcWjrEDRV73Ah+nxLfK\nEpWSnQKCAQEAxiy8T6TvTQN3AFDp8KNOSocNjkBzZin3yHjSQ6K+HL1av1gvdjKM\nSqlC5Q2HH8tqmYAEXf3GY5ocaN3f31BYtllaTrhVVD4SPerh4jfjvoaSc0s+7ZlJ\nYGsXbak3AIXdEWcYUqCe8TNajJ1jioQLMd3QROtQKwkq5qBwwjaLa26Bsit1yAfN\nFmU1Id18uJHAGP1biQMiKVhRxDig9kl3d/2fZKjq8b0yub1rIVnfv3GwMBPYgTR8\ng3G7UVHbUzNt5OImPNRrESpACJhE3eWxyIVGx0A1zO603yfYQLojkTFZefzriORn\nA5SVvNRy5Z6yJnPcK0Vb/DzLkCNigfLD8QKCAQEAkyzKEXm7YR4fGpcWwWp3Ivl0\nUEaP+VJK0EWx6tlC/BxnnIV3ifwXRf9f1FMNwhvM9eORwjYIjHbpXb3e9aoleOIs\nSm14pohLCMDzhSSCos4wjQZWh5p+Sk9RcfzspYmPAn+U4TRy0gCPWY7RgowXsVLG\nepJA6LdivgdU3DpgR5ZNOZNsseXU9Iz1WFD5TZKUi9WhsoZg/JUbUME3cT7MjvXV\nmKmUBXrAZ4fFM3fC6V2orarsI+h+zOeOqUlUPEeo6aYX9fME8I0yza24lO1sl791\niD8RDIx3om1g4t0onimz50Aa81XgsDeUNjCRiIPGWgGaWFhqD9rHmPc6KgX3Ig==\n-----END RSA PRIVATE KEY-----\n",
            "content_base64": null,
            "directory_permission": "0700",
            "file_permission": "0700",
            "filename": "kubernetes-private.pem",
            "id": "75e1239f122a09f137edcf003a8557ea219c8777",
            "source": null
          },
          "sensitive_attributes": [
            [
              {
                "type": "get_attr",
                "value": "content"
              }
            ]
          ],
          "dependencies": [
            "tls_private_key.dev"
          ]
        }
      ]
    },
    {
      "mode": "managed",
      "type": "tls_private_key",
      "name": "dev",
      "provider": "provider[\"registry.terraform.io/hashicorp/tls\"]",
      "instances": [
        {
          "schema_version": 1,
          "attributes": {
            "algorithm": "RSA",
            "ecdsa_curve": "P224",
            "id": "7f09f2e8b7f10bceb63a9ac3448820b99e21b186",
            "private_key_openssh": "-----BEGIN OPENSSH PRIVATE KEY-----\nb3BlbnNzaC1rZXktdjEAAAAABG5vbmUAAAAEbm9uZQAAAAAAAAABAAACFwAAAAdz\nc2gtcnNhAAAAAwEAAQAAAgEAn+scidU8i4oBISAJtGAIqXRypWqf1xhOx7ERlaX0\nXSdYUsSXF97o6jFktBnD4NG7MRf3JAYXOnAf5qjRvgCRtKyWFhrzKMJGkdlB97YN\nRAr6eQGDbEkjE3whpYZy941lNIlh2I8pVqvu0cqGFEb4zMgR1mYeaaTpIiGsGdwK\nMwYbK8Vz71q1zwlD+qop4h0jibfPUHFeFJiPt8xeI9PS6YRAPvFdT3s31qf2vchC\nJSCZhniK09ESQjTV7/wMNDyRVVPNVlqoMOi4K6o6dDPfM8haQMcJBweF55FJptsv\nsl5pEDizHUxPNZNn2ALe9sUO8ZBlH1OBXh+u/pmYKDStMUx1zh2iMZmwTfyWoRUO\n//6TB0svuJo7X+6gX5GxwUjv5CZQrECslr7X1iUWUuA8S1Sd+1jmCS+cpinWVLD7\n/5mq6pdfLVWtftjk04SbEUkYZAIq7N/5ZZsrHgl+MbyzePPwEO6UGEKHsNTlnPb6\nlkRekUJg4+VyyAUnSb7QRIb5T2gGbxWz3Ffs1+qCcBhUxr5aufxTzSlwiyuHu8zu\nczvdp8/Wy2cEuxtcUE5oiU4uv7Lgb/1vqR2405JBGDm2CXDjRU0Ny9ytv5Eu9QdU\nVdXv0c+3RwgvttzpSrkpdrBrJBjXc6M7pduRK2KwqQDsFjQ6FuDjhjEOE8KDGSye\nu4UAAAc4k3L8y5Ny/MsAAAAHc3NoLXJzYQAAAgEAn+scidU8i4oBISAJtGAIqXRy\npWqf1xhOx7ERlaX0XSdYUsSXF97o6jFktBnD4NG7MRf3JAYXOnAf5qjRvgCRtKyW\nFhrzKMJGkdlB97YNRAr6eQGDbEkjE3whpYZy941lNIlh2I8pVqvu0cqGFEb4zMgR\n1mYeaaTpIiGsGdwKMwYbK8Vz71q1zwlD+qop4h0jibfPUHFeFJiPt8xeI9PS6YRA\nPvFdT3s31qf2vchCJSCZhniK09ESQjTV7/wMNDyRVVPNVlqoMOi4K6o6dDPfM8ha\nQMcJBweF55FJptsvsl5pEDizHUxPNZNn2ALe9sUO8ZBlH1OBXh+u/pmYKDStMUx1\nzh2iMZmwTfyWoRUO//6TB0svuJo7X+6gX5GxwUjv5CZQrECslr7X1iUWUuA8S1Sd\n+1jmCS+cpinWVLD7/5mq6pdfLVWtftjk04SbEUkYZAIq7N/5ZZsrHgl+MbyzePPw\nEO6UGEKHsNTlnPb6lkRekUJg4+VyyAUnSb7QRIb5T2gGbxWz3Ffs1+qCcBhUxr5a\nufxTzSlwiyuHu8zuczvdp8/Wy2cEuxtcUE5oiU4uv7Lgb/1vqR2405JBGDm2CXDj\nRU0Ny9ytv5Eu9QdUVdXv0c+3RwgvttzpSrkpdrBrJBjXc6M7pduRK2KwqQDsFjQ6\nFuDjhjEOE8KDGSyeu4UAAAADAQABAAACAElaQcvjWJM06RG1rV3kUvTPair//nNe\nPfyQ9tzqs2zrODM244tafwG1SFjoHJYJ/dAmCwGmHY97kNZvh02c2zjBlVJsaC7A\n9je+LOkfw3P7iSpqDEtmPMWaQaC4TBHK9KolfhEkkbSkxrXKLLguWb8s4imyy65v\nq1Qxl8yAxtjiqyHnvycCN7TQrjLTTMTf0sY/3sMqTRorZHjNMD1E01CzjfiRI9jq\nTxGSF7azncuD6Yfp0NwZ4UMnEx6yQTLQuWUnPF+o088jYB7/RTK5/F63PtbJtRVZ\nWQ1/8gWsMnOhpJWBPH9q2kZb590IbBdLCnC5Z/j3h7aR1+YGs+l1SB9EKVjHVbOp\nMwpPxZSOUSVRCyoi32qlrj4CvieRqyK2VmB+Uua7tyF0/yYxMkgXPgr/m+xwVH+e\nB7mU9ID5HymHJwpxSM6y8HknV3+1n4VUFcFlbL964cAOLOkUoB5Ghi2TjCDKggUZ\nP0VEFPmftjyNOC+g0HNXm1qFBLgKXQTsQXU4gceWTWjCljbg8tf1DbvPcDX611Q3\ngUlzuef3DV8zawmtdBhlqWmM+vhi99ErbI3+DARaCZn9o9a8HfLe7BkwCXRLvvSo\nXpyK5gFzKVvXaor+C/DebCXD+szlY8zi0rDXEW0jL96LJAldu331rAXJZOowKMPA\nFddhYS3WT+i9AAABAQCTLMoRebthHh8alxbBanci+XRQRo/5UkrQRbHq2UL8HGec\nhXeJ/BdF/1/UUw3CG8z145HCNgiMduldvd71qiV44ixKbXimiEsIwPOFJIKizjCN\nBlaHmn5KT1Fx/OyliY8Cf5ThNHLSAI9ZjtGCjBexUsZ6kkDot2K+B1TcOmBHlk05\nk2yx5dT0jPVYUPlNkpSL1aGyhmD8lRtQwTdxPsyO9dWYqZQFesBnh8Uzd8LpXait\nquwj6H7M546pSVQ8R6jpphf18wTwjTLNrbiU7WyXv3WIPxEMjHeibWDi3SieKbPn\nQBrzVeCwN5Q2MJGIg8ZaAZpYWGoP2seY9zoqBfciAAABAQDOJiaZBhv7hNs7O1EU\nGOD0Vboc2iWO41nK42U08yW3Lu4Rm/uJfvqc2ZRfidKWxPKUCaS8v7blRpqtayIW\nvakEKSsZ0gzMohTXPziZfqpI1vk7Xf8FGoiGtFZPK2tIk/SbhLG+1+6J6zNHYFBU\n3p/iypeXcy9eExkOeLLdj5v9SHhIlBgibXZrJSXhkUDVajobvZ9Xx2Fr+JD2liXY\nZh8sqqYfQ/fa5WjpIIWrPFiV05cGqS57K5KDseJmoGfc8PXGrdAJuhhWj+7Ug0A9\nDe2rVyloKYLLhixF4KMYXkZQa5sjT/pGoLCGixpjk78dUF86SPlBR5ZS5F3aFBQJ\ngKf3AAABAQDGlwK10dZr3BDsxbNIy+tC0NcHigL4MTgYPXtmAzNy0HY7gowo17UV\naO1MYP+1Kskfw324zFDsXhH8iHE5Vq4TLEAqKQnZzxyDIspIkFKiUIvEHeIY9Xli\nMKGupWyLZuxEyLRZiIIW7npxA/pE3CqslLEg1QZBrDluTfDKkuuvLv4XqboeXbbn\nXTULQJjnSVehSyRxuxaQdzpzl83UQzFzupKAHF6s9AYaLg1V2p082cNRh1h8DuWh\n7ERHUxDF9+zOHYrQuYp3JJymEIY9ezkkkn0e/3TDLDFICv0/G+sgPguhhDPBTqGt\n3/hNU0P2LF9XzKdYCEupyvuinVY7JLFjAAAAAAEC\n-----END OPENSSH PRIVATE KEY-----\n",
            "private_key_pem": "-----BEGIN RSA PRIVATE KEY-----\nMIIJKgIBAAKCAgEAn+scidU8i4oBISAJtGAIqXRypWqf1xhOx7ERlaX0XSdYUsSX\nF97o6jFktBnD4NG7MRf3JAYXOnAf5qjRvgCRtKyWFhrzKMJGkdlB97YNRAr6eQGD\nbEkjE3whpYZy941lNIlh2I8pVqvu0cqGFEb4zMgR1mYeaaTpIiGsGdwKMwYbK8Vz\n71q1zwlD+qop4h0jibfPUHFeFJiPt8xeI9PS6YRAPvFdT3s31qf2vchCJSCZhniK\n09ESQjTV7/wMNDyRVVPNVlqoMOi4K6o6dDPfM8haQMcJBweF55FJptsvsl5pEDiz\nHUxPNZNn2ALe9sUO8ZBlH1OBXh+u/pmYKDStMUx1zh2iMZmwTfyWoRUO//6TB0sv\nuJo7X+6gX5GxwUjv5CZQrECslr7X1iUWUuA8S1Sd+1jmCS+cpinWVLD7/5mq6pdf\nLVWtftjk04SbEUkYZAIq7N/5ZZsrHgl+MbyzePPwEO6UGEKHsNTlnPb6lkRekUJg\n4+VyyAUnSb7QRIb5T2gGbxWz3Ffs1+qCcBhUxr5aufxTzSlwiyuHu8zuczvdp8/W\ny2cEuxtcUE5oiU4uv7Lgb/1vqR2405JBGDm2CXDjRU0Ny9ytv5Eu9QdUVdXv0c+3\nRwgvttzpSrkpdrBrJBjXc6M7pduRK2KwqQDsFjQ6FuDjhjEOE8KDGSyeu4UCAwEA\nAQKCAgBJWkHL41iTNOkRta1d5FL0z2oq//5zXj38kPbc6rNs6zgzNuOLWn8BtUhY\n6ByWCf3QJgsBph2Pe5DWb4dNnNs4wZVSbGguwPY3vizpH8Nz+4kqagxLZjzFmkGg\nuEwRyvSqJX4RJJG0pMa1yiy4Llm/LOIpssuub6tUMZfMgMbY4qsh578nAje00K4y\n00zE39LGP97DKk0aK2R4zTA9RNNQs434kSPY6k8Rkhe2s53Lg+mH6dDcGeFDJxMe\nskEy0LllJzxfqNPPI2Ae/0Uyufxetz7WybUVWVkNf/IFrDJzoaSVgTx/atpGW+fd\nCGwXSwpwuWf494e2kdfmBrPpdUgfRClYx1WzqTMKT8WUjlElUQsqIt9qpa4+Ar4n\nkasitlZgflLmu7chdP8mMTJIFz4K/5vscFR/nge5lPSA+R8phycKcUjOsvB5J1d/\ntZ+FVBXBZWy/euHADizpFKAeRoYtk4wgyoIFGT9FRBT5n7Y8jTgvoNBzV5tahQS4\nCl0E7EF1OIHHlk1owpY24PLX9Q27z3A1+tdUN4FJc7nn9w1fM2sJrXQYZalpjPr4\nYvfRK2yN/gwEWgmZ/aPWvB3y3uwZMAl0S770qF6ciuYBcylb12qK/gvw3mwlw/rM\n5WPM4tKw1xFtIy/eiyQJXbt99awFyWTqMCjDwBXXYWEt1k/ovQKCAQEAziYmmQYb\n+4TbOztRFBjg9FW6HNoljuNZyuNlNPMlty7uEZv7iX76nNmUX4nSlsTylAmkvL+2\n5UaarWsiFr2pBCkrGdIMzKIU1z84mX6qSNb5O13/BRqIhrRWTytrSJP0m4Sxvtfu\nieszR2BQVN6f4sqXl3MvXhMZDniy3Y+b/Uh4SJQYIm12ayUl4ZFA1Wo6G72fV8dh\na/iQ9pYl2GYfLKqmH0P32uVo6SCFqzxYldOXBqkueyuSg7HiZqBn3PD1xq3QCboY\nVo/u1INAPQ3tq1cpaCmCy4YsReCjGF5GUGubI0/6RqCwhosaY5O/HVBfOkj5QUeW\nUuRd2hQUCYCn9wKCAQEAxpcCtdHWa9wQ7MWzSMvrQtDXB4oC+DE4GD17ZgMzctB2\nO4KMKNe1FWjtTGD/tSrJH8N9uMxQ7F4R/IhxOVauEyxAKikJ2c8cgyLKSJBSolCL\nxB3iGPV5YjChrqVsi2bsRMi0WYiCFu56cQP6RNwqrJSxINUGQaw5bk3wypLrry7+\nF6m6Hl225101C0CY50lXoUskcbsWkHc6c5fN1EMxc7qSgBxerPQGGi4NVdqdPNnD\nUYdYfA7loexER1MQxffszh2K0LmKdyScphCGPXs5JJJ9Hv90wywxSAr9PxvrID4L\noYQzwU6hrd/4TVND9ixfV8ynWAhLqcr7op1WOySxYwKCAQEApLTindy9usW5i6em\n7hG6mj1sR+UboQCRG4N3t0iV17hNShCAdqjXfz5wR60Mbp3I2vKhhpT+gk1ZBDnW\nsKi0Q7jI0QZ8Z3sQf7HpfOoxD6WC2CYPvXonnsizNOoR+5kLFL5+bWaFFfivrdWM\nGWMOB9uqJr1HGTjVCjTxZAh7r3CZehOo/MjMlmrFy2WMkXcgGk304+NPOT8OQ5ZP\ngoiFW+C0fcKGY4Rrv+fWJKxAcuTtg8rkclCr7UDRDQIYOfTjyevRjhP7oh25yl1b\nk+xu+jjXwnt4HziCYwpKBQw9zb9L4njiFFAK+lRlry26wqcWjrEDRV73Ah+nxLfK\nEpWSnQKCAQEAxiy8T6TvTQN3AFDp8KNOSocNjkBzZin3yHjSQ6K+HL1av1gvdjKM\nSqlC5Q2HH8tqmYAEXf3GY5ocaN3f31BYtllaTrhVVD4SPerh4jfjvoaSc0s+7ZlJ\nYGsXbak3AIXdEWcYUqCe8TNajJ1jioQLMd3QROtQKwkq5qBwwjaLa26Bsit1yAfN\nFmU1Id18uJHAGP1biQMiKVhRxDig9kl3d/2fZKjq8b0yub1rIVnfv3GwMBPYgTR8\ng3G7UVHbUzNt5OImPNRrESpACJhE3eWxyIVGx0A1zO603yfYQLojkTFZefzriORn\nA5SVvNRy5Z6yJnPcK0Vb/DzLkCNigfLD8QKCAQEAkyzKEXm7YR4fGpcWwWp3Ivl0\nUEaP+VJK0EWx6tlC/BxnnIV3ifwXRf9f1FMNwhvM9eORwjYIjHbpXb3e9aoleOIs\nSm14pohLCMDzhSSCos4wjQZWh5p+Sk9RcfzspYmPAn+U4TRy0gCPWY7RgowXsVLG\nepJA6LdivgdU3DpgR5ZNOZNsseXU9Iz1WFD5TZKUi9WhsoZg/JUbUME3cT7MjvXV\nmKmUBXrAZ4fFM3fC6V2orarsI+h+zOeOqUlUPEeo6aYX9fME8I0yza24lO1sl791\niD8RDIx3om1g4t0onimz50Aa81XgsDeUNjCRiIPGWgGaWFhqD9rHmPc6KgX3Ig==\n-----END RSA PRIVATE KEY-----\n",
            "private_key_pem_pkcs8": "-----BEGIN PRIVATE KEY-----\nMIIJRAIBADANBgkqhkiG9w0BAQEFAASCCS4wggkqAgEAAoICAQCf6xyJ1TyLigEh\nIAm0YAipdHKlap/XGE7HsRGVpfRdJ1hSxJcX3ujqMWS0GcPg0bsxF/ckBhc6cB/m\nqNG+AJG0rJYWGvMowkaR2UH3tg1ECvp5AYNsSSMTfCGlhnL3jWU0iWHYjylWq+7R\nyoYURvjMyBHWZh5ppOkiIawZ3AozBhsrxXPvWrXPCUP6qiniHSOJt89QcV4UmI+3\nzF4j09LphEA+8V1PezfWp/a9yEIlIJmGeIrT0RJCNNXv/Aw0PJFVU81WWqgw6Lgr\nqjp0M98zyFpAxwkHB4XnkUmm2y+yXmkQOLMdTE81k2fYAt72xQ7xkGUfU4FeH67+\nmZgoNK0xTHXOHaIxmbBN/JahFQ7//pMHSy+4mjtf7qBfkbHBSO/kJlCsQKyWvtfW\nJRZS4DxLVJ37WOYJL5ymKdZUsPv/marql18tVa1+2OTThJsRSRhkAirs3/llmyse\nCX4xvLN48/AQ7pQYQoew1OWc9vqWRF6RQmDj5XLIBSdJvtBEhvlPaAZvFbPcV+zX\n6oJwGFTGvlq5/FPNKXCLK4e7zO5zO92nz9bLZwS7G1xQTmiJTi6/suBv/W+pHbjT\nkkEYObYJcONFTQ3L3K2/kS71B1RV1e/Rz7dHCC+23OlKuSl2sGskGNdzozul25Er\nYrCpAOwWNDoW4OOGMQ4TwoMZLJ67hQIDAQABAoICAElaQcvjWJM06RG1rV3kUvTP\nair//nNePfyQ9tzqs2zrODM244tafwG1SFjoHJYJ/dAmCwGmHY97kNZvh02c2zjB\nlVJsaC7A9je+LOkfw3P7iSpqDEtmPMWaQaC4TBHK9KolfhEkkbSkxrXKLLguWb8s\n4imyy65vq1Qxl8yAxtjiqyHnvycCN7TQrjLTTMTf0sY/3sMqTRorZHjNMD1E01Cz\njfiRI9jqTxGSF7azncuD6Yfp0NwZ4UMnEx6yQTLQuWUnPF+o088jYB7/RTK5/F63\nPtbJtRVZWQ1/8gWsMnOhpJWBPH9q2kZb590IbBdLCnC5Z/j3h7aR1+YGs+l1SB9E\nKVjHVbOpMwpPxZSOUSVRCyoi32qlrj4CvieRqyK2VmB+Uua7tyF0/yYxMkgXPgr/\nm+xwVH+eB7mU9ID5HymHJwpxSM6y8HknV3+1n4VUFcFlbL964cAOLOkUoB5Ghi2T\njCDKggUZP0VEFPmftjyNOC+g0HNXm1qFBLgKXQTsQXU4gceWTWjCljbg8tf1DbvP\ncDX611Q3gUlzuef3DV8zawmtdBhlqWmM+vhi99ErbI3+DARaCZn9o9a8HfLe7Bkw\nCXRLvvSoXpyK5gFzKVvXaor+C/DebCXD+szlY8zi0rDXEW0jL96LJAldu331rAXJ\nZOowKMPAFddhYS3WT+i9AoIBAQDOJiaZBhv7hNs7O1EUGOD0Vboc2iWO41nK42U0\n8yW3Lu4Rm/uJfvqc2ZRfidKWxPKUCaS8v7blRpqtayIWvakEKSsZ0gzMohTXPziZ\nfqpI1vk7Xf8FGoiGtFZPK2tIk/SbhLG+1+6J6zNHYFBU3p/iypeXcy9eExkOeLLd\nj5v9SHhIlBgibXZrJSXhkUDVajobvZ9Xx2Fr+JD2liXYZh8sqqYfQ/fa5WjpIIWr\nPFiV05cGqS57K5KDseJmoGfc8PXGrdAJuhhWj+7Ug0A9De2rVyloKYLLhixF4KMY\nXkZQa5sjT/pGoLCGixpjk78dUF86SPlBR5ZS5F3aFBQJgKf3AoIBAQDGlwK10dZr\n3BDsxbNIy+tC0NcHigL4MTgYPXtmAzNy0HY7gowo17UVaO1MYP+1Kskfw324zFDs\nXhH8iHE5Vq4TLEAqKQnZzxyDIspIkFKiUIvEHeIY9XliMKGupWyLZuxEyLRZiIIW\n7npxA/pE3CqslLEg1QZBrDluTfDKkuuvLv4XqboeXbbnXTULQJjnSVehSyRxuxaQ\ndzpzl83UQzFzupKAHF6s9AYaLg1V2p082cNRh1h8DuWh7ERHUxDF9+zOHYrQuYp3\nJJymEIY9ezkkkn0e/3TDLDFICv0/G+sgPguhhDPBTqGt3/hNU0P2LF9XzKdYCEup\nyvuinVY7JLFjAoIBAQCktOKd3L26xbmLp6buEbqaPWxH5RuhAJEbg3e3SJXXuE1K\nEIB2qNd/PnBHrQxuncja8qGGlP6CTVkEOdawqLRDuMjRBnxnexB/sel86jEPpYLY\nJg+9eieeyLM06hH7mQsUvn5tZoUV+K+t1YwZYw4H26omvUcZONUKNPFkCHuvcJl6\nE6j8yMyWasXLZYyRdyAaTfTj4085Pw5Dlk+CiIVb4LR9woZjhGu/59YkrEBy5O2D\nyuRyUKvtQNENAhg59OPJ69GOE/uiHbnKXVuT7G76ONfCe3gfOIJjCkoFDD3Nv0vi\neOIUUAr6VGWvLbrCpxaOsQNFXvcCH6fEt8oSlZKdAoIBAQDGLLxPpO9NA3cAUOnw\no05Khw2OQHNmKffIeNJDor4cvVq/WC92MoxKqULlDYcfy2qZgARd/cZjmhxo3d/f\nUFi2WVpOuFVUPhI96uHiN+O+hpJzSz7tmUlgaxdtqTcAhd0RZxhSoJ7xM1qMnWOK\nhAsx3dBE61ArCSrmoHDCNotrboGyK3XIB80WZTUh3Xy4kcAY/VuJAyIpWFHEOKD2\nSXd3/Z9kqOrxvTK5vWshWd+/cbAwE9iBNHyDcbtRUdtTM23k4iY81GsRKkAImETd\n5bHIhUbHQDXM7rTfJ9hAuiORMVl5/OuI5GcDlJW81HLlnrImc9wrRVv8PMuQI2KB\n8sPxAoIBAQCTLMoRebthHh8alxbBanci+XRQRo/5UkrQRbHq2UL8HGechXeJ/BdF\n/1/UUw3CG8z145HCNgiMduldvd71qiV44ixKbXimiEsIwPOFJIKizjCNBlaHmn5K\nT1Fx/OyliY8Cf5ThNHLSAI9ZjtGCjBexUsZ6kkDot2K+B1TcOmBHlk05k2yx5dT0\njPVYUPlNkpSL1aGyhmD8lRtQwTdxPsyO9dWYqZQFesBnh8Uzd8LpXaitquwj6H7M\n546pSVQ8R6jpphf18wTwjTLNrbiU7WyXv3WIPxEMjHeibWDi3SieKbPnQBrzVeCw\nN5Q2MJGIg8ZaAZpYWGoP2seY9zoqBfci\n-----END PRIVATE KEY-----\n",
            "public_key_fingerprint_md5": "70:94:18:59:e3:8b:84:3f:61:75:8d:7a:f6:d0:4e:48",
            "public_key_fingerprint_sha256": "SHA256:Zo6/KYO022I7ix3/1AjH7CJ6ggVJZ6c2gvYjiyuEUW4",
            "public_key_openssh": "ssh-rsa AAAAB3NzaC1yc2EAAAADAQABAAACAQCf6xyJ1TyLigEhIAm0YAipdHKlap/XGE7HsRGVpfRdJ1hSxJcX3ujqMWS0GcPg0bsxF/ckBhc6cB/mqNG+AJG0rJYWGvMowkaR2UH3tg1ECvp5AYNsSSMTfCGlhnL3jWU0iWHYjylWq+7RyoYURvjMyBHWZh5ppOkiIawZ3AozBhsrxXPvWrXPCUP6qiniHSOJt89QcV4UmI+3zF4j09LphEA+8V1PezfWp/a9yEIlIJmGeIrT0RJCNNXv/Aw0PJFVU81WWqgw6Lgrqjp0M98zyFpAxwkHB4XnkUmm2y+yXmkQOLMdTE81k2fYAt72xQ7xkGUfU4FeH67+mZgoNK0xTHXOHaIxmbBN/JahFQ7//pMHSy+4mjtf7qBfkbHBSO/kJlCsQKyWvtfWJRZS4DxLVJ37WOYJL5ymKdZUsPv/marql18tVa1+2OTThJsRSRhkAirs3/llmyseCX4xvLN48/AQ7pQYQoew1OWc9vqWRF6RQmDj5XLIBSdJvtBEhvlPaAZvFbPcV+zX6oJwGFTGvlq5/FPNKXCLK4e7zO5zO92nz9bLZwS7G1xQTmiJTi6/suBv/W+pHbjTkkEYObYJcONFTQ3L3K2/kS71B1RV1e/Rz7dHCC+23OlKuSl2sGskGNdzozul25ErYrCpAOwWNDoW4OOGMQ4TwoMZLJ67hQ==\n",
            "public_key_pem": "-----BEGIN PUBLIC KEY-----\nMIICIjANBgkqhkiG9w0BAQEFAAOCAg8AMIICCgKCAgEAn+scidU8i4oBISAJtGAI\nqXRypWqf1xhOx7ERlaX0XSdYUsSXF97o6jFktBnD4NG7MRf3JAYXOnAf5qjRvgCR\ntKyWFhrzKMJGkdlB97YNRAr6eQGDbEkjE3whpYZy941lNIlh2I8pVqvu0cqGFEb4\nzMgR1mYeaaTpIiGsGdwKMwYbK8Vz71q1zwlD+qop4h0jibfPUHFeFJiPt8xeI9PS\n6YRAPvFdT3s31qf2vchCJSCZhniK09ESQjTV7/wMNDyRVVPNVlqoMOi4K6o6dDPf\nM8haQMcJBweF55FJptsvsl5pEDizHUxPNZNn2ALe9sUO8ZBlH1OBXh+u/pmYKDSt\nMUx1zh2iMZmwTfyWoRUO//6TB0svuJo7X+6gX5GxwUjv5CZQrECslr7X1iUWUuA8\nS1Sd+1jmCS+cpinWVLD7/5mq6pdfLVWtftjk04SbEUkYZAIq7N/5ZZsrHgl+Mbyz\nePPwEO6UGEKHsNTlnPb6lkRekUJg4+VyyAUnSb7QRIb5T2gGbxWz3Ffs1+qCcBhU\nxr5aufxTzSlwiyuHu8zuczvdp8/Wy2cEuxtcUE5oiU4uv7Lgb/1vqR2405JBGDm2\nCXDjRU0Ny9ytv5Eu9QdUVdXv0c+3RwgvttzpSrkpdrBrJBjXc6M7pduRK2KwqQDs\nFjQ6FuDjhjEOE8KDGSyeu4UCAwEAAQ==\n-----END PUBLIC KEY-----\n",
            "rsa_bits": 4096
          },
          "sensitive_attributes": []
        }
      ]
    }
  ],
  "check_results": null
}
