{
  "version": 4,
  "terraform_version": "1.3.9",
  "serial": 688,
  "lineage": "73de4bab-8c21-fc69-33a3-ecbcc18761de",
  "outputs": {
    "aws_ec2_controller_info": {
      "value": {
        "ids": [
          [
            "i-0b7681efc37e3e8e4",
            "i-0185080cc8daeb5c1",
            "i-0d9dd30bf5c5da324"
          ]
        ],
        "private_ips": [
          [
            "10.240.0.10",
            "10.240.0.11",
            "10.240.0.12"
          ]
        ],
        "public_dns": [
          [
            "ec2-13-52-245-163.us-west-1.compute.amazonaws.com",
            "ec2-54-215-138-36.us-west-1.compute.amazonaws.com",
            "ec2-13-57-247-126.us-west-1.compute.amazonaws.com"
          ]
        ],
        "public_ips": [
          [
            "13.52.245.163",
            "54.215.138.36",
            "13.57.247.126"
          ]
        ]
      },
      "type": [
        "object",
        {
          "ids": [
            "tuple",
            [
              [
                "tuple",
                [
                  "string",
                  "string",
                  "string"
                ]
              ]
            ]
          ],
          "private_ips": [
            "tuple",
            [
              [
                "tuple",
                [
                  "string",
                  "string",
                  "string"
                ]
              ]
            ]
          ],
          "public_dns": [
            "tuple",
            [
              [
                "tuple",
                [
                  "string",
                  "string",
                  "string"
                ]
              ]
            ]
          ],
          "public_ips": [
            "tuple",
            [
              [
                "tuple",
                [
                  "string",
                  "string",
                  "string"
                ]
              ]
            ]
          ]
        }
      ]
    },
    "aws_ec2_worker_info": {
      "value": {
        "ids": [
          [
            "i-0b395f6d23ed80299",
            "i-0d2270999e49e0813",
            "i-070390f70dd92915d"
          ]
        ],
        "private_ips": [
          [
            "10.240.0.20",
            "10.240.0.21",
            "10.240.0.22"
          ]
        ],
        "public_dns": [
          [
            "ec2-3-101-12-102.us-west-1.compute.amazonaws.com",
            "ec2-54-193-141-1.us-west-1.compute.amazonaws.com",
            "ec2-52-53-226-190.us-west-1.compute.amazonaws.com"
          ]
        ],
        "public_ips": [
          [
            "3.101.12.102",
            "54.193.141.1",
            "52.53.226.190"
          ]
        ]
      },
      "type": [
        "object",
        {
          "ids": [
            "tuple",
            [
              [
                "tuple",
                [
                  "string",
                  "string",
                  "string"
                ]
              ]
            ]
          ],
          "private_ips": [
            "tuple",
            [
              [
                "tuple",
                [
                  "string",
                  "string",
                  "string"
                ]
              ]
            ]
          ],
          "public_dns": [
            "tuple",
            [
              [
                "tuple",
                [
                  "string",
                  "string",
                  "string"
                ]
              ]
            ]
          ],
          "public_ips": [
            "tuple",
            [
              [
                "tuple",
                [
                  "string",
                  "string",
                  "string"
                ]
              ]
            ]
          ]
        }
      ]
    }
  },
  "resources": [
    {
      "mode": "data",
      "type": "aws_ami",
      "name": "ubuntu",
      "provider": "provider[\"registry.terraform.io/hashicorp/aws\"]",
      "instances": [
        {
          "schema_version": 0,
          "attributes": {
            "architecture": "x86_64",
            "arn": "arn:aws:ec2:us-west-1::image/ami-0c89304edf57df92a",
            "block_device_mappings": [
              {
                "device_name": "/dev/sda1",
                "ebs": {
                  "delete_on_termination": "true",
                  "encrypted": "false",
                  "iops": "0",
                  "snapshot_id": "snap-04d09eb644b000ea1",
                  "throughput": "0",
                  "volume_size": "8",
                  "volume_type": "gp2"
                },
                "no_device": "",
                "virtual_name": ""
              },
              {
                "device_name": "/dev/sdb",
                "ebs": {},
                "no_device": "",
                "virtual_name": "ephemeral0"
              },
              {
                "device_name": "/dev/sdc",
                "ebs": {},
                "no_device": "",
                "virtual_name": "ephemeral1"
              }
            ],
            "boot_mode": "",
            "creation_date": "2023-03-02T23:17:54.000Z",
            "deprecation_time": "2025-03-02T23:17:54.000Z",
            "description": "Canonical, Ubuntu, 20.04 LTS, amd64 focal image build on 2023-03-02",
            "ena_support": true,
            "executable_users": null,
            "filter": [
              {
                "name": "architecture",
                "values": [
                  "x86_64"
                ]
              },
              {
                "name": "name",
                "values": [
                  "ubuntu/images/hvm-ssd/ubuntu-focal-20.04-amd64-server-*"
                ]
              },
              {
                "name": "root-device-type",
                "values": [
                  "ebs"
                ]
              }
            ],
            "hypervisor": "xen",
            "id": "ami-0c89304edf57df92a",
            "image_id": "ami-0c89304edf57df92a",
            "image_location": "amazon/ubuntu/images/hvm-ssd/ubuntu-focal-20.04-amd64-server-20230302",
            "image_owner_alias": "amazon",
            "image_type": "machine",
            "imds_support": "",
            "include_deprecated": false,
            "kernel_id": "",
            "most_recent": true,
            "name": "ubuntu/images/hvm-ssd/ubuntu-focal-20.04-amd64-server-20230302",
            "name_regex": null,
            "owner_id": "099720109477",
            "owners": [
              "099720109477"
            ],
            "platform": "",
            "platform_details": "Linux/UNIX",
            "product_codes": [],
            "public": true,
            "ramdisk_id": "",
            "root_device_name": "/dev/sda1",
            "root_device_type": "ebs",
            "root_snapshot_id": "snap-04d09eb644b000ea1",
            "sriov_net_support": "simple",
            "state": "available",
            "state_reason": {
              "code": "UNSET",
              "message": "UNSET"
            },
            "tags": {},
            "timeouts": null,
            "tpm_support": "",
            "usage_operation": "RunInstances",
            "virtualization_type": "hvm"
          },
          "sensitive_attributes": []
        }
      ]
    },
    {
      "mode": "data",
      "type": "aws_instance",
      "name": "worker",
      "provider": "provider[\"registry.terraform.io/hashicorp/aws\"]",
      "instances": [
        {
          "index_key": "i-070390f70dd92915d",
          "schema_version": 0,
          "attributes": {
            "ami": "ami-0c89304edf57df92a",
            "arn": "arn:aws:ec2:us-west-1:009611472941:instance/i-070390f70dd92915d",
            "associate_public_ip_address": true,
            "availability_zone": "us-west-1a",
            "credit_specification": [
              {
                "cpu_credits": "standard"
              }
            ],
            "disable_api_stop": false,
            "disable_api_termination": false,
            "ebs_block_device": [],
            "ebs_optimized": false,
            "enclave_options": [
              {
                "enabled": false
              }
            ],
            "ephemeral_block_device": [],
            "filter": null,
            "get_password_data": false,
            "get_user_data": false,
            "host_id": "",
            "host_resource_group_arn": "",
            "iam_instance_profile": "",
            "id": "i-070390f70dd92915d",
            "instance_id": "i-070390f70dd92915d",
            "instance_state": "running",
            "instance_tags": null,
            "instance_type": "t2.micro",
            "ipv6_addresses": [],
            "key_name": "kubernetes-key",
            "maintenance_options": [
              {
                "auto_recovery": "default"
              }
            ],
            "metadata_options": [
              {
                "http_endpoint": "enabled",
                "http_put_response_hop_limit": 1,
                "http_tokens": "optional",
                "instance_metadata_tags": "disabled"
              }
            ],
            "monitoring": false,
            "network_interface_id": "eni-0b0aef192112787a4",
            "outpost_arn": "",
            "password_data": null,
            "placement_group": "",
            "placement_partition_number": 0,
            "private_dns": "ip-10-240-0-22.us-west-1.compute.internal",
            "private_dns_name_options": [
              {
                "enable_resource_name_dns_a_record": false,
                "enable_resource_name_dns_aaaa_record": false,
                "hostname_type": "ip-name"
              }
            ],
            "private_ip": "10.240.0.22",
            "public_dns": "ec2-52-53-226-190.us-west-1.compute.amazonaws.com",
            "public_ip": "52.53.226.190",
            "root_block_device": [
              {
                "delete_on_termination": true,
                "device_name": "/dev/sda1",
                "encrypted": false,
                "iops": 150,
                "kms_key_id": "",
                "tags": {},
                "throughput": 0,
                "volume_id": "vol-0e598fb1485a41efb",
                "volume_size": 50,
                "volume_type": "gp2"
              }
            ],
            "secondary_private_ips": [],
            "security_groups": [],
            "source_dest_check": false,
            "subnet_id": "subnet-0ed2b50627629fa3a",
            "tags": {
              "Id": "worker-2",
              "Name": "kubernetes"
            },
            "tenancy": "default",
            "timeouts": null,
            "user_data": "c60060841a9e75254174604d45de1be586aa1d31",
            "user_data_base64": null,
            "vpc_security_group_ids": [
              "sg-0de87d69f7eabb28d"
            ]
          },
          "sensitive_attributes": []
        },
        {
          "index_key": "i-0b395f6d23ed80299",
          "schema_version": 0,
          "attributes": {
            "ami": "ami-0c89304edf57df92a",
            "arn": "arn:aws:ec2:us-west-1:009611472941:instance/i-0b395f6d23ed80299",
            "associate_public_ip_address": true,
            "availability_zone": "us-west-1a",
            "credit_specification": [
              {
                "cpu_credits": "standard"
              }
            ],
            "disable_api_stop": false,
            "disable_api_termination": false,
            "ebs_block_device": [],
            "ebs_optimized": false,
            "enclave_options": [
              {
                "enabled": false
              }
            ],
            "ephemeral_block_device": [],
            "filter": null,
            "get_password_data": false,
            "get_user_data": false,
            "host_id": "",
            "host_resource_group_arn": "",
            "iam_instance_profile": "",
            "id": "i-0b395f6d23ed80299",
            "instance_id": "i-0b395f6d23ed80299",
            "instance_state": "running",
            "instance_tags": null,
            "instance_type": "t2.micro",
            "ipv6_addresses": [],
            "key_name": "kubernetes-key",
            "maintenance_options": [
              {
                "auto_recovery": "default"
              }
            ],
            "metadata_options": [
              {
                "http_endpoint": "enabled",
                "http_put_response_hop_limit": 1,
                "http_tokens": "optional",
                "instance_metadata_tags": "disabled"
              }
            ],
            "monitoring": false,
            "network_interface_id": "eni-0760e01265e6a3fec",
            "outpost_arn": "",
            "password_data": null,
            "placement_group": "",
            "placement_partition_number": 0,
            "private_dns": "ip-10-240-0-20.us-west-1.compute.internal",
            "private_dns_name_options": [
              {
                "enable_resource_name_dns_a_record": false,
                "enable_resource_name_dns_aaaa_record": false,
                "hostname_type": "ip-name"
              }
            ],
            "private_ip": "10.240.0.20",
            "public_dns": "ec2-3-101-12-102.us-west-1.compute.amazonaws.com",
            "public_ip": "3.101.12.102",
            "root_block_device": [
              {
                "delete_on_termination": true,
                "device_name": "/dev/sda1",
                "encrypted": false,
                "iops": 150,
                "kms_key_id": "",
                "tags": {},
                "throughput": 0,
                "volume_id": "vol-001283958f1c1d714",
                "volume_size": 50,
                "volume_type": "gp2"
              }
            ],
            "secondary_private_ips": [],
            "security_groups": [],
            "source_dest_check": false,
            "subnet_id": "subnet-0ed2b50627629fa3a",
            "tags": {
              "Id": "worker-0",
              "Name": "kubernetes"
            },
            "tenancy": "default",
            "timeouts": null,
            "user_data": "aa9800821fd236820a9525fdef0a28cf8adf962b",
            "user_data_base64": null,
            "vpc_security_group_ids": [
              "sg-0de87d69f7eabb28d"
            ]
          },
          "sensitive_attributes": []
        },
        {
          "index_key": "i-0d2270999e49e0813",
          "schema_version": 0,
          "attributes": {
            "ami": "ami-0c89304edf57df92a",
            "arn": "arn:aws:ec2:us-west-1:009611472941:instance/i-0d2270999e49e0813",
            "associate_public_ip_address": true,
            "availability_zone": "us-west-1a",
            "credit_specification": [
              {
                "cpu_credits": "standard"
              }
            ],
            "disable_api_stop": false,
            "disable_api_termination": false,
            "ebs_block_device": [],
            "ebs_optimized": false,
            "enclave_options": [
              {
                "enabled": false
              }
            ],
            "ephemeral_block_device": [],
            "filter": null,
            "get_password_data": false,
            "get_user_data": false,
            "host_id": "",
            "host_resource_group_arn": "",
            "iam_instance_profile": "",
            "id": "i-0d2270999e49e0813",
            "instance_id": "i-0d2270999e49e0813",
            "instance_state": "running",
            "instance_tags": null,
            "instance_type": "t2.micro",
            "ipv6_addresses": [],
            "key_name": "kubernetes-key",
            "maintenance_options": [
              {
                "auto_recovery": "default"
              }
            ],
            "metadata_options": [
              {
                "http_endpoint": "enabled",
                "http_put_response_hop_limit": 1,
                "http_tokens": "optional",
                "instance_metadata_tags": "disabled"
              }
            ],
            "monitoring": false,
            "network_interface_id": "eni-07e1eb58168b0658e",
            "outpost_arn": "",
            "password_data": null,
            "placement_group": "",
            "placement_partition_number": 0,
            "private_dns": "ip-10-240-0-21.us-west-1.compute.internal",
            "private_dns_name_options": [
              {
                "enable_resource_name_dns_a_record": false,
                "enable_resource_name_dns_aaaa_record": false,
                "hostname_type": "ip-name"
              }
            ],
            "private_ip": "10.240.0.21",
            "public_dns": "ec2-54-193-141-1.us-west-1.compute.amazonaws.com",
            "public_ip": "54.193.141.1",
            "root_block_device": [
              {
                "delete_on_termination": true,
                "device_name": "/dev/sda1",
                "encrypted": false,
                "iops": 150,
                "kms_key_id": "",
                "tags": {},
                "throughput": 0,
                "volume_id": "vol-09846274e260878c8",
                "volume_size": 50,
                "volume_type": "gp2"
              }
            ],
            "secondary_private_ips": [],
            "security_groups": [],
            "source_dest_check": false,
            "subnet_id": "subnet-0ed2b50627629fa3a",
            "tags": {
              "Id": "worker-1",
              "Name": "kubernetes"
            },
            "tenancy": "default",
            "timeouts": null,
            "user_data": "609ab3c3988444a41b87ad74edd7fb3ae1e13146",
            "user_data_base64": null,
            "vpc_security_group_ids": [
              "sg-0de87d69f7eabb28d"
            ]
          },
          "sensitive_attributes": []
        }
      ]
    },
    {
      "mode": "managed",
      "type": "aws_eip",
      "name": "main",
      "provider": "provider[\"registry.terraform.io/hashicorp/aws\"]",
      "instances": [
        {
          "schema_version": 0,
          "attributes": {
            "address": null,
            "allocation_id": "eipalloc-0c83d921e1fc7ceab",
            "associate_with_private_ip": null,
            "association_id": "eipassoc-05f7c94a3cc97f2b8",
            "carrier_ip": "",
            "customer_owned_ip": "",
            "customer_owned_ipv4_pool": "",
            "domain": "vpc",
            "id": "eipalloc-0c83d921e1fc7ceab",
            "instance": "",
            "network_border_group": "us-west-1",
            "network_interface": "eni-0609688de3101d4f8",
            "private_dns": "ip-10-240-0-53.us-west-1.compute.internal",
            "private_ip": "10.240.0.53",
            "public_dns": "ec2-54-193-150-232.us-west-1.compute.amazonaws.com",
            "public_ip": "54.193.150.232",
            "public_ipv4_pool": "amazon",
            "tags": {},
            "tags_all": {
              "Name": "kubernetes"
            },
            "timeouts": null,
            "vpc": true
          },
          "sensitive_attributes": [],
          "private": "eyJlMmJmYjczMC1lY2FhLTExZTYtOGY4OC0zNDM2M2JjN2M0YzAiOnsiZGVsZXRlIjoxODAwMDAwMDAwMDAsInJlYWQiOjkwMDAwMDAwMDAwMCwidXBkYXRlIjozMDAwMDAwMDAwMDB9fQ==",
          "dependencies": [
            "aws_internet_gateway.main",
            "aws_vpc.main"
          ]
        }
      ]
    },
    {
      "mode": "managed",
      "type": "aws_instance",
      "name": "controller",
      "provider": "provider[\"registry.terraform.io/hashicorp/aws\"]",
      "instances": [
        {
          "index_key": 0,
          "schema_version": 1,
          "attributes": {
            "ami": "ami-0c89304edf57df92a",
            "arn": "arn:aws:ec2:us-west-1:009611472941:instance/i-0b7681efc37e3e8e4",
            "associate_public_ip_address": true,
            "availability_zone": "us-west-1a",
            "capacity_reservation_specification": [
              {
                "capacity_reservation_preference": "open",
                "capacity_reservation_target": []
              }
            ],
            "cpu_core_count": 1,
            "cpu_threads_per_core": 1,
            "credit_specification": [
              {
                "cpu_credits": "standard"
              }
            ],
            "disable_api_stop": false,
            "disable_api_termination": false,
            "ebs_block_device": [
              {
                "delete_on_termination": true,
                "device_name": "/dev/sda1",
                "encrypted": false,
                "iops": 150,
                "kms_key_id": "",
                "snapshot_id": "",
                "tags": {},
                "throughput": 0,
                "volume_id": "vol-01a9fb87f30abee6a",
                "volume_size": 50,
                "volume_type": "gp2"
              }
            ],
            "ebs_optimized": false,
            "enclave_options": [
              {
                "enabled": false
              }
            ],
            "ephemeral_block_device": [],
            "get_password_data": false,
            "hibernation": false,
            "host_id": "",
            "host_resource_group_arn": null,
            "iam_instance_profile": "",
            "id": "i-0b7681efc37e3e8e4",
            "instance_initiated_shutdown_behavior": "stop",
            "instance_state": "running",
            "instance_type": "t2.micro",
            "ipv6_address_count": 0,
            "ipv6_addresses": [],
            "key_name": "kubernetes-key",
            "launch_template": [],
            "maintenance_options": [
              {
                "auto_recovery": "default"
              }
            ],
            "metadata_options": [
              {
                "http_endpoint": "enabled",
                "http_put_response_hop_limit": 1,
                "http_tokens": "optional",
                "instance_metadata_tags": "disabled"
              }
            ],
            "monitoring": false,
            "network_interface": [],
            "outpost_arn": "",
            "password_data": "",
            "placement_group": "",
            "placement_partition_number": 0,
            "primary_network_interface_id": "eni-03bbd61fc199a2dad",
            "private_dns": "ip-10-240-0-10.us-west-1.compute.internal",
            "private_dns_name_options": [
              {
                "enable_resource_name_dns_a_record": false,
                "enable_resource_name_dns_aaaa_record": false,
                "hostname_type": "ip-name"
              }
            ],
            "private_ip": "10.240.0.10",
            "public_dns": "ec2-13-52-245-163.us-west-1.compute.amazonaws.com",
            "public_ip": "13.52.245.163",
            "root_block_device": [
              {
                "delete_on_termination": true,
                "device_name": "/dev/sda1",
                "encrypted": false,
                "iops": 150,
                "kms_key_id": "",
                "tags": {},
                "throughput": 0,
                "volume_id": "vol-01a9fb87f30abee6a",
                "volume_size": 50,
                "volume_type": "gp2"
              }
            ],
            "secondary_private_ips": [],
            "security_groups": [],
            "source_dest_check": false,
            "subnet_id": "subnet-0ed2b50627629fa3a",
            "tags": {
              "Id": "controller-0"
            },
            "tags_all": {
              "Id": "controller-0",
              "Name": "kubernetes"
            },
            "tenancy": "default",
            "timeouts": null,
            "user_data": "2ad4c8fd9f1b61f5126b29d7688e8fb10f605789",
            "user_data_base64": null,
            "user_data_replace_on_change": false,
            "volume_tags": null,
            "vpc_security_group_ids": [
              "sg-0de87d69f7eabb28d"
            ]
          },
          "sensitive_attributes": [],
          "private": "eyJlMmJmYjczMC1lY2FhLTExZTYtOGY4OC0zNDM2M2JjN2M0YzAiOnsiY3JlYXRlIjo2MDAwMDAwMDAwMDAsImRlbGV0ZSI6MTIwMDAwMDAwMDAwMCwidXBkYXRlIjo2MDAwMDAwMDAwMDB9LCJzY2hlbWFfdmVyc2lvbiI6IjEifQ==",
          "dependencies": [
            "aws_key_pair.deployer",
            "aws_security_group.inbound",
            "aws_subnet.main",
            "aws_vpc.main",
            "data.aws_ami.ubuntu",
            "tls_private_key.dev"
          ]
        },
        {
          "index_key": 1,
          "schema_version": 1,
          "attributes": {
            "ami": "ami-0c89304edf57df92a",
            "arn": "arn:aws:ec2:us-west-1:009611472941:instance/i-0185080cc8daeb5c1",
            "associate_public_ip_address": true,
            "availability_zone": "us-west-1a",
            "capacity_reservation_specification": [
              {
                "capacity_reservation_preference": "open",
                "capacity_reservation_target": []
              }
            ],
            "cpu_core_count": 1,
            "cpu_threads_per_core": 1,
            "credit_specification": [
              {
                "cpu_credits": "standard"
              }
            ],
            "disable_api_stop": false,
            "disable_api_termination": false,
            "ebs_block_device": [
              {
                "delete_on_termination": true,
                "device_name": "/dev/sda1",
                "encrypted": false,
                "iops": 150,
                "kms_key_id": "",
                "snapshot_id": "",
                "tags": {},
                "throughput": 0,
                "volume_id": "vol-05792d077487c55e9",
                "volume_size": 50,
                "volume_type": "gp2"
              }
            ],
            "ebs_optimized": false,
            "enclave_options": [
              {
                "enabled": false
              }
            ],
            "ephemeral_block_device": [],
            "get_password_data": false,
            "hibernation": false,
            "host_id": "",
            "host_resource_group_arn": null,
            "iam_instance_profile": "",
            "id": "i-0185080cc8daeb5c1",
            "instance_initiated_shutdown_behavior": "stop",
            "instance_state": "running",
            "instance_type": "t2.micro",
            "ipv6_address_count": 0,
            "ipv6_addresses": [],
            "key_name": "kubernetes-key",
            "launch_template": [],
            "maintenance_options": [
              {
                "auto_recovery": "default"
              }
            ],
            "metadata_options": [
              {
                "http_endpoint": "enabled",
                "http_put_response_hop_limit": 1,
                "http_tokens": "optional",
                "instance_metadata_tags": "disabled"
              }
            ],
            "monitoring": false,
            "network_interface": [],
            "outpost_arn": "",
            "password_data": "",
            "placement_group": "",
            "placement_partition_number": 0,
            "primary_network_interface_id": "eni-064ee6b22233a9661",
            "private_dns": "ip-10-240-0-11.us-west-1.compute.internal",
            "private_dns_name_options": [
              {
                "enable_resource_name_dns_a_record": false,
                "enable_resource_name_dns_aaaa_record": false,
                "hostname_type": "ip-name"
              }
            ],
            "private_ip": "10.240.0.11",
            "public_dns": "ec2-54-215-138-36.us-west-1.compute.amazonaws.com",
            "public_ip": "54.215.138.36",
            "root_block_device": [
              {
                "delete_on_termination": true,
                "device_name": "/dev/sda1",
                "encrypted": false,
                "iops": 150,
                "kms_key_id": "",
                "tags": {},
                "throughput": 0,
                "volume_id": "vol-05792d077487c55e9",
                "volume_size": 50,
                "volume_type": "gp2"
              }
            ],
            "secondary_private_ips": [],
            "security_groups": [],
            "source_dest_check": false,
            "subnet_id": "subnet-0ed2b50627629fa3a",
            "tags": {
              "Id": "controller-1"
            },
            "tags_all": {
              "Id": "controller-1",
              "Name": "kubernetes"
            },
            "tenancy": "default",
            "timeouts": null,
            "user_data": "535d7ed0be2b93c98b5bc5a5a33a3f0f46ce7461",
            "user_data_base64": null,
            "user_data_replace_on_change": false,
            "volume_tags": null,
            "vpc_security_group_ids": [
              "sg-0de87d69f7eabb28d"
            ]
          },
          "sensitive_attributes": [],
          "private": "eyJlMmJmYjczMC1lY2FhLTExZTYtOGY4OC0zNDM2M2JjN2M0YzAiOnsiY3JlYXRlIjo2MDAwMDAwMDAwMDAsImRlbGV0ZSI6MTIwMDAwMDAwMDAwMCwidXBkYXRlIjo2MDAwMDAwMDAwMDB9LCJzY2hlbWFfdmVyc2lvbiI6IjEifQ==",
          "dependencies": [
            "aws_key_pair.deployer",
            "aws_security_group.inbound",
            "aws_subnet.main",
            "aws_vpc.main",
            "data.aws_ami.ubuntu",
            "tls_private_key.dev"
          ]
        },
        {
          "index_key": 2,
          "schema_version": 1,
          "attributes": {
            "ami": "ami-0c89304edf57df92a",
            "arn": "arn:aws:ec2:us-west-1:009611472941:instance/i-0d9dd30bf5c5da324",
            "associate_public_ip_address": true,
            "availability_zone": "us-west-1a",
            "capacity_reservation_specification": [
              {
                "capacity_reservation_preference": "open",
                "capacity_reservation_target": []
              }
            ],
            "cpu_core_count": 1,
            "cpu_threads_per_core": 1,
            "credit_specification": [
              {
                "cpu_credits": "standard"
              }
            ],
            "disable_api_stop": false,
            "disable_api_termination": false,
            "ebs_block_device": [
              {
                "delete_on_termination": true,
                "device_name": "/dev/sda1",
                "encrypted": false,
                "iops": 150,
                "kms_key_id": "",
                "snapshot_id": "",
                "tags": {},
                "throughput": 0,
                "volume_id": "vol-0615144c682648faa",
                "volume_size": 50,
                "volume_type": "gp2"
              }
            ],
            "ebs_optimized": false,
            "enclave_options": [
              {
                "enabled": false
              }
            ],
            "ephemeral_block_device": [],
            "get_password_data": false,
            "hibernation": false,
            "host_id": "",
            "host_resource_group_arn": null,
            "iam_instance_profile": "",
            "id": "i-0d9dd30bf5c5da324",
            "instance_initiated_shutdown_behavior": "stop",
            "instance_state": "running",
            "instance_type": "t2.micro",
            "ipv6_address_count": 0,
            "ipv6_addresses": [],
            "key_name": "kubernetes-key",
            "launch_template": [],
            "maintenance_options": [
              {
                "auto_recovery": "default"
              }
            ],
            "metadata_options": [
              {
                "http_endpoint": "enabled",
                "http_put_response_hop_limit": 1,
                "http_tokens": "optional",
                "instance_metadata_tags": "disabled"
              }
            ],
            "monitoring": false,
            "network_interface": [],
            "outpost_arn": "",
            "password_data": "",
            "placement_group": "",
            "placement_partition_number": 0,
            "primary_network_interface_id": "eni-0648a3638278a08e8",
            "private_dns": "ip-10-240-0-12.us-west-1.compute.internal",
            "private_dns_name_options": [
              {
                "enable_resource_name_dns_a_record": false,
                "enable_resource_name_dns_aaaa_record": false,
                "hostname_type": "ip-name"
              }
            ],
            "private_ip": "10.240.0.12",
            "public_dns": "ec2-13-57-247-126.us-west-1.compute.amazonaws.com",
            "public_ip": "13.57.247.126",
            "root_block_device": [
              {
                "delete_on_termination": true,
                "device_name": "/dev/sda1",
                "encrypted": false,
                "iops": 150,
                "kms_key_id": "",
                "tags": {},
                "throughput": 0,
                "volume_id": "vol-0615144c682648faa",
                "volume_size": 50,
                "volume_type": "gp2"
              }
            ],
            "secondary_private_ips": [],
            "security_groups": [],
            "source_dest_check": false,
            "subnet_id": "subnet-0ed2b50627629fa3a",
            "tags": {
              "Id": "controller-2"
            },
            "tags_all": {
              "Id": "controller-2",
              "Name": "kubernetes"
            },
            "tenancy": "default",
            "timeouts": null,
            "user_data": "7d943c240bf39c919301f9fb05d740e8ccf84780",
            "user_data_base64": null,
            "user_data_replace_on_change": false,
            "volume_tags": null,
            "vpc_security_group_ids": [
              "sg-0de87d69f7eabb28d"
            ]
          },
          "sensitive_attributes": [],
          "private": "eyJlMmJmYjczMC1lY2FhLTExZTYtOGY4OC0zNDM2M2JjN2M0YzAiOnsiY3JlYXRlIjo2MDAwMDAwMDAwMDAsImRlbGV0ZSI6MTIwMDAwMDAwMDAwMCwidXBkYXRlIjo2MDAwMDAwMDAwMDB9LCJzY2hlbWFfdmVyc2lvbiI6IjEifQ==",
          "dependencies": [
            "aws_key_pair.deployer",
            "aws_security_group.inbound",
            "aws_subnet.main",
            "aws_vpc.main",
            "data.aws_ami.ubuntu",
            "tls_private_key.dev"
          ]
        }
      ]
    },
    {
      "mode": "managed",
      "type": "aws_instance",
      "name": "worker",
      "provider": "provider[\"registry.terraform.io/hashicorp/aws\"]",
      "instances": [
        {
          "index_key": 0,
          "schema_version": 1,
          "attributes": {
            "ami": "ami-0c89304edf57df92a",
            "arn": "arn:aws:ec2:us-west-1:009611472941:instance/i-0b395f6d23ed80299",
            "associate_public_ip_address": true,
            "availability_zone": "us-west-1a",
            "capacity_reservation_specification": [
              {
                "capacity_reservation_preference": "open",
                "capacity_reservation_target": []
              }
            ],
            "cpu_core_count": 1,
            "cpu_threads_per_core": 1,
            "credit_specification": [
              {
                "cpu_credits": "standard"
              }
            ],
            "disable_api_stop": false,
            "disable_api_termination": false,
            "ebs_block_device": [
              {
                "delete_on_termination": true,
                "device_name": "/dev/sda1",
                "encrypted": false,
                "iops": 150,
                "kms_key_id": "",
                "snapshot_id": "",
                "tags": {},
                "throughput": 0,
                "volume_id": "vol-001283958f1c1d714",
                "volume_size": 50,
                "volume_type": "gp2"
              }
            ],
            "ebs_optimized": false,
            "enclave_options": [
              {
                "enabled": false
              }
            ],
            "ephemeral_block_device": [],
            "get_password_data": false,
            "hibernation": false,
            "host_id": "",
            "host_resource_group_arn": null,
            "iam_instance_profile": "",
            "id": "i-0b395f6d23ed80299",
            "instance_initiated_shutdown_behavior": "stop",
            "instance_state": "running",
            "instance_type": "t2.micro",
            "ipv6_address_count": 0,
            "ipv6_addresses": [],
            "key_name": "kubernetes-key",
            "launch_template": [],
            "maintenance_options": [
              {
                "auto_recovery": "default"
              }
            ],
            "metadata_options": [
              {
                "http_endpoint": "enabled",
                "http_put_response_hop_limit": 1,
                "http_tokens": "optional",
                "instance_metadata_tags": "disabled"
              }
            ],
            "monitoring": false,
            "network_interface": [],
            "outpost_arn": "",
            "password_data": "",
            "placement_group": "",
            "placement_partition_number": 0,
            "primary_network_interface_id": "eni-0760e01265e6a3fec",
            "private_dns": "ip-10-240-0-20.us-west-1.compute.internal",
            "private_dns_name_options": [
              {
                "enable_resource_name_dns_a_record": false,
                "enable_resource_name_dns_aaaa_record": false,
                "hostname_type": "ip-name"
              }
            ],
            "private_ip": "10.240.0.20",
            "public_dns": "ec2-3-101-12-102.us-west-1.compute.amazonaws.com",
            "public_ip": "3.101.12.102",
            "root_block_device": [
              {
                "delete_on_termination": true,
                "device_name": "/dev/sda1",
                "encrypted": false,
                "iops": 150,
                "kms_key_id": "",
                "tags": {},
                "throughput": 0,
                "volume_id": "vol-001283958f1c1d714",
                "volume_size": 50,
                "volume_type": "gp2"
              }
            ],
            "secondary_private_ips": [],
            "security_groups": [],
            "source_dest_check": false,
            "subnet_id": "subnet-0ed2b50627629fa3a",
            "tags": {
              "Id": "worker-0"
            },
            "tags_all": {
              "Id": "worker-0",
              "Name": "kubernetes"
            },
            "tenancy": "default",
            "timeouts": null,
            "user_data": "aa9800821fd236820a9525fdef0a28cf8adf962b",
            "user_data_base64": null,
            "user_data_replace_on_change": false,
            "volume_tags": null,
            "vpc_security_group_ids": [
              "sg-0de87d69f7eabb28d"
            ]
          },
          "sensitive_attributes": [],
          "private": "eyJlMmJmYjczMC1lY2FhLTExZTYtOGY4OC0zNDM2M2JjN2M0YzAiOnsiY3JlYXRlIjo2MDAwMDAwMDAwMDAsImRlbGV0ZSI6MTIwMDAwMDAwMDAwMCwidXBkYXRlIjo2MDAwMDAwMDAwMDB9LCJzY2hlbWFfdmVyc2lvbiI6IjEifQ==",
          "dependencies": [
            "aws_key_pair.deployer",
            "aws_security_group.inbound",
            "aws_subnet.main",
            "aws_vpc.main",
            "data.aws_ami.ubuntu",
            "tls_private_key.dev"
          ]
        },
        {
          "index_key": 1,
          "schema_version": 1,
          "attributes": {
            "ami": "ami-0c89304edf57df92a",
            "arn": "arn:aws:ec2:us-west-1:009611472941:instance/i-0d2270999e49e0813",
            "associate_public_ip_address": true,
            "availability_zone": "us-west-1a",
            "capacity_reservation_specification": [
              {
                "capacity_reservation_preference": "open",
                "capacity_reservation_target": []
              }
            ],
            "cpu_core_count": 1,
            "cpu_threads_per_core": 1,
            "credit_specification": [
              {
                "cpu_credits": "standard"
              }
            ],
            "disable_api_stop": false,
            "disable_api_termination": false,
            "ebs_block_device": [
              {
                "delete_on_termination": true,
                "device_name": "/dev/sda1",
                "encrypted": false,
                "iops": 150,
                "kms_key_id": "",
                "snapshot_id": "",
                "tags": {},
                "throughput": 0,
                "volume_id": "vol-09846274e260878c8",
                "volume_size": 50,
                "volume_type": "gp2"
              }
            ],
            "ebs_optimized": false,
            "enclave_options": [
              {
                "enabled": false
              }
            ],
            "ephemeral_block_device": [],
            "get_password_data": false,
            "hibernation": false,
            "host_id": "",
            "host_resource_group_arn": null,
            "iam_instance_profile": "",
            "id": "i-0d2270999e49e0813",
            "instance_initiated_shutdown_behavior": "stop",
            "instance_state": "running",
            "instance_type": "t2.micro",
            "ipv6_address_count": 0,
            "ipv6_addresses": [],
            "key_name": "kubernetes-key",
            "launch_template": [],
            "maintenance_options": [
              {
                "auto_recovery": "default"
              }
            ],
            "metadata_options": [
              {
                "http_endpoint": "enabled",
                "http_put_response_hop_limit": 1,
                "http_tokens": "optional",
                "instance_metadata_tags": "disabled"
              }
            ],
            "monitoring": false,
            "network_interface": [],
            "outpost_arn": "",
            "password_data": "",
            "placement_group": "",
            "placement_partition_number": 0,
            "primary_network_interface_id": "eni-07e1eb58168b0658e",
            "private_dns": "ip-10-240-0-21.us-west-1.compute.internal",
            "private_dns_name_options": [
              {
                "enable_resource_name_dns_a_record": false,
                "enable_resource_name_dns_aaaa_record": false,
                "hostname_type": "ip-name"
              }
            ],
            "private_ip": "10.240.0.21",
            "public_dns": "ec2-54-193-141-1.us-west-1.compute.amazonaws.com",
            "public_ip": "54.193.141.1",
            "root_block_device": [
              {
                "delete_on_termination": true,
                "device_name": "/dev/sda1",
                "encrypted": false,
                "iops": 150,
                "kms_key_id": "",
                "tags": {},
                "throughput": 0,
                "volume_id": "vol-09846274e260878c8",
                "volume_size": 50,
                "volume_type": "gp2"
              }
            ],
            "secondary_private_ips": [],
            "security_groups": [],
            "source_dest_check": false,
            "subnet_id": "subnet-0ed2b50627629fa3a",
            "tags": {
              "Id": "worker-1"
            },
            "tags_all": {
              "Id": "worker-1",
              "Name": "kubernetes"
            },
            "tenancy": "default",
            "timeouts": null,
            "user_data": "609ab3c3988444a41b87ad74edd7fb3ae1e13146",
            "user_data_base64": null,
            "user_data_replace_on_change": false,
            "volume_tags": null,
            "vpc_security_group_ids": [
              "sg-0de87d69f7eabb28d"
            ]
          },
          "sensitive_attributes": [],
          "private": "eyJlMmJmYjczMC1lY2FhLTExZTYtOGY4OC0zNDM2M2JjN2M0YzAiOnsiY3JlYXRlIjo2MDAwMDAwMDAwMDAsImRlbGV0ZSI6MTIwMDAwMDAwMDAwMCwidXBkYXRlIjo2MDAwMDAwMDAwMDB9LCJzY2hlbWFfdmVyc2lvbiI6IjEifQ==",
          "dependencies": [
            "aws_key_pair.deployer",
            "aws_security_group.inbound",
            "aws_subnet.main",
            "aws_vpc.main",
            "data.aws_ami.ubuntu",
            "tls_private_key.dev"
          ]
        },
        {
          "index_key": 2,
          "schema_version": 1,
          "attributes": {
            "ami": "ami-0c89304edf57df92a",
            "arn": "arn:aws:ec2:us-west-1:009611472941:instance/i-070390f70dd92915d",
            "associate_public_ip_address": true,
            "availability_zone": "us-west-1a",
            "capacity_reservation_specification": [
              {
                "capacity_reservation_preference": "open",
                "capacity_reservation_target": []
              }
            ],
            "cpu_core_count": 1,
            "cpu_threads_per_core": 1,
            "credit_specification": [
              {
                "cpu_credits": "standard"
              }
            ],
            "disable_api_stop": false,
            "disable_api_termination": false,
            "ebs_block_device": [
              {
                "delete_on_termination": true,
                "device_name": "/dev/sda1",
                "encrypted": false,
                "iops": 150,
                "kms_key_id": "",
                "snapshot_id": "",
                "tags": {},
                "throughput": 0,
                "volume_id": "vol-0e598fb1485a41efb",
                "volume_size": 50,
                "volume_type": "gp2"
              }
            ],
            "ebs_optimized": false,
            "enclave_options": [
              {
                "enabled": false
              }
            ],
            "ephemeral_block_device": [],
            "get_password_data": false,
            "hibernation": false,
            "host_id": "",
            "host_resource_group_arn": null,
            "iam_instance_profile": "",
            "id": "i-070390f70dd92915d",
            "instance_initiated_shutdown_behavior": "stop",
            "instance_state": "running",
            "instance_type": "t2.micro",
            "ipv6_address_count": 0,
            "ipv6_addresses": [],
            "key_name": "kubernetes-key",
            "launch_template": [],
            "maintenance_options": [
              {
                "auto_recovery": "default"
              }
            ],
            "metadata_options": [
              {
                "http_endpoint": "enabled",
                "http_put_response_hop_limit": 1,
                "http_tokens": "optional",
                "instance_metadata_tags": "disabled"
              }
            ],
            "monitoring": false,
            "network_interface": [],
            "outpost_arn": "",
            "password_data": "",
            "placement_group": "",
            "placement_partition_number": 0,
            "primary_network_interface_id": "eni-0b0aef192112787a4",
            "private_dns": "ip-10-240-0-22.us-west-1.compute.internal",
            "private_dns_name_options": [
              {
                "enable_resource_name_dns_a_record": false,
                "enable_resource_name_dns_aaaa_record": false,
                "hostname_type": "ip-name"
              }
            ],
            "private_ip": "10.240.0.22",
            "public_dns": "ec2-52-53-226-190.us-west-1.compute.amazonaws.com",
            "public_ip": "52.53.226.190",
            "root_block_device": [
              {
                "delete_on_termination": true,
                "device_name": "/dev/sda1",
                "encrypted": false,
                "iops": 150,
                "kms_key_id": "",
                "tags": {},
                "throughput": 0,
                "volume_id": "vol-0e598fb1485a41efb",
                "volume_size": 50,
                "volume_type": "gp2"
              }
            ],
            "secondary_private_ips": [],
            "security_groups": [],
            "source_dest_check": false,
            "subnet_id": "subnet-0ed2b50627629fa3a",
            "tags": {
              "Id": "worker-2"
            },
            "tags_all": {
              "Id": "worker-2",
              "Name": "kubernetes"
            },
            "tenancy": "default",
            "timeouts": null,
            "user_data": "c60060841a9e75254174604d45de1be586aa1d31",
            "user_data_base64": null,
            "user_data_replace_on_change": false,
            "volume_tags": null,
            "vpc_security_group_ids": [
              "sg-0de87d69f7eabb28d"
            ]
          },
          "sensitive_attributes": [],
          "private": "eyJlMmJmYjczMC1lY2FhLTExZTYtOGY4OC0zNDM2M2JjN2M0YzAiOnsiY3JlYXRlIjo2MDAwMDAwMDAwMDAsImRlbGV0ZSI6MTIwMDAwMDAwMDAwMCwidXBkYXRlIjo2MDAwMDAwMDAwMDB9LCJzY2hlbWFfdmVyc2lvbiI6IjEifQ==",
          "dependencies": [
            "aws_key_pair.deployer",
            "aws_security_group.inbound",
            "aws_subnet.main",
            "aws_vpc.main",
            "data.aws_ami.ubuntu",
            "tls_private_key.dev"
          ]
        }
      ]
    },
    {
      "mode": "managed",
      "type": "aws_internet_gateway",
      "name": "main",
      "provider": "provider[\"registry.terraform.io/hashicorp/aws\"]",
      "instances": [
        {
          "schema_version": 0,
          "attributes": {
            "arn": "arn:aws:ec2:us-west-1:009611472941:internet-gateway/igw-004729239add4a92d",
            "id": "igw-004729239add4a92d",
            "owner_id": "009611472941",
            "tags": {},
            "tags_all": {
              "Name": "kubernetes"
            },
            "timeouts": null,
            "vpc_id": "vpc-0f685912263023a87"
          },
          "sensitive_attributes": [],
          "private": "eyJlMmJmYjczMC1lY2FhLTExZTYtOGY4OC0zNDM2M2JjN2M0YzAiOnsiY3JlYXRlIjoxMjAwMDAwMDAwMDAwLCJkZWxldGUiOjEyMDAwMDAwMDAwMDAsInVwZGF0ZSI6MTIwMDAwMDAwMDAwMH19",
          "dependencies": [
            "aws_vpc.main"
          ]
        }
      ]
    },
    {
      "mode": "managed",
      "type": "aws_key_pair",
      "name": "deployer",
      "provider": "provider[\"registry.terraform.io/hashicorp/aws\"]",
      "instances": [
        {
          "schema_version": 1,
          "attributes": {
            "arn": "arn:aws:ec2:us-west-1:009611472941:key-pair/kubernetes-key",
            "fingerprint": "1c:fe:58:9b:85:a2:14:aa:05:76:fa:33:ca:da:24:c2",
            "id": "kubernetes-key",
            "key_name": "kubernetes-key",
            "key_name_prefix": "",
            "key_pair_id": "key-07cf4465164533283",
            "key_type": "rsa",
            "public_key": "ssh-rsa AAAAB3NzaC1yc2EAAAADAQABAAACAQC2QYSWbRC+8zwwxs3Wr0JuStbYdMoWIzQntUd1EyhghmfJav8mbUtul8q3NYGJ1iznbBnJrTpnPYqz1m/WOI2L2on2IR8LzuDUYdwUcsRh4AXzMr5w5aYa4dTKIvfIpJdwage8Uzex7SLBSBEun1G2GrwGNrxdR+H0nTKtr+lO8il7jJOoDPrUYThYBymat2F37vKVSgDWHa/5Mo1pmKN11Oe/Xxrj4+KzJqf7mf3BUH3iYaZNufLk5QfvqKJ0XWWeB//QsythBB+PZTdJUt/9aFEjV8P7dlV6P7ko2+brzIvKud1t46GmTKQykO2hM4LJ1IYM5kqWGIiKIn65/KLmNS2ZPmiaaR5XmFiYo1MsxJnnbwCcQRSsZFVbjUtiJGjtci/R8gHcdglvKxu1ldLY8tyLT8C02F1kK4c+C9zGob66ud6Z8g6C+G5SzbfxTW7rFj6zF1QtPsy1EH6xUTik1rQA30x8LqALbiRMp4yEX1SxXUjF8XyVjEXIl5fHIyuyn4Sv9aZvqWc0+moILVqA3/Y6tie0ijkxVNH4/7K7/itpUuKqIOkPNc8XkbxdE04cTFR1uXrwV5ZBh1UKZ88WvFFFawEn5y3Ut0eqdpzomBezKyTSvn/z8Q7k7PluIWJGhQcsXPyi4p9TuC5ClBwIR49sx5tNauxG9cXpzWfBaQ==",
            "tags": {},
            "tags_all": {
              "Name": "kubernetes"
            }
          },
          "sensitive_attributes": [],
          "private": "eyJzY2hlbWFfdmVyc2lvbiI6IjEifQ==",
          "dependencies": [
            "tls_private_key.dev"
          ]
        }
      ]
    },
    {
      "mode": "managed",
      "type": "aws_lb",
      "name": "main",
      "provider": "provider[\"registry.terraform.io/hashicorp/aws\"]",
      "instances": [
        {
          "schema_version": 0,
          "attributes": {
            "access_logs": [
              {
                "bucket": "",
                "enabled": false,
                "prefix": ""
              }
            ],
            "arn": "arn:aws:elasticloadbalancing:us-west-1:009611472941:loadbalancer/net/kubernetes/4370d70eae8ec3fe",
            "arn_suffix": "net/kubernetes/4370d70eae8ec3fe",
            "customer_owned_ipv4_pool": "",
            "desync_mitigation_mode": null,
            "dns_name": "kubernetes-4370d70eae8ec3fe.elb.us-west-1.amazonaws.com",
            "drop_invalid_header_fields": null,
            "enable_cross_zone_load_balancing": false,
            "enable_deletion_protection": false,
            "enable_http2": null,
            "enable_waf_fail_open": null,
            "id": "arn:aws:elasticloadbalancing:us-west-1:009611472941:loadbalancer/net/kubernetes/4370d70eae8ec3fe",
            "idle_timeout": null,
            "internal": false,
            "ip_address_type": "ipv4",
            "load_balancer_type": "network",
            "name": "kubernetes",
            "name_prefix": null,
            "preserve_host_header": null,
            "security_groups": [],
            "subnet_mapping": [
              {
                "allocation_id": "eipalloc-0c83d921e1fc7ceab",
                "ipv6_address": "",
                "outpost_id": "",
                "private_ipv4_address": "",
                "subnet_id": "subnet-0ed2b50627629fa3a"
              }
            ],
            "subnets": [
              "subnet-0ed2b50627629fa3a"
            ],
            "tags": {},
            "tags_all": {
              "Name": "kubernetes"
            },
            "timeouts": null,
            "vpc_id": "vpc-0f685912263023a87",
            "zone_id": "Z24FKFUX50B4VW"
          },
          "sensitive_attributes": [],
          "private": "eyJlMmJmYjczMC1lY2FhLTExZTYtOGY4OC0zNDM2M2JjN2M0YzAiOnsiY3JlYXRlIjo2MDAwMDAwMDAwMDAsImRlbGV0ZSI6NjAwMDAwMDAwMDAwLCJ1cGRhdGUiOjYwMDAwMDAwMDAwMH19",
          "dependencies": [
            "aws_eip.main",
            "aws_internet_gateway.main",
            "aws_subnet.main",
            "aws_vpc.main"
          ]
        }
      ]
    },
    {
      "mode": "managed",
      "type": "aws_lb_listener",
      "name": "forward",
      "provider": "provider[\"registry.terraform.io/hashicorp/aws\"]",
      "instances": [
        {
          "schema_version": 0,
          "attributes": {
            "alpn_policy": null,
            "arn": "arn:aws:elasticloadbalancing:us-west-1:009611472941:listener/net/kubernetes/4370d70eae8ec3fe/9ee7d1fde29f995c",
            "certificate_arn": null,
            "default_action": [
              {
                "authenticate_cognito": [],
                "authenticate_oidc": [],
                "fixed_response": [],
                "forward": [],
                "order": 1,
                "redirect": [],
                "target_group_arn": "arn:aws:elasticloadbalancing:us-west-1:009611472941:targetgroup/kubernetes/9eb584ddd0ff8911",
                "type": "forward"
              }
            ],
            "id": "arn:aws:elasticloadbalancing:us-west-1:009611472941:listener/net/kubernetes/4370d70eae8ec3fe/9ee7d1fde29f995c",
            "load_balancer_arn": "arn:aws:elasticloadbalancing:us-west-1:009611472941:loadbalancer/net/kubernetes/4370d70eae8ec3fe",
            "port": 6443,
            "protocol": "TCP",
            "ssl_policy": "",
            "tags": {},
            "tags_all": {
              "Name": "kubernetes"
            },
            "timeouts": null
          },
          "sensitive_attributes": [],
          "private": "eyJlMmJmYjczMC1lY2FhLTExZTYtOGY4OC0zNDM2M2JjN2M0YzAiOnsicmVhZCI6NjAwMDAwMDAwMDAwfX0=",
          "dependencies": [
            "aws_eip.main",
            "aws_internet_gateway.main",
            "aws_lb.main",
            "aws_lb_target_group.main",
            "aws_subnet.main",
            "aws_vpc.main"
          ]
        }
      ]
    },
    {
      "mode": "managed",
      "type": "aws_lb_target_group",
      "name": "main",
      "provider": "provider[\"registry.terraform.io/hashicorp/aws\"]",
      "instances": [
        {
          "schema_version": 0,
          "attributes": {
            "arn": "arn:aws:elasticloadbalancing:us-west-1:009611472941:targetgroup/kubernetes/9eb584ddd0ff8911",
            "arn_suffix": "targetgroup/kubernetes/9eb584ddd0ff8911",
            "connection_termination": false,
            "deregistration_delay": "300",
            "health_check": [
              {
                "enabled": true,
                "healthy_threshold": 3,
                "interval": 30,
                "matcher": "200-399",
                "path": "/healthz",
                "port": "80",
                "protocol": "HTTP",
                "timeout": 6,
                "unhealthy_threshold": 3
              }
            ],
            "id": "arn:aws:elasticloadbalancing:us-west-1:009611472941:targetgroup/kubernetes/9eb584ddd0ff8911",
            "ip_address_type": "ipv4",
            "lambda_multi_value_headers_enabled": false,
            "load_balancing_algorithm_type": null,
            "name": "kubernetes",
            "name_prefix": null,
            "port": 6443,
            "preserve_client_ip": "false",
            "protocol": "TCP",
            "protocol_version": null,
            "proxy_protocol_v2": false,
            "slow_start": 0,
            "stickiness": [
              {
                "cookie_duration": 0,
                "cookie_name": "",
                "enabled": false,
                "type": "source_ip"
              }
            ],
            "tags": {},
            "tags_all": {
              "Name": "kubernetes"
            },
            "target_failover": [
              {
                "on_deregistration": null,
                "on_unhealthy": null
              }
            ],
            "target_type": "ip",
            "vpc_id": "vpc-0f685912263023a87"
          },
          "sensitive_attributes": [],
          "private": "bnVsbA==",
          "dependencies": [
            "aws_vpc.main"
          ]
        }
      ]
    },
    {
      "mode": "managed",
      "type": "aws_lb_target_group_attachment",
      "name": "main",
      "provider": "provider[\"registry.terraform.io/hashicorp/aws\"]",
      "instances": [
        {
          "index_key": 0,
          "schema_version": 0,
          "attributes": {
            "availability_zone": null,
            "id": "arn:aws:elasticloadbalancing:us-west-1:009611472941:targetgroup/kubernetes/9eb584ddd0ff8911-20230303230737848100000001",
            "port": null,
            "target_group_arn": "arn:aws:elasticloadbalancing:us-west-1:009611472941:targetgroup/kubernetes/9eb584ddd0ff8911",
            "target_id": "10.240.0.10"
          },
          "sensitive_attributes": [],
          "private": "bnVsbA==",
          "dependencies": [
            "aws_lb_target_group.main",
            "aws_vpc.main"
          ]
        },
        {
          "index_key": 1,
          "schema_version": 0,
          "attributes": {
            "availability_zone": null,
            "id": "arn:aws:elasticloadbalancing:us-west-1:009611472941:targetgroup/kubernetes/9eb584ddd0ff8911-20230303230737903600000002",
            "port": null,
            "target_group_arn": "arn:aws:elasticloadbalancing:us-west-1:009611472941:targetgroup/kubernetes/9eb584ddd0ff8911",
            "target_id": "10.240.0.11"
          },
          "sensitive_attributes": [],
          "private": "bnVsbA==",
          "dependencies": [
            "aws_lb_target_group.main",
            "aws_vpc.main"
          ]
        },
        {
          "index_key": 2,
          "schema_version": 0,
          "attributes": {
            "availability_zone": null,
            "id": "arn:aws:elasticloadbalancing:us-west-1:009611472941:targetgroup/kubernetes/9eb584ddd0ff8911-20230303230737926300000003",
            "port": null,
            "target_group_arn": "arn:aws:elasticloadbalancing:us-west-1:009611472941:targetgroup/kubernetes/9eb584ddd0ff8911",
            "target_id": "10.240.0.12"
          },
          "sensitive_attributes": [],
          "private": "bnVsbA==",
          "dependencies": [
            "aws_lb_target_group.main",
            "aws_vpc.main"
          ]
        }
      ]
    },
    {
      "mode": "managed",
      "type": "aws_route",
      "name": "private",
      "provider": "provider[\"registry.terraform.io/hashicorp/aws\"]",
      "instances": [
        {
          "index_key": "eni-0760e01265e6a3fec",
          "schema_version": 0,
          "attributes": {
            "carrier_gateway_id": "",
            "core_network_arn": "",
            "destination_cidr_block": "10.200.1.0/24",
            "destination_ipv6_cidr_block": "",
            "destination_prefix_list_id": "",
            "egress_only_gateway_id": "",
            "gateway_id": "",
            "id": "r-rtb-039294c49c7125aaf4077485891",
            "instance_id": "i-0b395f6d23ed80299",
            "instance_owner_id": "009611472941",
            "local_gateway_id": "",
            "nat_gateway_id": "",
            "network_interface_id": "eni-0760e01265e6a3fec",
            "origin": "CreateRoute",
            "route_table_id": "rtb-039294c49c7125aaf",
            "state": "active",
            "timeouts": null,
            "transit_gateway_id": "",
            "vpc_endpoint_id": "",
            "vpc_peering_connection_id": ""
          },
          "sensitive_attributes": [],
          "private": "eyJlMmJmYjczMC1lY2FhLTExZTYtOGY4OC0zNDM2M2JjN2M0YzAiOnsiY3JlYXRlIjozMDAwMDAwMDAwMDAsImRlbGV0ZSI6MzAwMDAwMDAwMDAwLCJ1cGRhdGUiOjEyMDAwMDAwMDAwMH19",
          "dependencies": [
            "aws_instance.worker",
            "aws_route_table.main",
            "data.aws_instance.worker"
          ]
        },
        {
          "index_key": "eni-07e1eb58168b0658e",
          "schema_version": 0,
          "attributes": {
            "carrier_gateway_id": "",
            "core_network_arn": "",
            "destination_cidr_block": "10.200.2.0/24",
            "destination_ipv6_cidr_block": "",
            "destination_prefix_list_id": "",
            "egress_only_gateway_id": "",
            "gateway_id": "",
            "id": "r-rtb-039294c49c7125aaf1973226989",
            "instance_id": "i-0d2270999e49e0813",
            "instance_owner_id": "009611472941",
            "local_gateway_id": "",
            "nat_gateway_id": "",
            "network_interface_id": "eni-07e1eb58168b0658e",
            "origin": "CreateRoute",
            "route_table_id": "rtb-039294c49c7125aaf",
            "state": "active",
            "timeouts": null,
            "transit_gateway_id": "",
            "vpc_endpoint_id": "",
            "vpc_peering_connection_id": ""
          },
          "sensitive_attributes": [],
          "private": "eyJlMmJmYjczMC1lY2FhLTExZTYtOGY4OC0zNDM2M2JjN2M0YzAiOnsiY3JlYXRlIjozMDAwMDAwMDAwMDAsImRlbGV0ZSI6MzAwMDAwMDAwMDAwLCJ1cGRhdGUiOjEyMDAwMDAwMDAwMH19",
          "dependencies": [
            "aws_instance.worker",
            "aws_route_table.main",
            "data.aws_instance.worker"
          ]
        },
        {
          "index_key": "eni-0b0aef192112787a4",
          "schema_version": 0,
          "attributes": {
            "carrier_gateway_id": "",
            "core_network_arn": "",
            "destination_cidr_block": "10.200.0.0/24",
            "destination_ipv6_cidr_block": "",
            "destination_prefix_list_id": "",
            "egress_only_gateway_id": "",
            "gateway_id": "",
            "id": "r-rtb-039294c49c7125aaf945138918",
            "instance_id": "i-070390f70dd92915d",
            "instance_owner_id": "009611472941",
            "local_gateway_id": "",
            "nat_gateway_id": "",
            "network_interface_id": "eni-0b0aef192112787a4",
            "origin": "CreateRoute",
            "route_table_id": "rtb-039294c49c7125aaf",
            "state": "active",
            "timeouts": null,
            "transit_gateway_id": "",
            "vpc_endpoint_id": "",
            "vpc_peering_connection_id": ""
          },
          "sensitive_attributes": [],
          "private": "eyJlMmJmYjczMC1lY2FhLTExZTYtOGY4OC0zNDM2M2JjN2M0YzAiOnsiY3JlYXRlIjozMDAwMDAwMDAwMDAsImRlbGV0ZSI6MzAwMDAwMDAwMDAwLCJ1cGRhdGUiOjEyMDAwMDAwMDAwMH19",
          "dependencies": [
            "aws_instance.worker",
            "aws_route_table.main",
            "data.aws_instance.worker"
          ]
        }
      ]
    },
    {
      "mode": "managed",
      "type": "aws_route_table",
      "name": "main",
      "provider": "provider[\"registry.terraform.io/hashicorp/aws\"]",
      "instances": [
        {
          "schema_version": 0,
          "attributes": {
            "arn": "arn:aws:ec2:us-west-1:009611472941:route-table/rtb-039294c49c7125aaf",
            "id": "rtb-039294c49c7125aaf",
            "owner_id": "009611472941",
            "propagating_vgws": [],
            "route": [
              {
                "carrier_gateway_id": "",
                "cidr_block": "0.0.0.0/0",
                "core_network_arn": "",
                "destination_prefix_list_id": "",
                "egress_only_gateway_id": "",
                "gateway_id": "igw-004729239add4a92d",
                "instance_id": "",
                "ipv6_cidr_block": "",
                "local_gateway_id": "",
                "nat_gateway_id": "",
                "network_interface_id": "",
                "transit_gateway_id": "",
                "vpc_endpoint_id": "",
                "vpc_peering_connection_id": ""
              }
            ],
            "tags": {},
            "tags_all": {
              "Name": "kubernetes"
            },
            "timeouts": null,
            "vpc_id": "vpc-0f685912263023a87"
          },
          "sensitive_attributes": [],
          "private": "eyJlMmJmYjczMC1lY2FhLTExZTYtOGY4OC0zNDM2M2JjN2M0YzAiOnsiY3JlYXRlIjozMDAwMDAwMDAwMDAsImRlbGV0ZSI6MzAwMDAwMDAwMDAwLCJ1cGRhdGUiOjEyMDAwMDAwMDAwMH19",
          "dependencies": [
            "aws_internet_gateway.main",
            "aws_vpc.main"
          ]
        }
      ]
    },
    {
      "mode": "managed",
      "type": "aws_route_table_association",
      "name": "main",
      "provider": "provider[\"registry.terraform.io/hashicorp/aws\"]",
      "instances": [
        {
          "schema_version": 0,
          "attributes": {
            "gateway_id": "",
            "id": "rtbassoc-0e2667c9b35db8281",
            "route_table_id": "rtb-039294c49c7125aaf",
            "subnet_id": "subnet-0ed2b50627629fa3a"
          },
          "sensitive_attributes": [],
          "private": "bnVsbA==",
          "dependencies": [
            "aws_internet_gateway.main",
            "aws_route_table.main",
            "aws_subnet.main",
            "aws_vpc.main"
          ]
        }
      ]
    },
    {
      "mode": "managed",
      "type": "aws_security_group",
      "name": "inbound",
      "provider": "provider[\"registry.terraform.io/hashicorp/aws\"]",
      "instances": [
        {
          "schema_version": 1,
          "attributes": {
            "arn": "arn:aws:ec2:us-west-1:009611472941:security-group/sg-0de87d69f7eabb28d",
            "description": "Kubernetes security group",
            "egress": [
              {
                "cidr_blocks": [
                  "0.0.0.0/0"
                ],
                "description": "",
                "from_port": 0,
                "ipv6_cidr_blocks": [],
                "prefix_list_ids": [],
                "protocol": "-1",
                "security_groups": [],
                "self": false,
                "to_port": 0
              }
            ],
            "id": "sg-0de87d69f7eabb28d",
            "ingress": [
              {
                "cidr_blocks": [
                  "0.0.0.0/0"
                ],
                "description": "Allow ICMP aka ping",
                "from_port": -1,
                "ipv6_cidr_blocks": [],
                "prefix_list_ids": [],
                "protocol": "icmp",
                "security_groups": [],
                "self": false,
                "to_port": -1
              },
              {
                "cidr_blocks": [
                  "0.0.0.0/0"
                ],
                "description": "Allow SSH",
                "from_port": 0,
                "ipv6_cidr_blocks": [],
                "prefix_list_ids": [],
                "protocol": "tcp",
                "security_groups": [],
                "self": false,
                "to_port": 22
              },
              {
                "cidr_blocks": [
                  "0.0.0.0/0"
                ],
                "description": "Allow https 443",
                "from_port": 0,
                "ipv6_cidr_blocks": [],
                "prefix_list_ids": [],
                "protocol": "tcp",
                "security_groups": [],
                "self": false,
                "to_port": 443
              },
              {
                "cidr_blocks": [
                  "0.0.0.0/0"
                ],
                "description": "Allow https 6443",
                "from_port": 0,
                "ipv6_cidr_blocks": [],
                "prefix_list_ids": [],
                "protocol": "tcp",
                "security_groups": [],
                "self": false,
                "to_port": 6443
              },
              {
                "cidr_blocks": [
                  "10.240.0.0/24",
                  "10.200.0.0/16"
                ],
                "description": "Allow all internal communication for all protocols",
                "from_port": 0,
                "ipv6_cidr_blocks": [],
                "prefix_list_ids": [],
                "protocol": "-1",
                "security_groups": [],
                "self": false,
                "to_port": 0
              }
            ],
            "name": "kubernetes",
            "name_prefix": "",
            "owner_id": "009611472941",
            "revoke_rules_on_delete": false,
            "tags": {},
            "tags_all": {
              "Name": "kubernetes"
            },
            "timeouts": null,
            "vpc_id": "vpc-0f685912263023a87"
          },
          "sensitive_attributes": [],
          "private": "eyJlMmJmYjczMC1lY2FhLTExZTYtOGY4OC0zNDM2M2JjN2M0YzAiOnsiY3JlYXRlIjo2MDAwMDAwMDAwMDAsImRlbGV0ZSI6OTAwMDAwMDAwMDAwfSwic2NoZW1hX3ZlcnNpb24iOiIxIn0=",
          "dependencies": [
            "aws_vpc.main"
          ]
        }
      ]
    },
    {
      "mode": "managed",
      "type": "aws_subnet",
      "name": "main",
      "provider": "provider[\"registry.terraform.io/hashicorp/aws\"]",
      "instances": [
        {
          "schema_version": 1,
          "attributes": {
            "arn": "arn:aws:ec2:us-west-1:009611472941:subnet/subnet-0ed2b50627629fa3a",
            "assign_ipv6_address_on_creation": false,
            "availability_zone": "us-west-1a",
            "availability_zone_id": "usw1-az3",
            "cidr_block": "10.240.0.0/24",
            "customer_owned_ipv4_pool": "",
            "enable_dns64": false,
            "enable_resource_name_dns_a_record_on_launch": false,
            "enable_resource_name_dns_aaaa_record_on_launch": false,
            "id": "subnet-0ed2b50627629fa3a",
            "ipv6_cidr_block": "",
            "ipv6_cidr_block_association_id": "",
            "ipv6_native": false,
            "map_customer_owned_ip_on_launch": false,
            "map_public_ip_on_launch": false,
            "outpost_arn": "",
            "owner_id": "009611472941",
            "private_dns_hostname_type_on_launch": "ip-name",
            "tags": {},
            "tags_all": {
              "Name": "kubernetes"
            },
            "timeouts": null,
            "vpc_id": "vpc-0f685912263023a87"
          },
          "sensitive_attributes": [],
          "private": "eyJlMmJmYjczMC1lY2FhLTExZTYtOGY4OC0zNDM2M2JjN2M0YzAiOnsiY3JlYXRlIjo2MDAwMDAwMDAwMDAsImRlbGV0ZSI6MTIwMDAwMDAwMDAwMH0sInNjaGVtYV92ZXJzaW9uIjoiMSJ9",
          "dependencies": [
            "aws_vpc.main"
          ]
        }
      ]
    },
    {
      "mode": "managed",
      "type": "aws_vpc",
      "name": "main",
      "provider": "provider[\"registry.terraform.io/hashicorp/aws\"]",
      "instances": [
        {
          "schema_version": 1,
          "attributes": {
            "arn": "arn:aws:ec2:us-west-1:009611472941:vpc/vpc-0f685912263023a87",
            "assign_generated_ipv6_cidr_block": false,
            "cidr_block": "10.240.0.0/24",
            "default_network_acl_id": "acl-0c5b93b5c372f3236",
            "default_route_table_id": "rtb-00546fde7f92984f5",
            "default_security_group_id": "sg-03bd391636893946c",
            "dhcp_options_id": "dopt-7efb2918",
            "enable_classiclink": false,
            "enable_classiclink_dns_support": false,
            "enable_dns_hostnames": true,
            "enable_dns_support": true,
            "enable_network_address_usage_metrics": false,
            "id": "vpc-0f685912263023a87",
            "instance_tenancy": "default",
            "ipv4_ipam_pool_id": null,
            "ipv4_netmask_length": null,
            "ipv6_association_id": "",
            "ipv6_cidr_block": "",
            "ipv6_cidr_block_network_border_group": "",
            "ipv6_ipam_pool_id": "",
            "ipv6_netmask_length": 0,
            "main_route_table_id": "rtb-00546fde7f92984f5",
            "owner_id": "009611472941",
            "tags": {},
            "tags_all": {
              "Name": "kubernetes"
            }
          },
          "sensitive_attributes": [],
          "private": "eyJzY2hlbWFfdmVyc2lvbiI6IjEifQ=="
        }
      ]
    },
    {
      "mode": "managed",
      "type": "local_file",
      "name": "eip_address",
      "provider": "provider[\"registry.terraform.io/hashicorp/local\"]",
      "instances": [
        {
          "schema_version": 0,
          "attributes": {
            "content": "54.193.150.232",
            "content_base64": null,
            "directory_permission": "0777",
            "file_permission": "0777",
            "filename": "k8s-public-address",
            "id": "9b93ebc02882bc244d9d3f9c92c41b49ddd1bad6",
            "sensitive_content": null,
            "source": null
          },
          "sensitive_attributes": [],
          "dependencies": [
            "aws_eip.main",
            "aws_internet_gateway.main",
            "aws_vpc.main"
          ]
        }
      ]
    },
    {
      "mode": "managed",
      "type": "local_sensitive_file",
      "name": "private_key",
      "provider": "provider[\"registry.terraform.io/hashicorp/local\"]",
      "instances": [
        {
          "schema_version": 0,
          "attributes": {
            "content": "-----BEGIN RSA PRIVATE KEY-----\nMIIJKAIBAAKCAgEAtkGElm0QvvM8MMbN1q9CbkrW2HTKFiM0J7VHdRMoYIZnyWr/\nJm1LbpfKtzWBidYs52wZya06Zz2Ks9Zv1jiNi9qJ9iEfC87g1GHcFHLEYeAF8zK+\ncOWmGuHUyiL3yKSXcGoHvFM3se0iwUgRLp9Rthq8Bja8XUfh9J0yra/pTvIpe4yT\nqAz61GE4WAcpmrdhd+7ylUoA1h2v+TKNaZijddTnv18a4+Pisyan+5n9wVB94mGm\nTbny5OUH76iidF1lngf/0LMrYQQfj2U3SVLf/WhRI1fD+3ZVej+5KNvm68yLyrnd\nbeOhpkykMpDtoTOCydSGDOZKlhiIiiJ+ufyi5jUtmT5ommkeV5hYmKNTLMSZ528A\nnEEUrGRVW41LYiRo7XIv0fIB3HYJbysbtZXS2PLci0/AtNhdZCuHPgvcxqG+urne\nmfIOgvhuUs238U1u6xY+sxdULT7MtRB+sVE4pNa0AN9MfC6gC24kTKeMhF9UsV1I\nxfF8lYxFyJeXxyMrsp+Er/Wmb6lnNPpqCC1agN/2OrYntIo5MVTR+P+yu/4raVLi\nqiDpDzXPF5G8XRNOHExUdbl68FeWQYdVCmfPFrxRRWsBJ+ct1LdHqnac6JgXsysk\n0r5/8/EO5Oz5biFiRoUHLFz8ouKfU7guQpQcCEePbMebTWrsRvXF6c1nwWkCAwEA\nAQKCAgEApV39N5/uOdPpITjBO7H5zKkLF4ugcUWv5PeOxqODV1Gcih0TNYKllssT\nm/hoePBj/fcPzvXmsBYe6939y5m0lNjNpQ2YZdZoGUxRrBwWI9hojanVMgqtFGcj\n8+SWfu8YmV8bdbzsI/zONCF3tZ3JPjozsE+pydmXI6Qef4nFX2RKT1fWAf0E+f7c\naMLW9RK+1VtxsBNdfumg6bL8rHtalWeAfxuEApKa94JzmM64d9bY4bdIde3qfdVx\nxfp0rLCxqxoG+w4WpghfunRUHaucoQkt1aukn11XYXzAPFqKxBjsHh1W1IZd/c48\njcUCV+mtGgRDPSEXO+k2ul9iLM8V3dMTW21GvxoIq//q7OKITE4Vdw37Uy6EegAC\n2WI4dd6RjYU4Ub87PsEmL+g0A1KF/8pyxXatqJl+BG+/180RTmYkpk/DFgMmn4QU\nU1dE4DtY5Ivz4/p3sBmVEkQc+oSLmqO7NPXCsrZTDqJc2j5lFXaA7Bi8RuxLtDhL\nPnFYl5I5RGEcaBcWcbUsftTuBRb709q2xXu7ZCu/QyezMIeNprkICk4HVDkwMQS+\nhLPsgd1DYLBBhG5nMyQSmvdkOJ3xcCneXNKvQoXY2UoPMFSTMuZTyIZJ/lOxFRgl\nrXjSSnaG7GiXQNARo6wstXc43Yr6Jrej4xPn3N9ijg37hGZt5SECggEBANYXcRdE\nhlITyIes78OpwZJDkj43VLet3W6z724clhRViBxniLYgauEmWp0tkYATaxdQDZtp\n9sRleMYElJlkoVoi1zmPXPiy/kbSaTDdFwcgNhCC3hJqDGgL5o7abEf1l9V2GBNX\nQWpnkO1eJbrCiff9bgGaWTiOT+94MXY2/I992/q6G5k44nLmb7ScOk6FRVngA4MZ\nwqnX2+fsrXoCollI51kInVGH416LWcOk3hWZeN6HQxBSxqPKAOWk3GNuDzn9Lp+t\nXcUin9s9CzB+mS0M7X7F24Ms2E46QLidkmJmf56kT6K494hnC/TTotZACBd4UM3f\ndMOPGaE5tYWTDEsCggEBANnuunSfs+1nLd68V8ardKzEc/dLQTng9+zK88Na6mjV\nLYLxnqZIJ8o/00uu7TE522DKPn+75hojqyOkCYQzoKZX0Gbi09VP70btvzNK0o8T\nkoat0J4pSDMRNbiUDclHUzLPzGnEoZpZluS9w1ePGhLu06inx3ACASBnjA4YZHJ5\nbN16U6pxcKVOteflmB71SO13pfxBS/pVfZ9b39kK/1Y6E6t0/YzsgpOXDEkcHuSc\nKN9GccqeL4I/OH6zG3GvmPBxVchHZyCm0I4H0niycXlFmjMphyLfwvrH8WSuOiUy\nzREladXXTUTdYimVA/LL6NRCY9ICuPilr7i607vr8JsCggEAF9PYFFzeDjiBcwg+\nTyqPjrXSivYhiafiIzYHidvIoE68rVygjJSjEJfyMdgmf3ipzJhuS0PJ4SXiATf1\nSfU3OA70oUVhdZSGVF+KsZOJwpNFMSU/jhEbfGEGshOBRakB0xInr89gSnVoXeLC\nlDyemmksWyVQlMjSALcB2kRYa6f4Wblo5O691UfsWs+gdajDhTM3cNnnHnwVz4Q5\n8oBkjUdd6DzbNX3IQneD8BBjX0gLecjYH/L2hLgwzV5B4RcYvr18+OyUqSInZIEw\nw57zcV4k+J0Qx1KwaFR3a5St/CGoRoHHEzc+5YGChScg0nOh8urDI4ahOjqtAZKo\nr0skbQKCAQBbo70X6UfZnjd1n7ExQ0uuknVJGYX19pmKItVZ4lMLfgjDNSLHPTQu\nIaSSAJ6QwolzK9gYEkTx3OnL9OBjjOoSyH5DpUH6QsCVDMgHo4Di1RIaO+CrgSRx\nBN2YHfmmF63ugd6s4xgpNV70FK+dk/kc2Px7wQFmIhGjNKd6Ddu/Hzwd7aBc3ZLG\nkFCBkNPkwLPH1zYe2r4+J9DJP/Li63LvKUC4Klur9I/7y9pIq+B5tQiiypZy4w2L\nMVZqQJpbtcET6jRuIUhGPJ8Z+kQQqMh6fEAZH29JxNnSZl0lPvYISlJc0WStnPlK\n6eSrI5QjdocTKk+bMbXiKJm5jiYWsWHdAoIBACrmaUeRKchCV0I7iPP27T7lRydf\n0XqCS6UzbhG5Z35jI1nSl5K1mbewKs6aVGt2E/ZSte8sL1+wnP3gSzDNXTyvckZT\noTFu5WKX8mltlR2x7mALEV66kCB5BDeMke/qXYGqepoMgmjV/kAKhzSPL+D6kmDD\n0G+C+XYClx325byzw4Dh1zrh79Dx6rfrbgZc+RoIPfvXT5gmn8ZIgT/d7uWmM6Zh\nxXdQDpeyAfe+vH+hC/viHdIR/GyyJ/G7cPqAOQRcO4OqlnyLUgusgzAbAcaxmZ0H\nnyW7pcJ1FjHeGwn0OnL3hn41yBFzZEbms5vUDY1Mx8TrY3exDWzacCRHcI4=\n-----END RSA PRIVATE KEY-----\n",
            "content_base64": null,
            "directory_permission": "0700",
            "file_permission": "0700",
            "filename": "kubernetes-private.pem",
            "id": "346c9872b8089b5fd578070b96ab1c6a494e65f0",
            "source": null
          },
          "sensitive_attributes": [
            [
              {
                "type": "get_attr",
                "value": "content"
              }
            ]
          ],
          "dependencies": [
            "tls_private_key.dev"
          ]
        }
      ]
    },
    {
      "mode": "managed",
      "type": "tls_private_key",
      "name": "dev",
      "provider": "provider[\"registry.terraform.io/hashicorp/tls\"]",
      "instances": [
        {
          "schema_version": 1,
          "attributes": {
            "algorithm": "RSA",
            "ecdsa_curve": "P224",
            "id": "8395d81a52aaad4ef61aca5c78412d4f8e42c40c",
            "private_key_openssh": "-----BEGIN OPENSSH PRIVATE KEY-----\nb3BlbnNzaC1rZXktdjEAAAAABG5vbmUAAAAEbm9uZQAAAAAAAAABAAACFwAAAAdz\nc2gtcnNhAAAAAwEAAQAAAgEAtkGElm0QvvM8MMbN1q9CbkrW2HTKFiM0J7VHdRMo\nYIZnyWr/Jm1LbpfKtzWBidYs52wZya06Zz2Ks9Zv1jiNi9qJ9iEfC87g1GHcFHLE\nYeAF8zK+cOWmGuHUyiL3yKSXcGoHvFM3se0iwUgRLp9Rthq8Bja8XUfh9J0yra/p\nTvIpe4yTqAz61GE4WAcpmrdhd+7ylUoA1h2v+TKNaZijddTnv18a4+Pisyan+5n9\nwVB94mGmTbny5OUH76iidF1lngf/0LMrYQQfj2U3SVLf/WhRI1fD+3ZVej+5KNvm\n68yLyrndbeOhpkykMpDtoTOCydSGDOZKlhiIiiJ+ufyi5jUtmT5ommkeV5hYmKNT\nLMSZ528AnEEUrGRVW41LYiRo7XIv0fIB3HYJbysbtZXS2PLci0/AtNhdZCuHPgvc\nxqG+urnemfIOgvhuUs238U1u6xY+sxdULT7MtRB+sVE4pNa0AN9MfC6gC24kTKeM\nhF9UsV1IxfF8lYxFyJeXxyMrsp+Er/Wmb6lnNPpqCC1agN/2OrYntIo5MVTR+P+y\nu/4raVLiqiDpDzXPF5G8XRNOHExUdbl68FeWQYdVCmfPFrxRRWsBJ+ct1LdHqnac\n6JgXsysk0r5/8/EO5Oz5biFiRoUHLFz8ouKfU7guQpQcCEePbMebTWrsRvXF6c1n\nwWkAAAc4m3U8c5t1PHMAAAAHc3NoLXJzYQAAAgEAtkGElm0QvvM8MMbN1q9CbkrW\n2HTKFiM0J7VHdRMoYIZnyWr/Jm1LbpfKtzWBidYs52wZya06Zz2Ks9Zv1jiNi9qJ\n9iEfC87g1GHcFHLEYeAF8zK+cOWmGuHUyiL3yKSXcGoHvFM3se0iwUgRLp9Rthq8\nBja8XUfh9J0yra/pTvIpe4yTqAz61GE4WAcpmrdhd+7ylUoA1h2v+TKNaZijddTn\nv18a4+Pisyan+5n9wVB94mGmTbny5OUH76iidF1lngf/0LMrYQQfj2U3SVLf/WhR\nI1fD+3ZVej+5KNvm68yLyrndbeOhpkykMpDtoTOCydSGDOZKlhiIiiJ+ufyi5jUt\nmT5ommkeV5hYmKNTLMSZ528AnEEUrGRVW41LYiRo7XIv0fIB3HYJbysbtZXS2PLc\ni0/AtNhdZCuHPgvcxqG+urnemfIOgvhuUs238U1u6xY+sxdULT7MtRB+sVE4pNa0\nAN9MfC6gC24kTKeMhF9UsV1IxfF8lYxFyJeXxyMrsp+Er/Wmb6lnNPpqCC1agN/2\nOrYntIo5MVTR+P+yu/4raVLiqiDpDzXPF5G8XRNOHExUdbl68FeWQYdVCmfPFrxR\nRWsBJ+ct1LdHqnac6JgXsysk0r5/8/EO5Oz5biFiRoUHLFz8ouKfU7guQpQcCEeP\nbMebTWrsRvXF6c1nwWkAAAADAQABAAACAQClXf03n+450+khOME7sfnMqQsXi6Bx\nRa/k947Go4NXUZyKHRM1gqWWyxOb+Gh48GP99w/O9eawFh7r3f3LmbSU2M2lDZhl\n1mgZTFGsHBYj2GiNqdUyCq0UZyPz5JZ+7xiZXxt1vOwj/M40IXe1nck+OjOwT6nJ\n2ZcjpB5/icVfZEpPV9YB/QT5/txowtb1Er7VW3GwE11+6aDpsvyse1qVZ4B/G4QC\nkpr3gnOYzrh31tjht0h17ep91XHF+nSssLGrGgb7DhamCF+6dFQdq5yhCS3Vq6Sf\nXVdhfMA8WorEGOweHVbUhl39zjyNxQJX6a0aBEM9IRc76Ta6X2IszxXd0xNbbUa/\nGgir/+rs4ohMThV3DftTLoR6AALZYjh13pGNhThRvzs+wSYv6DQDUoX/ynLFdq2o\nmX4Eb7/XzRFOZiSmT8MWAyafhBRTV0TgO1jki/Pj+newGZUSRBz6hIuao7s09cKy\ntlMOolzaPmUVdoDsGLxG7Eu0OEs+cViXkjlEYRxoFxZxtSx+1O4FFvvT2rbFe7tk\nK79DJ7Mwh42muQgKTgdUOTAxBL6Es+yB3UNgsEGEbmczJBKa92Q4nfFwKd5c0q9C\nhdjZSg8wVJMy5lPIhkn+U7EVGCWteNJKdobsaJdA0BGjrCy1dzjdivomt6PjE+fc\n32KODfuEZm3lIQAAAQAq5mlHkSnIQldCO4jz9u0+5UcnX9F6gkulM24RuWd+YyNZ\n0peStZm3sCrOmlRrdhP2UrXvLC9fsJz94EswzV08r3JGU6ExbuVil/JpbZUdse5g\nCxFeupAgeQQ3jJHv6l2BqnqaDIJo1f5ACoc0jy/g+pJgw9Bvgvl2Apcd9uW8s8OA\n4dc64e/Q8eq3624GXPkaCD3710+YJp/GSIE/3e7lpjOmYcV3UA6XsgH3vrx/oQv7\n4h3SEfxssifxu3D6gDkEXDuDqpZ8i1ILrIMwGwHGsZmdB58lu6XCdRYx3hsJ9Dpy\n94Z+NcgRc2RG5rOb1A2NTMfE62N3sQ1s2nAkR3COAAABAQDWF3EXRIZSE8iHrO/D\nqcGSQ5I+N1S3rd1us+9uHJYUVYgcZ4i2IGrhJlqdLZGAE2sXUA2bafbEZXjGBJSZ\nZKFaItc5j1z4sv5G0mkw3RcHIDYQgt4SagxoC+aO2mxH9ZfVdhgTV0FqZ5DtXiW6\nwon3/W4Bmlk4jk/veDF2NvyPfdv6uhuZOOJy5m+0nDpOhUVZ4AODGcKp19vn7K16\nAqJZSOdZCJ1Rh+Nei1nDpN4VmXjeh0MQUsajygDlpNxjbg85/S6frV3FIp/bPQsw\nfpktDO1+xduDLNhOOkC4nZJiZn+epE+iuPeIZwv006LWQAgXeFDN33TDjxmhObWF\nkwxLAAABAQDZ7rp0n7PtZy3evFfGq3SsxHP3S0E54PfsyvPDWupo1S2C8Z6mSCfK\nP9NLru0xOdtgyj5/u+YaI6sjpAmEM6CmV9Bm4tPVT+9G7b8zStKPE5KGrdCeKUgz\nETW4lA3JR1Myz8xpxKGaWZbkvcNXjxoS7tOop8dwAgEgZ4wOGGRyeWzdelOqcXCl\nTrXn5Zge9Ujtd6X8QUv6VX2fW9/ZCv9WOhOrdP2M7IKTlwxJHB7knCjfRnHKni+C\nPzh+sxtxr5jwcVXIR2cgptCOB9J4snF5RZozKYci38L6x/FkrjolMs0RJWnV101E\n3WIplQPyy+jUQmPSArj4pa+4utO76/CbAAAAAAEC\n-----END OPENSSH PRIVATE KEY-----\n",
            "private_key_pem": "-----BEGIN RSA PRIVATE KEY-----\nMIIJKAIBAAKCAgEAtkGElm0QvvM8MMbN1q9CbkrW2HTKFiM0J7VHdRMoYIZnyWr/\nJm1LbpfKtzWBidYs52wZya06Zz2Ks9Zv1jiNi9qJ9iEfC87g1GHcFHLEYeAF8zK+\ncOWmGuHUyiL3yKSXcGoHvFM3se0iwUgRLp9Rthq8Bja8XUfh9J0yra/pTvIpe4yT\nqAz61GE4WAcpmrdhd+7ylUoA1h2v+TKNaZijddTnv18a4+Pisyan+5n9wVB94mGm\nTbny5OUH76iidF1lngf/0LMrYQQfj2U3SVLf/WhRI1fD+3ZVej+5KNvm68yLyrnd\nbeOhpkykMpDtoTOCydSGDOZKlhiIiiJ+ufyi5jUtmT5ommkeV5hYmKNTLMSZ528A\nnEEUrGRVW41LYiRo7XIv0fIB3HYJbysbtZXS2PLci0/AtNhdZCuHPgvcxqG+urne\nmfIOgvhuUs238U1u6xY+sxdULT7MtRB+sVE4pNa0AN9MfC6gC24kTKeMhF9UsV1I\nxfF8lYxFyJeXxyMrsp+Er/Wmb6lnNPpqCC1agN/2OrYntIo5MVTR+P+yu/4raVLi\nqiDpDzXPF5G8XRNOHExUdbl68FeWQYdVCmfPFrxRRWsBJ+ct1LdHqnac6JgXsysk\n0r5/8/EO5Oz5biFiRoUHLFz8ouKfU7guQpQcCEePbMebTWrsRvXF6c1nwWkCAwEA\nAQKCAgEApV39N5/uOdPpITjBO7H5zKkLF4ugcUWv5PeOxqODV1Gcih0TNYKllssT\nm/hoePBj/fcPzvXmsBYe6939y5m0lNjNpQ2YZdZoGUxRrBwWI9hojanVMgqtFGcj\n8+SWfu8YmV8bdbzsI/zONCF3tZ3JPjozsE+pydmXI6Qef4nFX2RKT1fWAf0E+f7c\naMLW9RK+1VtxsBNdfumg6bL8rHtalWeAfxuEApKa94JzmM64d9bY4bdIde3qfdVx\nxfp0rLCxqxoG+w4WpghfunRUHaucoQkt1aukn11XYXzAPFqKxBjsHh1W1IZd/c48\njcUCV+mtGgRDPSEXO+k2ul9iLM8V3dMTW21GvxoIq//q7OKITE4Vdw37Uy6EegAC\n2WI4dd6RjYU4Ub87PsEmL+g0A1KF/8pyxXatqJl+BG+/180RTmYkpk/DFgMmn4QU\nU1dE4DtY5Ivz4/p3sBmVEkQc+oSLmqO7NPXCsrZTDqJc2j5lFXaA7Bi8RuxLtDhL\nPnFYl5I5RGEcaBcWcbUsftTuBRb709q2xXu7ZCu/QyezMIeNprkICk4HVDkwMQS+\nhLPsgd1DYLBBhG5nMyQSmvdkOJ3xcCneXNKvQoXY2UoPMFSTMuZTyIZJ/lOxFRgl\nrXjSSnaG7GiXQNARo6wstXc43Yr6Jrej4xPn3N9ijg37hGZt5SECggEBANYXcRdE\nhlITyIes78OpwZJDkj43VLet3W6z724clhRViBxniLYgauEmWp0tkYATaxdQDZtp\n9sRleMYElJlkoVoi1zmPXPiy/kbSaTDdFwcgNhCC3hJqDGgL5o7abEf1l9V2GBNX\nQWpnkO1eJbrCiff9bgGaWTiOT+94MXY2/I992/q6G5k44nLmb7ScOk6FRVngA4MZ\nwqnX2+fsrXoCollI51kInVGH416LWcOk3hWZeN6HQxBSxqPKAOWk3GNuDzn9Lp+t\nXcUin9s9CzB+mS0M7X7F24Ms2E46QLidkmJmf56kT6K494hnC/TTotZACBd4UM3f\ndMOPGaE5tYWTDEsCggEBANnuunSfs+1nLd68V8ardKzEc/dLQTng9+zK88Na6mjV\nLYLxnqZIJ8o/00uu7TE522DKPn+75hojqyOkCYQzoKZX0Gbi09VP70btvzNK0o8T\nkoat0J4pSDMRNbiUDclHUzLPzGnEoZpZluS9w1ePGhLu06inx3ACASBnjA4YZHJ5\nbN16U6pxcKVOteflmB71SO13pfxBS/pVfZ9b39kK/1Y6E6t0/YzsgpOXDEkcHuSc\nKN9GccqeL4I/OH6zG3GvmPBxVchHZyCm0I4H0niycXlFmjMphyLfwvrH8WSuOiUy\nzREladXXTUTdYimVA/LL6NRCY9ICuPilr7i607vr8JsCggEAF9PYFFzeDjiBcwg+\nTyqPjrXSivYhiafiIzYHidvIoE68rVygjJSjEJfyMdgmf3ipzJhuS0PJ4SXiATf1\nSfU3OA70oUVhdZSGVF+KsZOJwpNFMSU/jhEbfGEGshOBRakB0xInr89gSnVoXeLC\nlDyemmksWyVQlMjSALcB2kRYa6f4Wblo5O691UfsWs+gdajDhTM3cNnnHnwVz4Q5\n8oBkjUdd6DzbNX3IQneD8BBjX0gLecjYH/L2hLgwzV5B4RcYvr18+OyUqSInZIEw\nw57zcV4k+J0Qx1KwaFR3a5St/CGoRoHHEzc+5YGChScg0nOh8urDI4ahOjqtAZKo\nr0skbQKCAQBbo70X6UfZnjd1n7ExQ0uuknVJGYX19pmKItVZ4lMLfgjDNSLHPTQu\nIaSSAJ6QwolzK9gYEkTx3OnL9OBjjOoSyH5DpUH6QsCVDMgHo4Di1RIaO+CrgSRx\nBN2YHfmmF63ugd6s4xgpNV70FK+dk/kc2Px7wQFmIhGjNKd6Ddu/Hzwd7aBc3ZLG\nkFCBkNPkwLPH1zYe2r4+J9DJP/Li63LvKUC4Klur9I/7y9pIq+B5tQiiypZy4w2L\nMVZqQJpbtcET6jRuIUhGPJ8Z+kQQqMh6fEAZH29JxNnSZl0lPvYISlJc0WStnPlK\n6eSrI5QjdocTKk+bMbXiKJm5jiYWsWHdAoIBACrmaUeRKchCV0I7iPP27T7lRydf\n0XqCS6UzbhG5Z35jI1nSl5K1mbewKs6aVGt2E/ZSte8sL1+wnP3gSzDNXTyvckZT\noTFu5WKX8mltlR2x7mALEV66kCB5BDeMke/qXYGqepoMgmjV/kAKhzSPL+D6kmDD\n0G+C+XYClx325byzw4Dh1zrh79Dx6rfrbgZc+RoIPfvXT5gmn8ZIgT/d7uWmM6Zh\nxXdQDpeyAfe+vH+hC/viHdIR/GyyJ/G7cPqAOQRcO4OqlnyLUgusgzAbAcaxmZ0H\nnyW7pcJ1FjHeGwn0OnL3hn41yBFzZEbms5vUDY1Mx8TrY3exDWzacCRHcI4=\n-----END RSA PRIVATE KEY-----\n",
            "private_key_pem_pkcs8": "-----BEGIN PRIVATE KEY-----\nMIIJQgIBADANBgkqhkiG9w0BAQEFAASCCSwwggkoAgEAAoICAQC2QYSWbRC+8zww\nxs3Wr0JuStbYdMoWIzQntUd1EyhghmfJav8mbUtul8q3NYGJ1iznbBnJrTpnPYqz\n1m/WOI2L2on2IR8LzuDUYdwUcsRh4AXzMr5w5aYa4dTKIvfIpJdwage8Uzex7SLB\nSBEun1G2GrwGNrxdR+H0nTKtr+lO8il7jJOoDPrUYThYBymat2F37vKVSgDWHa/5\nMo1pmKN11Oe/Xxrj4+KzJqf7mf3BUH3iYaZNufLk5QfvqKJ0XWWeB//QsythBB+P\nZTdJUt/9aFEjV8P7dlV6P7ko2+brzIvKud1t46GmTKQykO2hM4LJ1IYM5kqWGIiK\nIn65/KLmNS2ZPmiaaR5XmFiYo1MsxJnnbwCcQRSsZFVbjUtiJGjtci/R8gHcdglv\nKxu1ldLY8tyLT8C02F1kK4c+C9zGob66ud6Z8g6C+G5SzbfxTW7rFj6zF1QtPsy1\nEH6xUTik1rQA30x8LqALbiRMp4yEX1SxXUjF8XyVjEXIl5fHIyuyn4Sv9aZvqWc0\n+moILVqA3/Y6tie0ijkxVNH4/7K7/itpUuKqIOkPNc8XkbxdE04cTFR1uXrwV5ZB\nh1UKZ88WvFFFawEn5y3Ut0eqdpzomBezKyTSvn/z8Q7k7PluIWJGhQcsXPyi4p9T\nuC5ClBwIR49sx5tNauxG9cXpzWfBaQIDAQABAoICAQClXf03n+450+khOME7sfnM\nqQsXi6BxRa/k947Go4NXUZyKHRM1gqWWyxOb+Gh48GP99w/O9eawFh7r3f3LmbSU\n2M2lDZhl1mgZTFGsHBYj2GiNqdUyCq0UZyPz5JZ+7xiZXxt1vOwj/M40IXe1nck+\nOjOwT6nJ2ZcjpB5/icVfZEpPV9YB/QT5/txowtb1Er7VW3GwE11+6aDpsvyse1qV\nZ4B/G4QCkpr3gnOYzrh31tjht0h17ep91XHF+nSssLGrGgb7DhamCF+6dFQdq5yh\nCS3Vq6SfXVdhfMA8WorEGOweHVbUhl39zjyNxQJX6a0aBEM9IRc76Ta6X2IszxXd\n0xNbbUa/Ggir/+rs4ohMThV3DftTLoR6AALZYjh13pGNhThRvzs+wSYv6DQDUoX/\nynLFdq2omX4Eb7/XzRFOZiSmT8MWAyafhBRTV0TgO1jki/Pj+newGZUSRBz6hIua\no7s09cKytlMOolzaPmUVdoDsGLxG7Eu0OEs+cViXkjlEYRxoFxZxtSx+1O4FFvvT\n2rbFe7tkK79DJ7Mwh42muQgKTgdUOTAxBL6Es+yB3UNgsEGEbmczJBKa92Q4nfFw\nKd5c0q9ChdjZSg8wVJMy5lPIhkn+U7EVGCWteNJKdobsaJdA0BGjrCy1dzjdivom\nt6PjE+fc32KODfuEZm3lIQKCAQEA1hdxF0SGUhPIh6zvw6nBkkOSPjdUt63dbrPv\nbhyWFFWIHGeItiBq4SZanS2RgBNrF1ANm2n2xGV4xgSUmWShWiLXOY9c+LL+RtJp\nMN0XByA2EILeEmoMaAvmjtpsR/WX1XYYE1dBameQ7V4lusKJ9/1uAZpZOI5P73gx\ndjb8j33b+robmTjicuZvtJw6ToVFWeADgxnCqdfb5+ytegKiWUjnWQidUYfjXotZ\nw6TeFZl43odDEFLGo8oA5aTcY24POf0un61dxSKf2z0LMH6ZLQztfsXbgyzYTjpA\nuJ2SYmZ/nqRPorj3iGcL9NOi1kAIF3hQzd90w48ZoTm1hZMMSwKCAQEA2e66dJ+z\n7Wct3rxXxqt0rMRz90tBOeD37Mrzw1rqaNUtgvGepkgnyj/TS67tMTnbYMo+f7vm\nGiOrI6QJhDOgplfQZuLT1U/vRu2/M0rSjxOShq3QnilIMxE1uJQNyUdTMs/MacSh\nmlmW5L3DV48aEu7TqKfHcAIBIGeMDhhkcnls3XpTqnFwpU615+WYHvVI7Xel/EFL\n+lV9n1vf2Qr/VjoTq3T9jOyCk5cMSRwe5Jwo30Zxyp4vgj84frMbca+Y8HFVyEdn\nIKbQjgfSeLJxeUWaMymHIt/C+sfxZK46JTLNESVp1ddNRN1iKZUD8svo1EJj0gK4\n+KWvuLrTu+vwmwKCAQAX09gUXN4OOIFzCD5PKo+OtdKK9iGJp+IjNgeJ28igTryt\nXKCMlKMQl/Ix2CZ/eKnMmG5LQ8nhJeIBN/VJ9Tc4DvShRWF1lIZUX4qxk4nCk0Ux\nJT+OERt8YQayE4FFqQHTEievz2BKdWhd4sKUPJ6aaSxbJVCUyNIAtwHaRFhrp/hZ\nuWjk7r3VR+xaz6B1qMOFMzdw2ecefBXPhDnygGSNR13oPNs1fchCd4PwEGNfSAt5\nyNgf8vaEuDDNXkHhFxi+vXz47JSpIidkgTDDnvNxXiT4nRDHUrBoVHdrlK38IahG\ngccTNz7lgYKFJyDSc6Hy6sMjhqE6Oq0BkqivSyRtAoIBAFujvRfpR9meN3WfsTFD\nS66SdUkZhfX2mYoi1VniUwt+CMM1Isc9NC4hpJIAnpDCiXMr2BgSRPHc6cv04GOM\n6hLIfkOlQfpCwJUMyAejgOLVEho74KuBJHEE3Zgd+aYXre6B3qzjGCk1XvQUr52T\n+RzY/HvBAWYiEaM0p3oN278fPB3toFzdksaQUIGQ0+TAs8fXNh7avj4n0Mk/8uLr\ncu8pQLgqW6v0j/vL2kir4Hm1CKLKlnLjDYsxVmpAmlu1wRPqNG4hSEY8nxn6RBCo\nyHp8QBkfb0nE2dJmXSU+9ghKUlzRZK2c+Urp5KsjlCN2hxMqT5sxteIombmOJhax\nYd0CggEAKuZpR5EpyEJXQjuI8/btPuVHJ1/ReoJLpTNuEblnfmMjWdKXkrWZt7Aq\nzppUa3YT9lK17ywvX7Cc/eBLMM1dPK9yRlOhMW7lYpfyaW2VHbHuYAsRXrqQIHkE\nN4yR7+pdgap6mgyCaNX+QAqHNI8v4PqSYMPQb4L5dgKXHfblvLPDgOHXOuHv0PHq\nt+tuBlz5Ggg9+9dPmCafxkiBP93u5aYzpmHFd1AOl7IB9768f6EL++Id0hH8bLIn\n8btw+oA5BFw7g6qWfItSC6yDMBsBxrGZnQefJbulwnUWMd4bCfQ6cveGfjXIEXNk\nRuazm9QNjUzHxOtjd7ENbNpwJEdwjg==\n-----END PRIVATE KEY-----\n",
            "public_key_fingerprint_md5": "c3:79:17:4f:79:e9:1d:e8:e8:d1:77:0c:b3:4c:39:a7",
            "public_key_fingerprint_sha256": "SHA256:pP3ZhHbxw19msqHv0gC/qUWV+PTpTTH3uDxm8/J7nBI",
            "public_key_openssh": "ssh-rsa AAAAB3NzaC1yc2EAAAADAQABAAACAQC2QYSWbRC+8zwwxs3Wr0JuStbYdMoWIzQntUd1EyhghmfJav8mbUtul8q3NYGJ1iznbBnJrTpnPYqz1m/WOI2L2on2IR8LzuDUYdwUcsRh4AXzMr5w5aYa4dTKIvfIpJdwage8Uzex7SLBSBEun1G2GrwGNrxdR+H0nTKtr+lO8il7jJOoDPrUYThYBymat2F37vKVSgDWHa/5Mo1pmKN11Oe/Xxrj4+KzJqf7mf3BUH3iYaZNufLk5QfvqKJ0XWWeB//QsythBB+PZTdJUt/9aFEjV8P7dlV6P7ko2+brzIvKud1t46GmTKQykO2hM4LJ1IYM5kqWGIiKIn65/KLmNS2ZPmiaaR5XmFiYo1MsxJnnbwCcQRSsZFVbjUtiJGjtci/R8gHcdglvKxu1ldLY8tyLT8C02F1kK4c+C9zGob66ud6Z8g6C+G5SzbfxTW7rFj6zF1QtPsy1EH6xUTik1rQA30x8LqALbiRMp4yEX1SxXUjF8XyVjEXIl5fHIyuyn4Sv9aZvqWc0+moILVqA3/Y6tie0ijkxVNH4/7K7/itpUuKqIOkPNc8XkbxdE04cTFR1uXrwV5ZBh1UKZ88WvFFFawEn5y3Ut0eqdpzomBezKyTSvn/z8Q7k7PluIWJGhQcsXPyi4p9TuC5ClBwIR49sx5tNauxG9cXpzWfBaQ==\n",
            "public_key_pem": "-----BEGIN PUBLIC KEY-----\nMIICIjANBgkqhkiG9w0BAQEFAAOCAg8AMIICCgKCAgEAtkGElm0QvvM8MMbN1q9C\nbkrW2HTKFiM0J7VHdRMoYIZnyWr/Jm1LbpfKtzWBidYs52wZya06Zz2Ks9Zv1jiN\ni9qJ9iEfC87g1GHcFHLEYeAF8zK+cOWmGuHUyiL3yKSXcGoHvFM3se0iwUgRLp9R\nthq8Bja8XUfh9J0yra/pTvIpe4yTqAz61GE4WAcpmrdhd+7ylUoA1h2v+TKNaZij\nddTnv18a4+Pisyan+5n9wVB94mGmTbny5OUH76iidF1lngf/0LMrYQQfj2U3SVLf\n/WhRI1fD+3ZVej+5KNvm68yLyrndbeOhpkykMpDtoTOCydSGDOZKlhiIiiJ+ufyi\n5jUtmT5ommkeV5hYmKNTLMSZ528AnEEUrGRVW41LYiRo7XIv0fIB3HYJbysbtZXS\n2PLci0/AtNhdZCuHPgvcxqG+urnemfIOgvhuUs238U1u6xY+sxdULT7MtRB+sVE4\npNa0AN9MfC6gC24kTKeMhF9UsV1IxfF8lYxFyJeXxyMrsp+Er/Wmb6lnNPpqCC1a\ngN/2OrYntIo5MVTR+P+yu/4raVLiqiDpDzXPF5G8XRNOHExUdbl68FeWQYdVCmfP\nFrxRRWsBJ+ct1LdHqnac6JgXsysk0r5/8/EO5Oz5biFiRoUHLFz8ouKfU7guQpQc\nCEePbMebTWrsRvXF6c1nwWkCAwEAAQ==\n-----END PUBLIC KEY-----\n",
            "rsa_bits": 4096
          },
          "sensitive_attributes": []
        }
      ]
    }
  ],
  "check_results": null
}
