{
  "version": 4,
  "terraform_version": "1.3.9",
  "serial": 79,
  "lineage": "73de4bab-8c21-fc69-33a3-ecbcc18761de",
  "outputs": {
    "aws_ec2_controller_info": {
      "value": {
        "ids": [
          [
            "i-057359360aadb4da2",
            "i-0214a904868644b85",
            "i-035068d37f1453faa"
          ]
        ],
        "public_dns": [
          [
            "ec2-18-144-58-2.us-west-1.compute.amazonaws.com",
            "ec2-13-56-13-200.us-west-1.compute.amazonaws.com",
            "ec2-3-101-112-91.us-west-1.compute.amazonaws.com"
          ]
        ],
        "public_ips": [
          [
            "18.144.58.2",
            "13.56.13.200",
            "3.101.112.91"
          ]
        ]
      },
      "type": [
        "object",
        {
          "ids": [
            "tuple",
            [
              [
                "tuple",
                [
                  "string",
                  "string",
                  "string"
                ]
              ]
            ]
          ],
          "public_dns": [
            "tuple",
            [
              [
                "tuple",
                [
                  "string",
                  "string",
                  "string"
                ]
              ]
            ]
          ],
          "public_ips": [
            "tuple",
            [
              [
                "tuple",
                [
                  "string",
                  "string",
                  "string"
                ]
              ]
            ]
          ]
        }
      ]
    },
    "aws_ec2_worker_info": {
      "value": {
        "ids": [
          [
            "i-0827a1b10d96f721b",
            "i-07a7ce7ed601b4ece",
            "i-0d47b2ca6f94739b7"
          ]
        ],
        "public_dns": [
          [
            "ec2-18-144-43-38.us-west-1.compute.amazonaws.com",
            "ec2-13-57-51-215.us-west-1.compute.amazonaws.com",
            "ec2-204-236-160-37.us-west-1.compute.amazonaws.com"
          ]
        ],
        "public_ips": [
          [
            "18.144.43.38",
            "13.57.51.215",
            "204.236.160.37"
          ]
        ]
      },
      "type": [
        "object",
        {
          "ids": [
            "tuple",
            [
              [
                "tuple",
                [
                  "string",
                  "string",
                  "string"
                ]
              ]
            ]
          ],
          "public_dns": [
            "tuple",
            [
              [
                "tuple",
                [
                  "string",
                  "string",
                  "string"
                ]
              ]
            ]
          ],
          "public_ips": [
            "tuple",
            [
              [
                "tuple",
                [
                  "string",
                  "string",
                  "string"
                ]
              ]
            ]
          ]
        }
      ]
    },
    "k8s_address": {
      "value": "kubernetes-d143040d7bb602d6.elb.us-west-1.amazonaws.com",
      "type": "string"
    }
  },
  "resources": [
    {
      "mode": "data",
      "type": "aws_ami",
      "name": "ubuntu",
      "provider": "provider[\"registry.terraform.io/hashicorp/aws\"]",
      "instances": [
        {
          "schema_version": 0,
          "attributes": {
            "architecture": "x86_64",
            "arn": "arn:aws:ec2:us-west-1::image/ami-05243f78b8d58410b",
            "block_device_mappings": [
              {
                "device_name": "/dev/sda1",
                "ebs": {
                  "delete_on_termination": "true",
                  "encrypted": "false",
                  "iops": "0",
                  "snapshot_id": "snap-032e6fa5b8926c892",
                  "throughput": "0",
                  "volume_size": "8",
                  "volume_type": "gp2"
                },
                "no_device": "",
                "virtual_name": ""
              },
              {
                "device_name": "/dev/sdb",
                "ebs": {},
                "no_device": "",
                "virtual_name": "ephemeral0"
              },
              {
                "device_name": "/dev/sdc",
                "ebs": {},
                "no_device": "",
                "virtual_name": "ephemeral1"
              }
            ],
            "boot_mode": "",
            "creation_date": "2023-02-13T23:09:46.000Z",
            "deprecation_time": "2025-02-13T23:09:46.000Z",
            "description": "Canonical, Ubuntu, 20.04 LTS, amd64 focal image build on 2023-02-13",
            "ena_support": true,
            "executable_users": null,
            "filter": [
              {
                "name": "architecture",
                "values": [
                  "x86_64"
                ]
              },
              {
                "name": "name",
                "values": [
                  "ubuntu/images/hvm-ssd/ubuntu-focal-20.04-amd64-server-*"
                ]
              },
              {
                "name": "root-device-type",
                "values": [
                  "ebs"
                ]
              }
            ],
            "hypervisor": "xen",
            "id": "ami-05243f78b8d58410b",
            "image_id": "ami-05243f78b8d58410b",
            "image_location": "amazon/ubuntu/images/hvm-ssd/ubuntu-focal-20.04-amd64-server-20230213",
            "image_owner_alias": "amazon",
            "image_type": "machine",
            "imds_support": "",
            "include_deprecated": false,
            "kernel_id": "",
            "most_recent": true,
            "name": "ubuntu/images/hvm-ssd/ubuntu-focal-20.04-amd64-server-20230213",
            "name_regex": null,
            "owner_id": "099720109477",
            "owners": [
              "099720109477"
            ],
            "platform": "",
            "platform_details": "Linux/UNIX",
            "product_codes": [],
            "public": true,
            "ramdisk_id": "",
            "root_device_name": "/dev/sda1",
            "root_device_type": "ebs",
            "root_snapshot_id": "snap-032e6fa5b8926c892",
            "sriov_net_support": "simple",
            "state": "available",
            "state_reason": {
              "code": "UNSET",
              "message": "UNSET"
            },
            "tags": {},
            "timeouts": null,
            "tpm_support": "",
            "usage_operation": "RunInstances",
            "virtualization_type": "hvm"
          },
          "sensitive_attributes": []
        }
      ]
    },
    {
      "mode": "managed",
      "type": "aws_instance",
      "name": "controller",
      "provider": "provider[\"registry.terraform.io/hashicorp/aws\"]",
      "instances": [
        {
          "index_key": 0,
          "schema_version": 1,
          "attributes": {
            "ami": "ami-05243f78b8d58410b",
            "arn": "arn:aws:ec2:us-west-1:009611472941:instance/i-057359360aadb4da2",
            "associate_public_ip_address": true,
            "availability_zone": "us-west-1b",
            "capacity_reservation_specification": [
              {
                "capacity_reservation_preference": "open",
                "capacity_reservation_target": []
              }
            ],
            "cpu_core_count": 1,
            "cpu_threads_per_core": 2,
            "credit_specification": [
              {
                "cpu_credits": "unlimited"
              }
            ],
            "disable_api_stop": false,
            "disable_api_termination": false,
            "ebs_block_device": [
              {
                "delete_on_termination": true,
                "device_name": "/dev/sda1",
                "encrypted": false,
                "iops": 150,
                "kms_key_id": "",
                "snapshot_id": "",
                "tags": {},
                "throughput": 0,
                "volume_id": "vol-0df3b84c8b6d86c10",
                "volume_size": 50,
                "volume_type": "gp2"
              }
            ],
            "ebs_optimized": false,
            "enclave_options": [
              {
                "enabled": false
              }
            ],
            "ephemeral_block_device": [],
            "get_password_data": false,
            "hibernation": false,
            "host_id": "",
            "host_resource_group_arn": null,
            "iam_instance_profile": "",
            "id": "i-057359360aadb4da2",
            "instance_initiated_shutdown_behavior": "stop",
            "instance_state": "running",
            "instance_type": "t3.micro",
            "ipv6_address_count": 0,
            "ipv6_addresses": [],
            "key_name": "kubernetes-key",
            "launch_template": [],
            "maintenance_options": [
              {
                "auto_recovery": "default"
              }
            ],
            "metadata_options": [
              {
                "http_endpoint": "enabled",
                "http_put_response_hop_limit": 1,
                "http_tokens": "optional",
                "instance_metadata_tags": "disabled"
              }
            ],
            "monitoring": false,
            "network_interface": [],
            "outpost_arn": "",
            "password_data": "",
            "placement_group": "",
            "placement_partition_number": 0,
            "primary_network_interface_id": "eni-0b9047623a06ec3b7",
            "private_dns": "ip-10-0-1-10.us-west-1.compute.internal",
            "private_dns_name_options": [
              {
                "enable_resource_name_dns_a_record": false,
                "enable_resource_name_dns_aaaa_record": false,
                "hostname_type": "ip-name"
              }
            ],
            "private_ip": "10.0.1.10",
            "public_dns": "ec2-18-144-58-2.us-west-1.compute.amazonaws.com",
            "public_ip": "18.144.58.2",
            "root_block_device": [
              {
                "delete_on_termination": true,
                "device_name": "/dev/sda1",
                "encrypted": false,
                "iops": 150,
                "kms_key_id": "",
                "tags": {},
                "throughput": 0,
                "volume_id": "vol-0df3b84c8b6d86c10",
                "volume_size": 50,
                "volume_type": "gp2"
              }
            ],
            "secondary_private_ips": [],
            "security_groups": [],
            "source_dest_check": false,
            "subnet_id": "subnet-0aa6653271d29cec0",
            "tags": {
              "Id": "controller-0"
            },
            "tags_all": {
              "Id": "controller-0",
              "Name": "kubernetes"
            },
            "tenancy": "default",
            "timeouts": null,
            "user_data": "2ad4c8fd9f1b61f5126b29d7688e8fb10f605789",
            "user_data_base64": null,
            "user_data_replace_on_change": false,
            "volume_tags": null,
            "vpc_security_group_ids": [
              "sg-02cc979c0dffb4dae"
            ]
          },
          "sensitive_attributes": [],
          "private": "eyJlMmJmYjczMC1lY2FhLTExZTYtOGY4OC0zNDM2M2JjN2M0YzAiOnsiY3JlYXRlIjo2MDAwMDAwMDAwMDAsImRlbGV0ZSI6MTIwMDAwMDAwMDAwMCwidXBkYXRlIjo2MDAwMDAwMDAwMDB9LCJzY2hlbWFfdmVyc2lvbiI6IjEifQ==",
          "dependencies": [
            "aws_key_pair.deployer",
            "aws_security_group.inbound",
            "aws_subnet.main",
            "aws_vpc.main",
            "data.aws_ami.ubuntu",
            "tls_private_key.dev"
          ]
        },
        {
          "index_key": 1,
          "schema_version": 1,
          "attributes": {
            "ami": "ami-05243f78b8d58410b",
            "arn": "arn:aws:ec2:us-west-1:009611472941:instance/i-0214a904868644b85",
            "associate_public_ip_address": true,
            "availability_zone": "us-west-1b",
            "capacity_reservation_specification": [
              {
                "capacity_reservation_preference": "open",
                "capacity_reservation_target": []
              }
            ],
            "cpu_core_count": 1,
            "cpu_threads_per_core": 2,
            "credit_specification": [
              {
                "cpu_credits": "unlimited"
              }
            ],
            "disable_api_stop": false,
            "disable_api_termination": false,
            "ebs_block_device": [
              {
                "delete_on_termination": true,
                "device_name": "/dev/sda1",
                "encrypted": false,
                "iops": 150,
                "kms_key_id": "",
                "snapshot_id": "",
                "tags": {},
                "throughput": 0,
                "volume_id": "vol-0f82643474acc025f",
                "volume_size": 50,
                "volume_type": "gp2"
              }
            ],
            "ebs_optimized": false,
            "enclave_options": [
              {
                "enabled": false
              }
            ],
            "ephemeral_block_device": [],
            "get_password_data": false,
            "hibernation": false,
            "host_id": "",
            "host_resource_group_arn": null,
            "iam_instance_profile": "",
            "id": "i-0214a904868644b85",
            "instance_initiated_shutdown_behavior": "stop",
            "instance_state": "running",
            "instance_type": "t3.micro",
            "ipv6_address_count": 0,
            "ipv6_addresses": [],
            "key_name": "kubernetes-key",
            "launch_template": [],
            "maintenance_options": [
              {
                "auto_recovery": "default"
              }
            ],
            "metadata_options": [
              {
                "http_endpoint": "enabled",
                "http_put_response_hop_limit": 1,
                "http_tokens": "optional",
                "instance_metadata_tags": "disabled"
              }
            ],
            "monitoring": false,
            "network_interface": [],
            "outpost_arn": "",
            "password_data": "",
            "placement_group": "",
            "placement_partition_number": 0,
            "primary_network_interface_id": "eni-0353395aed7c8b23b",
            "private_dns": "ip-10-0-1-11.us-west-1.compute.internal",
            "private_dns_name_options": [
              {
                "enable_resource_name_dns_a_record": false,
                "enable_resource_name_dns_aaaa_record": false,
                "hostname_type": "ip-name"
              }
            ],
            "private_ip": "10.0.1.11",
            "public_dns": "ec2-13-56-13-200.us-west-1.compute.amazonaws.com",
            "public_ip": "13.56.13.200",
            "root_block_device": [
              {
                "delete_on_termination": true,
                "device_name": "/dev/sda1",
                "encrypted": false,
                "iops": 150,
                "kms_key_id": "",
                "tags": {},
                "throughput": 0,
                "volume_id": "vol-0f82643474acc025f",
                "volume_size": 50,
                "volume_type": "gp2"
              }
            ],
            "secondary_private_ips": [],
            "security_groups": [],
            "source_dest_check": false,
            "subnet_id": "subnet-0aa6653271d29cec0",
            "tags": {
              "Id": "controller-1"
            },
            "tags_all": {
              "Id": "controller-1",
              "Name": "kubernetes"
            },
            "tenancy": "default",
            "timeouts": null,
            "user_data": "535d7ed0be2b93c98b5bc5a5a33a3f0f46ce7461",
            "user_data_base64": null,
            "user_data_replace_on_change": false,
            "volume_tags": null,
            "vpc_security_group_ids": [
              "sg-02cc979c0dffb4dae"
            ]
          },
          "sensitive_attributes": [],
          "private": "eyJlMmJmYjczMC1lY2FhLTExZTYtOGY4OC0zNDM2M2JjN2M0YzAiOnsiY3JlYXRlIjo2MDAwMDAwMDAwMDAsImRlbGV0ZSI6MTIwMDAwMDAwMDAwMCwidXBkYXRlIjo2MDAwMDAwMDAwMDB9LCJzY2hlbWFfdmVyc2lvbiI6IjEifQ==",
          "dependencies": [
            "aws_key_pair.deployer",
            "aws_security_group.inbound",
            "aws_subnet.main",
            "aws_vpc.main",
            "data.aws_ami.ubuntu",
            "tls_private_key.dev"
          ]
        },
        {
          "index_key": 2,
          "schema_version": 1,
          "attributes": {
            "ami": "ami-05243f78b8d58410b",
            "arn": "arn:aws:ec2:us-west-1:009611472941:instance/i-035068d37f1453faa",
            "associate_public_ip_address": true,
            "availability_zone": "us-west-1b",
            "capacity_reservation_specification": [
              {
                "capacity_reservation_preference": "open",
                "capacity_reservation_target": []
              }
            ],
            "cpu_core_count": 1,
            "cpu_threads_per_core": 2,
            "credit_specification": [
              {
                "cpu_credits": "unlimited"
              }
            ],
            "disable_api_stop": false,
            "disable_api_termination": false,
            "ebs_block_device": [
              {
                "delete_on_termination": true,
                "device_name": "/dev/sda1",
                "encrypted": false,
                "iops": 150,
                "kms_key_id": "",
                "snapshot_id": "",
                "tags": {},
                "throughput": 0,
                "volume_id": "vol-0e1edf52c148395e8",
                "volume_size": 50,
                "volume_type": "gp2"
              }
            ],
            "ebs_optimized": false,
            "enclave_options": [
              {
                "enabled": false
              }
            ],
            "ephemeral_block_device": [],
            "get_password_data": false,
            "hibernation": false,
            "host_id": "",
            "host_resource_group_arn": null,
            "iam_instance_profile": "",
            "id": "i-035068d37f1453faa",
            "instance_initiated_shutdown_behavior": "stop",
            "instance_state": "running",
            "instance_type": "t3.micro",
            "ipv6_address_count": 0,
            "ipv6_addresses": [],
            "key_name": "kubernetes-key",
            "launch_template": [],
            "maintenance_options": [
              {
                "auto_recovery": "default"
              }
            ],
            "metadata_options": [
              {
                "http_endpoint": "enabled",
                "http_put_response_hop_limit": 1,
                "http_tokens": "optional",
                "instance_metadata_tags": "disabled"
              }
            ],
            "monitoring": false,
            "network_interface": [],
            "outpost_arn": "",
            "password_data": "",
            "placement_group": "",
            "placement_partition_number": 0,
            "primary_network_interface_id": "eni-04d8d7374cca59ebb",
            "private_dns": "ip-10-0-1-12.us-west-1.compute.internal",
            "private_dns_name_options": [
              {
                "enable_resource_name_dns_a_record": false,
                "enable_resource_name_dns_aaaa_record": false,
                "hostname_type": "ip-name"
              }
            ],
            "private_ip": "10.0.1.12",
            "public_dns": "ec2-3-101-112-91.us-west-1.compute.amazonaws.com",
            "public_ip": "3.101.112.91",
            "root_block_device": [
              {
                "delete_on_termination": true,
                "device_name": "/dev/sda1",
                "encrypted": false,
                "iops": 150,
                "kms_key_id": "",
                "tags": {},
                "throughput": 0,
                "volume_id": "vol-0e1edf52c148395e8",
                "volume_size": 50,
                "volume_type": "gp2"
              }
            ],
            "secondary_private_ips": [],
            "security_groups": [],
            "source_dest_check": false,
            "subnet_id": "subnet-0aa6653271d29cec0",
            "tags": {
              "Id": "controller-2"
            },
            "tags_all": {
              "Id": "controller-2",
              "Name": "kubernetes"
            },
            "tenancy": "default",
            "timeouts": null,
            "user_data": "7d943c240bf39c919301f9fb05d740e8ccf84780",
            "user_data_base64": null,
            "user_data_replace_on_change": false,
            "volume_tags": null,
            "vpc_security_group_ids": [
              "sg-02cc979c0dffb4dae"
            ]
          },
          "sensitive_attributes": [],
          "private": "eyJlMmJmYjczMC1lY2FhLTExZTYtOGY4OC0zNDM2M2JjN2M0YzAiOnsiY3JlYXRlIjo2MDAwMDAwMDAwMDAsImRlbGV0ZSI6MTIwMDAwMDAwMDAwMCwidXBkYXRlIjo2MDAwMDAwMDAwMDB9LCJzY2hlbWFfdmVyc2lvbiI6IjEifQ==",
          "dependencies": [
            "aws_key_pair.deployer",
            "aws_security_group.inbound",
            "aws_subnet.main",
            "aws_vpc.main",
            "data.aws_ami.ubuntu",
            "tls_private_key.dev"
          ]
        }
      ]
    },
    {
      "mode": "managed",
      "type": "aws_instance",
      "name": "worker",
      "provider": "provider[\"registry.terraform.io/hashicorp/aws\"]",
      "instances": [
        {
          "index_key": 0,
          "schema_version": 1,
          "attributes": {
            "ami": "ami-05243f78b8d58410b",
            "arn": "arn:aws:ec2:us-west-1:009611472941:instance/i-0827a1b10d96f721b",
            "associate_public_ip_address": true,
            "availability_zone": "us-west-1b",
            "capacity_reservation_specification": [
              {
                "capacity_reservation_preference": "open",
                "capacity_reservation_target": []
              }
            ],
            "cpu_core_count": 1,
            "cpu_threads_per_core": 2,
            "credit_specification": [
              {
                "cpu_credits": "unlimited"
              }
            ],
            "disable_api_stop": false,
            "disable_api_termination": false,
            "ebs_block_device": [
              {
                "delete_on_termination": true,
                "device_name": "/dev/sda1",
                "encrypted": false,
                "iops": 150,
                "kms_key_id": "",
                "snapshot_id": "",
                "tags": {},
                "throughput": 0,
                "volume_id": "vol-0a5f7a2a12980daff",
                "volume_size": 50,
                "volume_type": "gp2"
              }
            ],
            "ebs_optimized": false,
            "enclave_options": [
              {
                "enabled": false
              }
            ],
            "ephemeral_block_device": [],
            "get_password_data": false,
            "hibernation": false,
            "host_id": "",
            "host_resource_group_arn": null,
            "iam_instance_profile": "",
            "id": "i-0827a1b10d96f721b",
            "instance_initiated_shutdown_behavior": "stop",
            "instance_state": "running",
            "instance_type": "t3.micro",
            "ipv6_address_count": 0,
            "ipv6_addresses": [],
            "key_name": "kubernetes-key",
            "launch_template": [],
            "maintenance_options": [
              {
                "auto_recovery": "default"
              }
            ],
            "metadata_options": [
              {
                "http_endpoint": "enabled",
                "http_put_response_hop_limit": 1,
                "http_tokens": "optional",
                "instance_metadata_tags": "disabled"
              }
            ],
            "monitoring": false,
            "network_interface": [],
            "outpost_arn": "",
            "password_data": "",
            "placement_group": "",
            "placement_partition_number": 0,
            "primary_network_interface_id": "eni-0760c4c34e9c157f7",
            "private_dns": "ip-10-0-1-20.us-west-1.compute.internal",
            "private_dns_name_options": [
              {
                "enable_resource_name_dns_a_record": false,
                "enable_resource_name_dns_aaaa_record": false,
                "hostname_type": "ip-name"
              }
            ],
            "private_ip": "10.0.1.20",
            "public_dns": "ec2-18-144-43-38.us-west-1.compute.amazonaws.com",
            "public_ip": "18.144.43.38",
            "root_block_device": [
              {
                "delete_on_termination": true,
                "device_name": "/dev/sda1",
                "encrypted": false,
                "iops": 150,
                "kms_key_id": "",
                "tags": {},
                "throughput": 0,
                "volume_id": "vol-0a5f7a2a12980daff",
                "volume_size": 50,
                "volume_type": "gp2"
              }
            ],
            "secondary_private_ips": [],
            "security_groups": [],
            "source_dest_check": false,
            "subnet_id": "subnet-0aa6653271d29cec0",
            "tags": {
              "Id": "worker-0"
            },
            "tags_all": {
              "Id": "worker-0",
              "Name": "kubernetes"
            },
            "tenancy": "default",
            "timeouts": null,
            "user_data": "aa9800821fd236820a9525fdef0a28cf8adf962b",
            "user_data_base64": null,
            "user_data_replace_on_change": false,
            "volume_tags": null,
            "vpc_security_group_ids": [
              "sg-02cc979c0dffb4dae"
            ]
          },
          "sensitive_attributes": [],
          "private": "eyJlMmJmYjczMC1lY2FhLTExZTYtOGY4OC0zNDM2M2JjN2M0YzAiOnsiY3JlYXRlIjo2MDAwMDAwMDAwMDAsImRlbGV0ZSI6MTIwMDAwMDAwMDAwMCwidXBkYXRlIjo2MDAwMDAwMDAwMDB9LCJzY2hlbWFfdmVyc2lvbiI6IjEifQ==",
          "dependencies": [
            "aws_key_pair.deployer",
            "aws_security_group.inbound",
            "aws_subnet.main",
            "aws_vpc.main",
            "data.aws_ami.ubuntu",
            "tls_private_key.dev"
          ]
        },
        {
          "index_key": 1,
          "schema_version": 1,
          "attributes": {
            "ami": "ami-05243f78b8d58410b",
            "arn": "arn:aws:ec2:us-west-1:009611472941:instance/i-07a7ce7ed601b4ece",
            "associate_public_ip_address": true,
            "availability_zone": "us-west-1b",
            "capacity_reservation_specification": [
              {
                "capacity_reservation_preference": "open",
                "capacity_reservation_target": []
              }
            ],
            "cpu_core_count": 1,
            "cpu_threads_per_core": 2,
            "credit_specification": [
              {
                "cpu_credits": "unlimited"
              }
            ],
            "disable_api_stop": false,
            "disable_api_termination": false,
            "ebs_block_device": [
              {
                "delete_on_termination": true,
                "device_name": "/dev/sda1",
                "encrypted": false,
                "iops": 150,
                "kms_key_id": "",
                "snapshot_id": "",
                "tags": {},
                "throughput": 0,
                "volume_id": "vol-0aaaf520cfd1638cb",
                "volume_size": 50,
                "volume_type": "gp2"
              }
            ],
            "ebs_optimized": false,
            "enclave_options": [
              {
                "enabled": false
              }
            ],
            "ephemeral_block_device": [],
            "get_password_data": false,
            "hibernation": false,
            "host_id": "",
            "host_resource_group_arn": null,
            "iam_instance_profile": "",
            "id": "i-07a7ce7ed601b4ece",
            "instance_initiated_shutdown_behavior": "stop",
            "instance_state": "running",
            "instance_type": "t3.micro",
            "ipv6_address_count": 0,
            "ipv6_addresses": [],
            "key_name": "kubernetes-key",
            "launch_template": [],
            "maintenance_options": [
              {
                "auto_recovery": "default"
              }
            ],
            "metadata_options": [
              {
                "http_endpoint": "enabled",
                "http_put_response_hop_limit": 1,
                "http_tokens": "optional",
                "instance_metadata_tags": "disabled"
              }
            ],
            "monitoring": false,
            "network_interface": [],
            "outpost_arn": "",
            "password_data": "",
            "placement_group": "",
            "placement_partition_number": 0,
            "primary_network_interface_id": "eni-08629b10cbadecfe0",
            "private_dns": "ip-10-0-1-21.us-west-1.compute.internal",
            "private_dns_name_options": [
              {
                "enable_resource_name_dns_a_record": false,
                "enable_resource_name_dns_aaaa_record": false,
                "hostname_type": "ip-name"
              }
            ],
            "private_ip": "10.0.1.21",
            "public_dns": "ec2-13-57-51-215.us-west-1.compute.amazonaws.com",
            "public_ip": "13.57.51.215",
            "root_block_device": [
              {
                "delete_on_termination": true,
                "device_name": "/dev/sda1",
                "encrypted": false,
                "iops": 150,
                "kms_key_id": "",
                "tags": {},
                "throughput": 0,
                "volume_id": "vol-0aaaf520cfd1638cb",
                "volume_size": 50,
                "volume_type": "gp2"
              }
            ],
            "secondary_private_ips": [],
            "security_groups": [],
            "source_dest_check": false,
            "subnet_id": "subnet-0aa6653271d29cec0",
            "tags": {
              "Id": "worker-1"
            },
            "tags_all": {
              "Id": "worker-1",
              "Name": "kubernetes"
            },
            "tenancy": "default",
            "timeouts": null,
            "user_data": "609ab3c3988444a41b87ad74edd7fb3ae1e13146",
            "user_data_base64": null,
            "user_data_replace_on_change": false,
            "volume_tags": null,
            "vpc_security_group_ids": [
              "sg-02cc979c0dffb4dae"
            ]
          },
          "sensitive_attributes": [],
          "private": "eyJlMmJmYjczMC1lY2FhLTExZTYtOGY4OC0zNDM2M2JjN2M0YzAiOnsiY3JlYXRlIjo2MDAwMDAwMDAwMDAsImRlbGV0ZSI6MTIwMDAwMDAwMDAwMCwidXBkYXRlIjo2MDAwMDAwMDAwMDB9LCJzY2hlbWFfdmVyc2lvbiI6IjEifQ==",
          "dependencies": [
            "aws_key_pair.deployer",
            "aws_security_group.inbound",
            "aws_subnet.main",
            "aws_vpc.main",
            "data.aws_ami.ubuntu",
            "tls_private_key.dev"
          ]
        },
        {
          "index_key": 2,
          "schema_version": 1,
          "attributes": {
            "ami": "ami-05243f78b8d58410b",
            "arn": "arn:aws:ec2:us-west-1:009611472941:instance/i-0d47b2ca6f94739b7",
            "associate_public_ip_address": true,
            "availability_zone": "us-west-1b",
            "capacity_reservation_specification": [
              {
                "capacity_reservation_preference": "open",
                "capacity_reservation_target": []
              }
            ],
            "cpu_core_count": 1,
            "cpu_threads_per_core": 2,
            "credit_specification": [
              {
                "cpu_credits": "unlimited"
              }
            ],
            "disable_api_stop": false,
            "disable_api_termination": false,
            "ebs_block_device": [
              {
                "delete_on_termination": true,
                "device_name": "/dev/sda1",
                "encrypted": false,
                "iops": 150,
                "kms_key_id": "",
                "snapshot_id": "",
                "tags": {},
                "throughput": 0,
                "volume_id": "vol-0da995c079fde1f15",
                "volume_size": 50,
                "volume_type": "gp2"
              }
            ],
            "ebs_optimized": false,
            "enclave_options": [
              {
                "enabled": false
              }
            ],
            "ephemeral_block_device": [],
            "get_password_data": false,
            "hibernation": false,
            "host_id": "",
            "host_resource_group_arn": null,
            "iam_instance_profile": "",
            "id": "i-0d47b2ca6f94739b7",
            "instance_initiated_shutdown_behavior": "stop",
            "instance_state": "running",
            "instance_type": "t3.micro",
            "ipv6_address_count": 0,
            "ipv6_addresses": [],
            "key_name": "kubernetes-key",
            "launch_template": [],
            "maintenance_options": [
              {
                "auto_recovery": "default"
              }
            ],
            "metadata_options": [
              {
                "http_endpoint": "enabled",
                "http_put_response_hop_limit": 1,
                "http_tokens": "optional",
                "instance_metadata_tags": "disabled"
              }
            ],
            "monitoring": false,
            "network_interface": [],
            "outpost_arn": "",
            "password_data": "",
            "placement_group": "",
            "placement_partition_number": 0,
            "primary_network_interface_id": "eni-075f30ed18c8f41cc",
            "private_dns": "ip-10-0-1-22.us-west-1.compute.internal",
            "private_dns_name_options": [
              {
                "enable_resource_name_dns_a_record": false,
                "enable_resource_name_dns_aaaa_record": false,
                "hostname_type": "ip-name"
              }
            ],
            "private_ip": "10.0.1.22",
            "public_dns": "ec2-204-236-160-37.us-west-1.compute.amazonaws.com",
            "public_ip": "204.236.160.37",
            "root_block_device": [
              {
                "delete_on_termination": true,
                "device_name": "/dev/sda1",
                "encrypted": false,
                "iops": 150,
                "kms_key_id": "",
                "tags": {},
                "throughput": 0,
                "volume_id": "vol-0da995c079fde1f15",
                "volume_size": 50,
                "volume_type": "gp2"
              }
            ],
            "secondary_private_ips": [],
            "security_groups": [],
            "source_dest_check": false,
            "subnet_id": "subnet-0aa6653271d29cec0",
            "tags": {
              "Id": "worker-2"
            },
            "tags_all": {
              "Id": "worker-2",
              "Name": "kubernetes"
            },
            "tenancy": "default",
            "timeouts": null,
            "user_data": "c60060841a9e75254174604d45de1be586aa1d31",
            "user_data_base64": null,
            "user_data_replace_on_change": false,
            "volume_tags": null,
            "vpc_security_group_ids": [
              "sg-02cc979c0dffb4dae"
            ]
          },
          "sensitive_attributes": [],
          "private": "eyJlMmJmYjczMC1lY2FhLTExZTYtOGY4OC0zNDM2M2JjN2M0YzAiOnsiY3JlYXRlIjo2MDAwMDAwMDAwMDAsImRlbGV0ZSI6MTIwMDAwMDAwMDAwMCwidXBkYXRlIjo2MDAwMDAwMDAwMDB9LCJzY2hlbWFfdmVyc2lvbiI6IjEifQ==",
          "dependencies": [
            "aws_key_pair.deployer",
            "aws_security_group.inbound",
            "aws_subnet.main",
            "aws_vpc.main",
            "data.aws_ami.ubuntu",
            "tls_private_key.dev"
          ]
        }
      ]
    },
    {
      "mode": "managed",
      "type": "aws_internet_gateway",
      "name": "main",
      "provider": "provider[\"registry.terraform.io/hashicorp/aws\"]",
      "instances": [
        {
          "schema_version": 0,
          "attributes": {
            "arn": "arn:aws:ec2:us-west-1:009611472941:internet-gateway/igw-009a34a5be7c1b43d",
            "id": "igw-009a34a5be7c1b43d",
            "owner_id": "009611472941",
            "tags": {},
            "tags_all": {
              "Name": "kubernetes"
            },
            "timeouts": null,
            "vpc_id": "vpc-0878beb9564c986a6"
          },
          "sensitive_attributes": [],
          "private": "eyJlMmJmYjczMC1lY2FhLTExZTYtOGY4OC0zNDM2M2JjN2M0YzAiOnsiY3JlYXRlIjoxMjAwMDAwMDAwMDAwLCJkZWxldGUiOjEyMDAwMDAwMDAwMDAsInVwZGF0ZSI6MTIwMDAwMDAwMDAwMH19",
          "dependencies": [
            "aws_vpc.main"
          ]
        }
      ]
    },
    {
      "mode": "managed",
      "type": "aws_key_pair",
      "name": "deployer",
      "provider": "provider[\"registry.terraform.io/hashicorp/aws\"]",
      "instances": [
        {
          "schema_version": 1,
          "attributes": {
            "arn": "arn:aws:ec2:us-west-1:009611472941:key-pair/kubernetes-key",
            "fingerprint": "f3:17:e0:7a:19:bb:35:bc:cd:9a:ab:96:f6:f5:1a:19",
            "id": "kubernetes-key",
            "key_name": "kubernetes-key",
            "key_name_prefix": "",
            "key_pair_id": "key-06f0dd41ab60ef418",
            "key_type": "rsa",
            "public_key": "ssh-rsa AAAAB3NzaC1yc2EAAAADAQABAAACAQC9va45zbWPdF4ge8Fxg3wdWsoFuBomUXR5S47UDjpYtsrhjyFsAMKMuHjKXv5yXnxO0r4wYpby03PGcW/sxED8mrA/2Snffpb7+GvBw4+ZH/XjYzjSV4XSYXSLlodt9b51Uli2vf7+ZOmAq4LeW95Lom6ywbjI8hfo88TzqrFeY6mfKceI5GRtQOTbHyDsQaIzPdoOs+c7Wx+VvKjUWXDQ1cIGUBcd3HtV3X6IVQORlJ/h0nml5FqQS6UYMfwpY3JWUKBC0jKn5pO/IATAjmdyzZ1/G0ERMyP03p3st84vkLrOCd4H7xUAf7Qmzc5lTAWpe5Mj4I4f8bLhBrh7evnX6Tlr7EzGlztwy7JwL+jfRsIt6md7laIyib0CPvLutlQbyJ1+Cod3Ygq5d8/uGB0/kntWw/TXSclWnL1D0U5089RlLnODIS2sv+QCrG8XbC35imhrTCAIP9SWhw8pQaxp9CkhojcfrlZl2efDVNahL13o1os5J6s652sPSXSVfVLjV707wXr18FC3deyVCZZ2gry2Q+Bni02ZmllfBoYY3/ROTVGaV7+tLoAEtUGHYI7AD9yK7S91FEp+ndwzd9CRv5lOTwfZjl4h2wfSdUpOTVxQU1hkDXuJUBSa3ZKE2rUKeHqWFp8VeqLhhCNOUzLkgLcIQctPZ2/3B2VgLScnNw==",
            "tags": {},
            "tags_all": {
              "Name": "kubernetes"
            }
          },
          "sensitive_attributes": [],
          "private": "eyJzY2hlbWFfdmVyc2lvbiI6IjEifQ==",
          "dependencies": [
            "tls_private_key.dev"
          ]
        }
      ]
    },
    {
      "mode": "managed",
      "type": "aws_lb",
      "name": "main",
      "provider": "provider[\"registry.terraform.io/hashicorp/aws\"]",
      "instances": [
        {
          "schema_version": 0,
          "attributes": {
            "access_logs": [
              {
                "bucket": "",
                "enabled": false,
                "prefix": ""
              }
            ],
            "arn": "arn:aws:elasticloadbalancing:us-west-1:009611472941:loadbalancer/net/kubernetes/d143040d7bb602d6",
            "arn_suffix": "net/kubernetes/d143040d7bb602d6",
            "customer_owned_ipv4_pool": "",
            "desync_mitigation_mode": null,
            "dns_name": "kubernetes-d143040d7bb602d6.elb.us-west-1.amazonaws.com",
            "drop_invalid_header_fields": null,
            "enable_cross_zone_load_balancing": false,
            "enable_deletion_protection": false,
            "enable_http2": null,
            "enable_waf_fail_open": null,
            "id": "arn:aws:elasticloadbalancing:us-west-1:009611472941:loadbalancer/net/kubernetes/d143040d7bb602d6",
            "idle_timeout": null,
            "internal": false,
            "ip_address_type": "ipv4",
            "load_balancer_type": "network",
            "name": "kubernetes",
            "name_prefix": null,
            "preserve_host_header": null,
            "security_groups": [],
            "subnet_mapping": [
              {
                "allocation_id": "",
                "ipv6_address": "",
                "outpost_id": "",
                "private_ipv4_address": "",
                "subnet_id": "subnet-0aa6653271d29cec0"
              }
            ],
            "subnets": [
              "subnet-0aa6653271d29cec0"
            ],
            "tags": {},
            "tags_all": {
              "Name": "kubernetes"
            },
            "timeouts": null,
            "vpc_id": "vpc-0878beb9564c986a6",
            "zone_id": "Z24FKFUX50B4VW"
          },
          "sensitive_attributes": [],
          "private": "eyJlMmJmYjczMC1lY2FhLTExZTYtOGY4OC0zNDM2M2JjN2M0YzAiOnsiY3JlYXRlIjo2MDAwMDAwMDAwMDAsImRlbGV0ZSI6NjAwMDAwMDAwMDAwLCJ1cGRhdGUiOjYwMDAwMDAwMDAwMH19",
          "dependencies": [
            "aws_subnet.main",
            "aws_vpc.main"
          ]
        }
      ]
    },
    {
      "mode": "managed",
      "type": "aws_lb_listener",
      "name": "forward",
      "provider": "provider[\"registry.terraform.io/hashicorp/aws\"]",
      "instances": [
        {
          "schema_version": 0,
          "attributes": {
            "alpn_policy": null,
            "arn": "arn:aws:elasticloadbalancing:us-west-1:009611472941:listener/net/kubernetes/d143040d7bb602d6/460eb5a3be4faa91",
            "certificate_arn": null,
            "default_action": [
              {
                "authenticate_cognito": [],
                "authenticate_oidc": [],
                "fixed_response": [],
                "forward": [],
                "order": 1,
                "redirect": [],
                "target_group_arn": "arn:aws:elasticloadbalancing:us-west-1:009611472941:targetgroup/kubernetes/07d8ee110e5bab30",
                "type": "forward"
              }
            ],
            "id": "arn:aws:elasticloadbalancing:us-west-1:009611472941:listener/net/kubernetes/d143040d7bb602d6/460eb5a3be4faa91",
            "load_balancer_arn": "arn:aws:elasticloadbalancing:us-west-1:009611472941:loadbalancer/net/kubernetes/d143040d7bb602d6",
            "port": 443,
            "protocol": "TCP",
            "ssl_policy": "",
            "tags": {},
            "tags_all": {
              "Name": "kubernetes"
            },
            "timeouts": null
          },
          "sensitive_attributes": [],
          "private": "eyJlMmJmYjczMC1lY2FhLTExZTYtOGY4OC0zNDM2M2JjN2M0YzAiOnsicmVhZCI6NjAwMDAwMDAwMDAwfX0=",
          "dependencies": [
            "aws_lb.main",
            "aws_lb_target_group.main",
            "aws_subnet.main",
            "aws_vpc.main"
          ]
        }
      ]
    },
    {
      "mode": "managed",
      "type": "aws_lb_target_group",
      "name": "main",
      "provider": "provider[\"registry.terraform.io/hashicorp/aws\"]",
      "instances": [
        {
          "schema_version": 0,
          "attributes": {
            "arn": "arn:aws:elasticloadbalancing:us-west-1:009611472941:targetgroup/kubernetes/07d8ee110e5bab30",
            "arn_suffix": "targetgroup/kubernetes/07d8ee110e5bab30",
            "connection_termination": false,
            "deregistration_delay": "300",
            "health_check": [
              {
                "enabled": true,
                "healthy_threshold": 5,
                "interval": 30,
                "matcher": "",
                "path": "",
                "port": "traffic-port",
                "protocol": "TCP",
                "timeout": 10,
                "unhealthy_threshold": 2
              }
            ],
            "id": "arn:aws:elasticloadbalancing:us-west-1:009611472941:targetgroup/kubernetes/07d8ee110e5bab30",
            "ip_address_type": "ipv4",
            "lambda_multi_value_headers_enabled": false,
            "load_balancing_algorithm_type": null,
            "name": "kubernetes",
            "name_prefix": null,
            "port": 6443,
            "preserve_client_ip": "false",
            "protocol": "TCP",
            "protocol_version": null,
            "proxy_protocol_v2": false,
            "slow_start": 0,
            "stickiness": [
              {
                "cookie_duration": 0,
                "cookie_name": "",
                "enabled": false,
                "type": "source_ip"
              }
            ],
            "tags": {},
            "tags_all": {
              "Name": "kubernetes"
            },
            "target_failover": [
              {
                "on_deregistration": null,
                "on_unhealthy": null
              }
            ],
            "target_type": "ip",
            "vpc_id": "vpc-0878beb9564c986a6"
          },
          "sensitive_attributes": [],
          "private": "bnVsbA==",
          "dependencies": [
            "aws_vpc.main"
          ]
        }
      ]
    },
    {
      "mode": "managed",
      "type": "aws_lb_target_group_attachment",
      "name": "main",
      "provider": "provider[\"registry.terraform.io/hashicorp/aws\"]",
      "instances": [
        {
          "schema_version": 0,
          "attributes": {
            "availability_zone": null,
            "id": "arn:aws:elasticloadbalancing:us-west-1:009611472941:targetgroup/kubernetes/07d8ee110e5bab30-20230226172203077400000001",
            "port": null,
            "target_group_arn": "arn:aws:elasticloadbalancing:us-west-1:009611472941:targetgroup/kubernetes/07d8ee110e5bab30",
            "target_id": "10.0.1.10"
          },
          "sensitive_attributes": [],
          "private": "bnVsbA==",
          "dependencies": [
            "aws_lb_target_group.main",
            "aws_vpc.main"
          ]
        }
      ]
    },
    {
      "mode": "managed",
      "type": "aws_route_table",
      "name": "main",
      "provider": "provider[\"registry.terraform.io/hashicorp/aws\"]",
      "instances": [
        {
          "schema_version": 0,
          "attributes": {
            "arn": "arn:aws:ec2:us-west-1:009611472941:route-table/rtb-0b80606273243fe28",
            "id": "rtb-0b80606273243fe28",
            "owner_id": "009611472941",
            "propagating_vgws": [],
            "route": [
              {
                "carrier_gateway_id": "",
                "cidr_block": "0.0.0.0/0",
                "core_network_arn": "",
                "destination_prefix_list_id": "",
                "egress_only_gateway_id": "",
                "gateway_id": "igw-009a34a5be7c1b43d",
                "instance_id": "",
                "ipv6_cidr_block": "",
                "local_gateway_id": "",
                "nat_gateway_id": "",
                "network_interface_id": "",
                "transit_gateway_id": "",
                "vpc_endpoint_id": "",
                "vpc_peering_connection_id": ""
              }
            ],
            "tags": {},
            "tags_all": {
              "Name": "kubernetes"
            },
            "timeouts": null,
            "vpc_id": "vpc-0878beb9564c986a6"
          },
          "sensitive_attributes": [],
          "private": "eyJlMmJmYjczMC1lY2FhLTExZTYtOGY4OC0zNDM2M2JjN2M0YzAiOnsiY3JlYXRlIjozMDAwMDAwMDAwMDAsImRlbGV0ZSI6MzAwMDAwMDAwMDAwLCJ1cGRhdGUiOjEyMDAwMDAwMDAwMH19",
          "dependencies": [
            "aws_internet_gateway.main",
            "aws_vpc.main"
          ]
        }
      ]
    },
    {
      "mode": "managed",
      "type": "aws_route_table_association",
      "name": "a",
      "provider": "provider[\"registry.terraform.io/hashicorp/aws\"]",
      "instances": [
        {
          "schema_version": 0,
          "attributes": {
            "gateway_id": "",
            "id": "rtbassoc-01927c1fe84ff1e61",
            "route_table_id": "rtb-0b80606273243fe28",
            "subnet_id": "subnet-0aa6653271d29cec0"
          },
          "sensitive_attributes": [],
          "private": "bnVsbA==",
          "dependencies": [
            "aws_internet_gateway.main",
            "aws_route_table.main",
            "aws_subnet.main",
            "aws_vpc.main"
          ]
        }
      ]
    },
    {
      "mode": "managed",
      "type": "aws_security_group",
      "name": "inbound",
      "provider": "provider[\"registry.terraform.io/hashicorp/aws\"]",
      "instances": [
        {
          "schema_version": 1,
          "attributes": {
            "arn": "arn:aws:ec2:us-west-1:009611472941:security-group/sg-02cc979c0dffb4dae",
            "description": "Kubernetes security group",
            "egress": [],
            "id": "sg-02cc979c0dffb4dae",
            "ingress": [
              {
                "cidr_blocks": [
                  "0.0.0.0/0"
                ],
                "description": "Allow ICMP aka ping",
                "from_port": 1,
                "ipv6_cidr_blocks": [],
                "prefix_list_ids": [],
                "protocol": "icmp",
                "security_groups": [],
                "self": false,
                "to_port": 1
              },
              {
                "cidr_blocks": [
                  "0.0.0.0/0"
                ],
                "description": "Allow SSH",
                "from_port": 22,
                "ipv6_cidr_blocks": [],
                "prefix_list_ids": [],
                "protocol": "tcp",
                "security_groups": [],
                "self": false,
                "to_port": 22
              },
              {
                "cidr_blocks": [
                  "0.0.0.0/0"
                ],
                "description": "Allow https 443",
                "from_port": 443,
                "ipv6_cidr_blocks": [],
                "prefix_list_ids": [],
                "protocol": "tcp",
                "security_groups": [],
                "self": false,
                "to_port": 443
              },
              {
                "cidr_blocks": [
                  "0.0.0.0/0"
                ],
                "description": "Allow https 6443",
                "from_port": 6443,
                "ipv6_cidr_blocks": [],
                "prefix_list_ids": [],
                "protocol": "tcp",
                "security_groups": [],
                "self": false,
                "to_port": 6443
              },
              {
                "cidr_blocks": [
                  "10.0.0.0/16",
                  "10.200.0.0/16"
                ],
                "description": "Allow all internal communication for all protocols",
                "from_port": 0,
                "ipv6_cidr_blocks": [],
                "prefix_list_ids": [],
                "protocol": "-1",
                "security_groups": [],
                "self": false,
                "to_port": 0
              }
            ],
            "name": "kubernetes",
            "name_prefix": "",
            "owner_id": "009611472941",
            "revoke_rules_on_delete": false,
            "tags": {},
            "tags_all": {
              "Name": "kubernetes"
            },
            "timeouts": null,
            "vpc_id": "vpc-0878beb9564c986a6"
          },
          "sensitive_attributes": [],
          "private": "eyJlMmJmYjczMC1lY2FhLTExZTYtOGY4OC0zNDM2M2JjN2M0YzAiOnsiY3JlYXRlIjo2MDAwMDAwMDAwMDAsImRlbGV0ZSI6OTAwMDAwMDAwMDAwfSwic2NoZW1hX3ZlcnNpb24iOiIxIn0=",
          "dependencies": [
            "aws_vpc.main"
          ]
        }
      ]
    },
    {
      "mode": "managed",
      "type": "aws_subnet",
      "name": "main",
      "provider": "provider[\"registry.terraform.io/hashicorp/aws\"]",
      "instances": [
        {
          "schema_version": 1,
          "attributes": {
            "arn": "arn:aws:ec2:us-west-1:009611472941:subnet/subnet-0aa6653271d29cec0",
            "assign_ipv6_address_on_creation": false,
            "availability_zone": "us-west-1b",
            "availability_zone_id": "usw1-az1",
            "cidr_block": "10.0.1.0/24",
            "customer_owned_ipv4_pool": "",
            "enable_dns64": false,
            "enable_resource_name_dns_a_record_on_launch": false,
            "enable_resource_name_dns_aaaa_record_on_launch": false,
            "id": "subnet-0aa6653271d29cec0",
            "ipv6_cidr_block": "",
            "ipv6_cidr_block_association_id": "",
            "ipv6_native": false,
            "map_customer_owned_ip_on_launch": false,
            "map_public_ip_on_launch": false,
            "outpost_arn": "",
            "owner_id": "009611472941",
            "private_dns_hostname_type_on_launch": "ip-name",
            "tags": {},
            "tags_all": {
              "Name": "kubernetes"
            },
            "timeouts": null,
            "vpc_id": "vpc-0878beb9564c986a6"
          },
          "sensitive_attributes": [],
          "private": "eyJlMmJmYjczMC1lY2FhLTExZTYtOGY4OC0zNDM2M2JjN2M0YzAiOnsiY3JlYXRlIjo2MDAwMDAwMDAwMDAsImRlbGV0ZSI6MTIwMDAwMDAwMDAwMH0sInNjaGVtYV92ZXJzaW9uIjoiMSJ9",
          "dependencies": [
            "aws_vpc.main"
          ]
        }
      ]
    },
    {
      "mode": "managed",
      "type": "aws_vpc",
      "name": "main",
      "provider": "provider[\"registry.terraform.io/hashicorp/aws\"]",
      "instances": [
        {
          "schema_version": 1,
          "attributes": {
            "arn": "arn:aws:ec2:us-west-1:009611472941:vpc/vpc-0878beb9564c986a6",
            "assign_generated_ipv6_cidr_block": false,
            "cidr_block": "10.0.0.0/16",
            "default_network_acl_id": "acl-0dea5e1a7c2e9b33d",
            "default_route_table_id": "rtb-0ab0587b09758ea3b",
            "default_security_group_id": "sg-0289e3b42620b055a",
            "dhcp_options_id": "dopt-7efb2918",
            "enable_classiclink": false,
            "enable_classiclink_dns_support": false,
            "enable_dns_hostnames": true,
            "enable_dns_support": true,
            "enable_network_address_usage_metrics": false,
            "id": "vpc-0878beb9564c986a6",
            "instance_tenancy": "default",
            "ipv4_ipam_pool_id": null,
            "ipv4_netmask_length": null,
            "ipv6_association_id": "",
            "ipv6_cidr_block": "",
            "ipv6_cidr_block_network_border_group": "",
            "ipv6_ipam_pool_id": "",
            "ipv6_netmask_length": 0,
            "main_route_table_id": "rtb-0ab0587b09758ea3b",
            "owner_id": "009611472941",
            "tags": {},
            "tags_all": {
              "Name": "kubernetes"
            }
          },
          "sensitive_attributes": [],
          "private": "eyJzY2hlbWFfdmVyc2lvbiI6IjEifQ=="
        }
      ]
    },
    {
      "mode": "managed",
      "type": "local_file",
      "name": "inventory",
      "provider": "provider[\"registry.terraform.io/hashicorp/local\"]",
      "instances": [
        {
          "schema_version": 0,
          "attributes": {
            "content": "all:\n  vars:\n    ansible_ssh_private_key_file = kubernetes-private.pem\n  children:\n    controllers:\n      hosts:\n        controller-0:\n          ansible_host: ec2-18-144-58-2.us-west-1.compute.amazonaws.com\n        controller-1:\n          ansible_host: ec2-13-56-13-200.us-west-1.compute.amazonaws.com\n        controller-2:\n          ansible_host: ec2-3-101-112-91.us-west-1.compute.amazonaws.com\n    workers:\n      hosts:\n        worker-0:\n          ansible_host: ec2-18-144-43-38.us-west-1.compute.amazonaws.com\n        worker-1:\n          ansible_host: ec2-13-57-51-215.us-west-1.compute.amazonaws.com\n        worker-2:\n          ansible_host: ec2-204-236-160-37.us-west-1.compute.amazonaws.com\n",
            "content_base64": null,
            "directory_permission": "0777",
            "file_permission": "0777",
            "filename": "inventory/02-aws.yml",
            "id": "28251708909f131147295191a8518f88f4792b68",
            "sensitive_content": null,
            "source": null
          },
          "sensitive_attributes": [],
          "dependencies": [
            "aws_instance.controller",
            "aws_instance.worker"
          ]
        }
      ]
    },
    {
      "mode": "managed",
      "type": "local_sensitive_file",
      "name": "private_key",
      "provider": "provider[\"registry.terraform.io/hashicorp/local\"]",
      "instances": [
        {
          "schema_version": 0,
          "attributes": {
            "content": "-----BEGIN RSA PRIVATE KEY-----\nMIIJKQIBAAKCAgEAvb2uOc21j3ReIHvBcYN8HVrKBbgaJlF0eUuO1A46WLbK4Y8h\nbADCjLh4yl7+cl58TtK+MGKW8tNzxnFv7MRA/JqwP9kp336W+/hrwcOPmR/142M4\n0leF0mF0i5aHbfW+dVJYtr3+/mTpgKuC3lveS6JussG4yPIX6PPE86qxXmOpnynH\niORkbUDk2x8g7EGiMz3aDrPnO1sflbyo1Flw0NXCBlAXHdx7Vd1+iFUDkZSf4dJ5\npeRakEulGDH8KWNyVlCgQtIyp+aTvyAEwI5ncs2dfxtBETMj9N6d7LfOL5C6zgne\nB+8VAH+0Js3OZUwFqXuTI+COH/Gy4Qa4e3r51+k5a+xMxpc7cMuycC/o30bCLepn\ne5WiMom9Aj7y7rZUG8idfgqHd2IKuXfP7hgdP5J7VsP010nJVpy9Q9FOdPPUZS5z\ngyEtrL/kAqxvF2wt+Ypoa0wgCD/UlocPKUGsafQpIaI3H65WZdnnw1TWoS9d6NaL\nOSerOudrD0l0lX1S41e9O8F69fBQt3XslQmWdoK8tkPgZ4tNmZpZXwaGGN/0Tk1R\nmle/rS6ABLVBh2COwA/ciu0vdRRKfp3cM3fQkb+ZTk8H2Y5eIdsH0nVKTk1cUFNY\nZA17iVAUmt2ShNq1Cnh6lhafFXqi4YQjTlMy5IC3CEHLT2dv9wdlYC0nJzcCAwEA\nAQKCAgBhPjlwvpDyuL0VANgfiTevA7zOOZCNWunK0IKfA7u7g9NuzqBebfVHkbO2\nZAEcNHiZHUEEI0MhqGWJqtGmEt8Ll2wFDRN8y7At6x+u6r9JxyuKImwYwWqAbBoD\nAF7gaDX4gv+ciLuLPcS+gShNNeAz+0eorcg6lHjUlzq1dyH4MjPYstzkt8kQhVXF\nR6rj6q9qe6SqLGGx9f22DD6qtjwvi54pBhsS3tEHLMGQtaFilz1pyyk1cFdJ5Lr0\nL4oA3ErZGfFIzdnQW0gViB9nYJR8Lg0t+5XZbtBay0086ObvUcmrlzsH7exhmRGH\nYasKF3A/cGn01T2B+amn0n3yKxCoSAvDXolHqLY5y7piAcU9+cOnOUVJAAWGlS57\nsyi2Z8UbtsdDI8qRIwtXnjYxy2CLH6P+wwJd9M3oAUj0p9mZcO4LlGpBZmyri+iL\nwwwLVTTRoItTUJphWjxZD8O1ZjqEu0Owp2W88VVDsVh2ukH4I3QjzV+UxZPlTc1F\ndrEA37CrkhpTGhR4Qqk/WJOoU/XVE3G99+4BCr7/r3f57IJWq+5JaBrYMYMB5kNC\nGsX6EWcDnVX3EykGRbWLqr/zAjUbCKbJNe1jDA6+JE+opJMnGR8ZOg5LcDPNY8yl\nL3aWs5R3KmoBP1cfPwSjyN1/9xsDweuAq4aa4TlSffSYNeYnIQKCAQEAw8Gn1mvb\nezdrPMULPITECucpXvsNvxLkkj/DGc8exIvuBVP+vzCWTueWxqs9vGKQ6BXVVZAi\nWgAhxjSLoI2B17CFX63+tzfnkzkAxA3CyUiRXXg/i8jj1b9so1EsU/4Z1yixKAam\nPrW7XXg//AgGGi+ZkuLbgryvj3is/2yOmeTMl/IX371EQbqVvm4wQZ0a9CKJq5By\n1LLQOluYzsRnTVl1dOFJYY8VRi44TH3gyQdSi7EKYCW9pQfhI1PJrGFGrGk8ikUu\namR5GafypRG2+07sssR01RM+GYxgAIVnom++px5NWfgwPa86DQudv6dMQ5uTaSjm\nHbHw7qGOmFnopQKCAQEA+CIaCp+4ZO0q83jrpDjJQvojNSQoSYHe0hqdPwUw+yz5\nFQAR2ldcI4kf/0xiDjaX3CCtjbm6VtVVhr33M3r40ny9fbFCjn+OiYfrWbO/4Vzs\n2Ex8olQEhSw3m6JjaUax/mO0tt7zBo1j60kRfMbIZ/tPd1aFqjtCIZGX0yS387qW\nKf79UAQZ9FRTRl0gGL+TpL6v3A4JEqzgnigzodmCosF2x+Hg26REDvAVp3m+YGZu\n2uTE3ShA8OSFg3fv1HVCX2wNxPQ7qzPIAweq+jvbD4sRyogf46DtOXGCckG35Qwc\nqbAYfwEWRoaMztrkZlc5/vrv/a6G3KCi7YK+JFjtqwKCAQEAnVRHUE3fWGhyB6VW\nIo2SAjFHTs73fVnx2pjkdRnB4LWV1zJqy76BD2mSBJocRAvz6pOhoeL1uN/iRSp2\nDdOtR2zXxM5SqW6E8A4gT3G/24Y3TqgWaoJKmr/+0EOtHNRccFCEEWdGtZ/ZtoWu\n5yCLxv/6rdMmGS0M7IJQh/j3ozgANx6bkXbMJQeQ0jw9DH736r7XZsvxfoE4Wa7E\nYWn4nHIJtKZcE8yrjHwZQ2DoCKmZ7iub6ypqAPkUORBeRezooCj0Pyza4SdfLP+O\nRJy4M8J6+jJqs9WDU4U+oyyU3jhxQl9YS7btDqaGQXXUkvQilzOyhhIY4ETjHuc5\nc7jPAQKCAQEArefYsJF4vuOqMrIRFSvngtWlT11kDwDCliapBr4wshm3CQzfdlO7\n8/vrPRbfsm54yILuoGIHQ0yJgMIrOx14vq1GcY2GxDCKScHFJT1hwiVKqd4RjAOu\nl1eCMcYCPoqZvV1MDs77LSBzYzf21ajMVHRCIbW2QLT/iF9uNUGK23tuO0jHaQk2\n15MyOiKSmEXMyK4MuwHrQfeABdjPNyQm9sL46OZanhXmzUFfK92bnByunSOxBf9s\nZGkFWjr5D8KPHimxDNTP7RGBoP4CyxagVah2c6gsEXF8UcJIVqPQqutuO098G6c7\nYXpzvZaUdVW1BAwDn5xuULsU9bmoYfkhuQKCAQAA2I+G3pkoDQujBVwpRyVeRiSF\ntmt8OaXQ1ZVyR61PRrOo4MsYxh6YqR4BEWKizMmmtdQL09KKpbAS0YKR/CftWwYt\nO0F0IWj8AmOVfjGzYGQM7KLqwQcyOv9faUaTIwpkZ1SSZBBqhSJVV1yrMTRbERBf\nSDoexveF3jLGBk3I+SPXPr1fQ9YXMpC+YjAiviIOIcjZoRfVWdtiyFrebcQA2/lQ\n3FUa6f5ydurz0zAw6uVfajqEvm3gZdzXKxSs/CtKzbkZf1pKtPDb/2rnfVl0PRh9\nLlDE7ScZKDRp7hzzM6vqhB3oZdp2sqX6pHqTquog1nFYM/y2IeFK3hgcslH7\n-----END RSA PRIVATE KEY-----\n",
            "content_base64": null,
            "directory_permission": "0700",
            "file_permission": "0700",
            "filename": "kubernetes-private.pem",
            "id": "9116663c2150a6d9c83e3f5cb9b924dd81e2c631",
            "source": null
          },
          "sensitive_attributes": [
            [
              {
                "type": "get_attr",
                "value": "content"
              }
            ]
          ],
          "dependencies": [
            "tls_private_key.dev"
          ]
        }
      ]
    },
    {
      "mode": "managed",
      "type": "tls_private_key",
      "name": "dev",
      "provider": "provider[\"registry.terraform.io/hashicorp/tls\"]",
      "instances": [
        {
          "schema_version": 1,
          "attributes": {
            "algorithm": "RSA",
            "ecdsa_curve": "P224",
            "id": "1e2ca062460671cfd850faea33748e323efabf6a",
            "private_key_openssh": "-----BEGIN OPENSSH PRIVATE KEY-----\nb3BlbnNzaC1rZXktdjEAAAAABG5vbmUAAAAEbm9uZQAAAAAAAAABAAACFwAAAAdz\nc2gtcnNhAAAAAwEAAQAAAgEAvb2uOc21j3ReIHvBcYN8HVrKBbgaJlF0eUuO1A46\nWLbK4Y8hbADCjLh4yl7+cl58TtK+MGKW8tNzxnFv7MRA/JqwP9kp336W+/hrwcOP\nmR/142M40leF0mF0i5aHbfW+dVJYtr3+/mTpgKuC3lveS6JussG4yPIX6PPE86qx\nXmOpnynHiORkbUDk2x8g7EGiMz3aDrPnO1sflbyo1Flw0NXCBlAXHdx7Vd1+iFUD\nkZSf4dJ5peRakEulGDH8KWNyVlCgQtIyp+aTvyAEwI5ncs2dfxtBETMj9N6d7LfO\nL5C6zgneB+8VAH+0Js3OZUwFqXuTI+COH/Gy4Qa4e3r51+k5a+xMxpc7cMuycC/o\n30bCLepne5WiMom9Aj7y7rZUG8idfgqHd2IKuXfP7hgdP5J7VsP010nJVpy9Q9FO\ndPPUZS5zgyEtrL/kAqxvF2wt+Ypoa0wgCD/UlocPKUGsafQpIaI3H65WZdnnw1TW\noS9d6NaLOSerOudrD0l0lX1S41e9O8F69fBQt3XslQmWdoK8tkPgZ4tNmZpZXwaG\nGN/0Tk1Rmle/rS6ABLVBh2COwA/ciu0vdRRKfp3cM3fQkb+ZTk8H2Y5eIdsH0nVK\nTk1cUFNYZA17iVAUmt2ShNq1Cnh6lhafFXqi4YQjTlMy5IC3CEHLT2dv9wdlYC0n\nJzcAAAc46s4HvOrOB7wAAAAHc3NoLXJzYQAAAgEAvb2uOc21j3ReIHvBcYN8HVrK\nBbgaJlF0eUuO1A46WLbK4Y8hbADCjLh4yl7+cl58TtK+MGKW8tNzxnFv7MRA/Jqw\nP9kp336W+/hrwcOPmR/142M40leF0mF0i5aHbfW+dVJYtr3+/mTpgKuC3lveS6Ju\nssG4yPIX6PPE86qxXmOpnynHiORkbUDk2x8g7EGiMz3aDrPnO1sflbyo1Flw0NXC\nBlAXHdx7Vd1+iFUDkZSf4dJ5peRakEulGDH8KWNyVlCgQtIyp+aTvyAEwI5ncs2d\nfxtBETMj9N6d7LfOL5C6zgneB+8VAH+0Js3OZUwFqXuTI+COH/Gy4Qa4e3r51+k5\na+xMxpc7cMuycC/o30bCLepne5WiMom9Aj7y7rZUG8idfgqHd2IKuXfP7hgdP5J7\nVsP010nJVpy9Q9FOdPPUZS5zgyEtrL/kAqxvF2wt+Ypoa0wgCD/UlocPKUGsafQp\nIaI3H65WZdnnw1TWoS9d6NaLOSerOudrD0l0lX1S41e9O8F69fBQt3XslQmWdoK8\ntkPgZ4tNmZpZXwaGGN/0Tk1Rmle/rS6ABLVBh2COwA/ciu0vdRRKfp3cM3fQkb+Z\nTk8H2Y5eIdsH0nVKTk1cUFNYZA17iVAUmt2ShNq1Cnh6lhafFXqi4YQjTlMy5IC3\nCEHLT2dv9wdlYC0nJzcAAAADAQABAAACAGE+OXC+kPK4vRUA2B+JN68DvM45kI1a\n6crQgp8Du7uD027OoF5t9UeRs7ZkARw0eJkdQQQjQyGoZYmq0aYS3wuXbAUNE3zL\nsC3rH67qv0nHK4oibBjBaoBsGgMAXuBoNfiC/5yIu4s9xL6BKE014DP7R6ityDqU\neNSXOrV3IfgyM9iy3OS3yRCFVcVHquPqr2p7pKosYbH1/bYMPqq2PC+LnikGGxLe\n0QcswZC1oWKXPWnLKTVwV0nkuvQvigDcStkZ8UjN2dBbSBWIH2dglHwuDS37ldlu\n0FrLTTzo5u9RyauXOwft7GGZEYdhqwoXcD9wafTVPYH5qafSffIrEKhIC8NeiUeo\ntjnLumIBxT35w6c5RUkABYaVLnuzKLZnxRu2x0MjypEjC1eeNjHLYIsfo/7DAl30\nzegBSPSn2Zlw7guUakFmbKuL6IvDDAtVNNGgi1NQmmFaPFkPw7VmOoS7Q7CnZbzx\nVUOxWHa6QfgjdCPNX5TFk+VNzUV2sQDfsKuSGlMaFHhCqT9Yk6hT9dUTcb337gEK\nvv+vd/nsglar7kloGtgxgwHmQ0IaxfoRZwOdVfcTKQZFtYuqv/MCNRsIpsk17WMM\nDr4kT6ikkycZHxk6DktwM81jzKUvdpazlHcqagE/Vx8/BKPI3X/3GwPB64Crhprh\nOVJ99Jg15ichAAABAADYj4bemSgNC6MFXClHJV5GJIW2a3w5pdDVlXJHrU9Gs6jg\nyxjGHpipHgERYqLMyaa11AvT0oqlsBLRgpH8J+1bBi07QXQhaPwCY5V+MbNgZAzs\nourBBzI6/19pRpMjCmRnVJJkEGqFIlVXXKsxNFsREF9IOh7G94XeMsYGTcj5I9c+\nvV9D1hcykL5iMCK+Ig4hyNmhF9VZ22LIWt5txADb+VDcVRrp/nJ26vPTMDDq5V9q\nOoS+beBl3NcrFKz8K0rNuRl/Wkq08Nv/aud9WXQ9GH0uUMTtJxkoNGnuHPMzq+qE\nHehl2naypfqkepOq6iDWcVgz/LYh4UreGByyUfsAAAEBAMPBp9Zr23s3azzFCzyE\nxArnKV77Db8S5JI/wxnPHsSL7gVT/r8wlk7nlsarPbxikOgV1VWQIloAIcY0i6CN\ngdewhV+t/rc355M5AMQNwslIkV14P4vI49W/bKNRLFP+GdcosSgGpj61u114P/wI\nBhovmZLi24K8r494rP9sjpnkzJfyF9+9REG6lb5uMEGdGvQiiauQctSy0DpbmM7E\nZ01ZdXThSWGPFUYuOEx94MkHUouxCmAlvaUH4SNTyaxhRqxpPIpFLmpkeRmn8qUR\ntvtO7LLEdNUTPhmMYACFZ6JvvqceTVn4MD2vOg0Lnb+nTEObk2ko5h2x8O6hjphZ\n6KUAAAEBAPgiGgqfuGTtKvN466Q4yUL6IzUkKEmB3tIanT8FMPss+RUAEdpXXCOJ\nH/9MYg42l9wgrY25ulbVVYa99zN6+NJ8vX2xQo5/jomH61mzv+Fc7NhMfKJUBIUs\nN5uiY2lGsf5jtLbe8waNY+tJEXzGyGf7T3dWhao7QiGRl9Mkt/O6lin+/VAEGfRU\nU0ZdIBi/k6S+r9wOCRKs4J4oM6HZgqLBdsfh4NukRA7wFad5vmBmbtrkxN0oQPDk\nhYN379R1Ql9sDcT0O6szyAMHqvo72w+LEcqIH+Og7TlxgnJBt+UMHKmwGH8BFkaG\njM7a5GZXOf767/2uhtygou2CviRY7asAAAAAAQID\n-----END OPENSSH PRIVATE KEY-----\n",
            "private_key_pem": "-----BEGIN RSA PRIVATE KEY-----\nMIIJKQIBAAKCAgEAvb2uOc21j3ReIHvBcYN8HVrKBbgaJlF0eUuO1A46WLbK4Y8h\nbADCjLh4yl7+cl58TtK+MGKW8tNzxnFv7MRA/JqwP9kp336W+/hrwcOPmR/142M4\n0leF0mF0i5aHbfW+dVJYtr3+/mTpgKuC3lveS6JussG4yPIX6PPE86qxXmOpnynH\niORkbUDk2x8g7EGiMz3aDrPnO1sflbyo1Flw0NXCBlAXHdx7Vd1+iFUDkZSf4dJ5\npeRakEulGDH8KWNyVlCgQtIyp+aTvyAEwI5ncs2dfxtBETMj9N6d7LfOL5C6zgne\nB+8VAH+0Js3OZUwFqXuTI+COH/Gy4Qa4e3r51+k5a+xMxpc7cMuycC/o30bCLepn\ne5WiMom9Aj7y7rZUG8idfgqHd2IKuXfP7hgdP5J7VsP010nJVpy9Q9FOdPPUZS5z\ngyEtrL/kAqxvF2wt+Ypoa0wgCD/UlocPKUGsafQpIaI3H65WZdnnw1TWoS9d6NaL\nOSerOudrD0l0lX1S41e9O8F69fBQt3XslQmWdoK8tkPgZ4tNmZpZXwaGGN/0Tk1R\nmle/rS6ABLVBh2COwA/ciu0vdRRKfp3cM3fQkb+ZTk8H2Y5eIdsH0nVKTk1cUFNY\nZA17iVAUmt2ShNq1Cnh6lhafFXqi4YQjTlMy5IC3CEHLT2dv9wdlYC0nJzcCAwEA\nAQKCAgBhPjlwvpDyuL0VANgfiTevA7zOOZCNWunK0IKfA7u7g9NuzqBebfVHkbO2\nZAEcNHiZHUEEI0MhqGWJqtGmEt8Ll2wFDRN8y7At6x+u6r9JxyuKImwYwWqAbBoD\nAF7gaDX4gv+ciLuLPcS+gShNNeAz+0eorcg6lHjUlzq1dyH4MjPYstzkt8kQhVXF\nR6rj6q9qe6SqLGGx9f22DD6qtjwvi54pBhsS3tEHLMGQtaFilz1pyyk1cFdJ5Lr0\nL4oA3ErZGfFIzdnQW0gViB9nYJR8Lg0t+5XZbtBay0086ObvUcmrlzsH7exhmRGH\nYasKF3A/cGn01T2B+amn0n3yKxCoSAvDXolHqLY5y7piAcU9+cOnOUVJAAWGlS57\nsyi2Z8UbtsdDI8qRIwtXnjYxy2CLH6P+wwJd9M3oAUj0p9mZcO4LlGpBZmyri+iL\nwwwLVTTRoItTUJphWjxZD8O1ZjqEu0Owp2W88VVDsVh2ukH4I3QjzV+UxZPlTc1F\ndrEA37CrkhpTGhR4Qqk/WJOoU/XVE3G99+4BCr7/r3f57IJWq+5JaBrYMYMB5kNC\nGsX6EWcDnVX3EykGRbWLqr/zAjUbCKbJNe1jDA6+JE+opJMnGR8ZOg5LcDPNY8yl\nL3aWs5R3KmoBP1cfPwSjyN1/9xsDweuAq4aa4TlSffSYNeYnIQKCAQEAw8Gn1mvb\nezdrPMULPITECucpXvsNvxLkkj/DGc8exIvuBVP+vzCWTueWxqs9vGKQ6BXVVZAi\nWgAhxjSLoI2B17CFX63+tzfnkzkAxA3CyUiRXXg/i8jj1b9so1EsU/4Z1yixKAam\nPrW7XXg//AgGGi+ZkuLbgryvj3is/2yOmeTMl/IX371EQbqVvm4wQZ0a9CKJq5By\n1LLQOluYzsRnTVl1dOFJYY8VRi44TH3gyQdSi7EKYCW9pQfhI1PJrGFGrGk8ikUu\namR5GafypRG2+07sssR01RM+GYxgAIVnom++px5NWfgwPa86DQudv6dMQ5uTaSjm\nHbHw7qGOmFnopQKCAQEA+CIaCp+4ZO0q83jrpDjJQvojNSQoSYHe0hqdPwUw+yz5\nFQAR2ldcI4kf/0xiDjaX3CCtjbm6VtVVhr33M3r40ny9fbFCjn+OiYfrWbO/4Vzs\n2Ex8olQEhSw3m6JjaUax/mO0tt7zBo1j60kRfMbIZ/tPd1aFqjtCIZGX0yS387qW\nKf79UAQZ9FRTRl0gGL+TpL6v3A4JEqzgnigzodmCosF2x+Hg26REDvAVp3m+YGZu\n2uTE3ShA8OSFg3fv1HVCX2wNxPQ7qzPIAweq+jvbD4sRyogf46DtOXGCckG35Qwc\nqbAYfwEWRoaMztrkZlc5/vrv/a6G3KCi7YK+JFjtqwKCAQEAnVRHUE3fWGhyB6VW\nIo2SAjFHTs73fVnx2pjkdRnB4LWV1zJqy76BD2mSBJocRAvz6pOhoeL1uN/iRSp2\nDdOtR2zXxM5SqW6E8A4gT3G/24Y3TqgWaoJKmr/+0EOtHNRccFCEEWdGtZ/ZtoWu\n5yCLxv/6rdMmGS0M7IJQh/j3ozgANx6bkXbMJQeQ0jw9DH736r7XZsvxfoE4Wa7E\nYWn4nHIJtKZcE8yrjHwZQ2DoCKmZ7iub6ypqAPkUORBeRezooCj0Pyza4SdfLP+O\nRJy4M8J6+jJqs9WDU4U+oyyU3jhxQl9YS7btDqaGQXXUkvQilzOyhhIY4ETjHuc5\nc7jPAQKCAQEArefYsJF4vuOqMrIRFSvngtWlT11kDwDCliapBr4wshm3CQzfdlO7\n8/vrPRbfsm54yILuoGIHQ0yJgMIrOx14vq1GcY2GxDCKScHFJT1hwiVKqd4RjAOu\nl1eCMcYCPoqZvV1MDs77LSBzYzf21ajMVHRCIbW2QLT/iF9uNUGK23tuO0jHaQk2\n15MyOiKSmEXMyK4MuwHrQfeABdjPNyQm9sL46OZanhXmzUFfK92bnByunSOxBf9s\nZGkFWjr5D8KPHimxDNTP7RGBoP4CyxagVah2c6gsEXF8UcJIVqPQqutuO098G6c7\nYXpzvZaUdVW1BAwDn5xuULsU9bmoYfkhuQKCAQAA2I+G3pkoDQujBVwpRyVeRiSF\ntmt8OaXQ1ZVyR61PRrOo4MsYxh6YqR4BEWKizMmmtdQL09KKpbAS0YKR/CftWwYt\nO0F0IWj8AmOVfjGzYGQM7KLqwQcyOv9faUaTIwpkZ1SSZBBqhSJVV1yrMTRbERBf\nSDoexveF3jLGBk3I+SPXPr1fQ9YXMpC+YjAiviIOIcjZoRfVWdtiyFrebcQA2/lQ\n3FUa6f5ydurz0zAw6uVfajqEvm3gZdzXKxSs/CtKzbkZf1pKtPDb/2rnfVl0PRh9\nLlDE7ScZKDRp7hzzM6vqhB3oZdp2sqX6pHqTquog1nFYM/y2IeFK3hgcslH7\n-----END RSA PRIVATE KEY-----\n",
            "private_key_pem_pkcs8": "-----BEGIN PRIVATE KEY-----\nMIIJQwIBADANBgkqhkiG9w0BAQEFAASCCS0wggkpAgEAAoICAQC9va45zbWPdF4g\ne8Fxg3wdWsoFuBomUXR5S47UDjpYtsrhjyFsAMKMuHjKXv5yXnxO0r4wYpby03PG\ncW/sxED8mrA/2Snffpb7+GvBw4+ZH/XjYzjSV4XSYXSLlodt9b51Uli2vf7+ZOmA\nq4LeW95Lom6ywbjI8hfo88TzqrFeY6mfKceI5GRtQOTbHyDsQaIzPdoOs+c7Wx+V\nvKjUWXDQ1cIGUBcd3HtV3X6IVQORlJ/h0nml5FqQS6UYMfwpY3JWUKBC0jKn5pO/\nIATAjmdyzZ1/G0ERMyP03p3st84vkLrOCd4H7xUAf7Qmzc5lTAWpe5Mj4I4f8bLh\nBrh7evnX6Tlr7EzGlztwy7JwL+jfRsIt6md7laIyib0CPvLutlQbyJ1+Cod3Ygq5\nd8/uGB0/kntWw/TXSclWnL1D0U5089RlLnODIS2sv+QCrG8XbC35imhrTCAIP9SW\nhw8pQaxp9CkhojcfrlZl2efDVNahL13o1os5J6s652sPSXSVfVLjV707wXr18FC3\ndeyVCZZ2gry2Q+Bni02ZmllfBoYY3/ROTVGaV7+tLoAEtUGHYI7AD9yK7S91FEp+\nndwzd9CRv5lOTwfZjl4h2wfSdUpOTVxQU1hkDXuJUBSa3ZKE2rUKeHqWFp8VeqLh\nhCNOUzLkgLcIQctPZ2/3B2VgLScnNwIDAQABAoICAGE+OXC+kPK4vRUA2B+JN68D\nvM45kI1a6crQgp8Du7uD027OoF5t9UeRs7ZkARw0eJkdQQQjQyGoZYmq0aYS3wuX\nbAUNE3zLsC3rH67qv0nHK4oibBjBaoBsGgMAXuBoNfiC/5yIu4s9xL6BKE014DP7\nR6ityDqUeNSXOrV3IfgyM9iy3OS3yRCFVcVHquPqr2p7pKosYbH1/bYMPqq2PC+L\nnikGGxLe0QcswZC1oWKXPWnLKTVwV0nkuvQvigDcStkZ8UjN2dBbSBWIH2dglHwu\nDS37ldlu0FrLTTzo5u9RyauXOwft7GGZEYdhqwoXcD9wafTVPYH5qafSffIrEKhI\nC8NeiUeotjnLumIBxT35w6c5RUkABYaVLnuzKLZnxRu2x0MjypEjC1eeNjHLYIsf\no/7DAl30zegBSPSn2Zlw7guUakFmbKuL6IvDDAtVNNGgi1NQmmFaPFkPw7VmOoS7\nQ7CnZbzxVUOxWHa6QfgjdCPNX5TFk+VNzUV2sQDfsKuSGlMaFHhCqT9Yk6hT9dUT\ncb337gEKvv+vd/nsglar7kloGtgxgwHmQ0IaxfoRZwOdVfcTKQZFtYuqv/MCNRsI\npsk17WMMDr4kT6ikkycZHxk6DktwM81jzKUvdpazlHcqagE/Vx8/BKPI3X/3GwPB\n64CrhprhOVJ99Jg15ichAoIBAQDDwafWa9t7N2s8xQs8hMQK5yle+w2/EuSSP8MZ\nzx7Ei+4FU/6/MJZO55bGqz28YpDoFdVVkCJaACHGNIugjYHXsIVfrf63N+eTOQDE\nDcLJSJFdeD+LyOPVv2yjUSxT/hnXKLEoBqY+tbtdeD/8CAYaL5mS4tuCvK+PeKz/\nbI6Z5MyX8hffvURBupW+bjBBnRr0IomrkHLUstA6W5jOxGdNWXV04UlhjxVGLjhM\nfeDJB1KLsQpgJb2lB+EjU8msYUasaTyKRS5qZHkZp/KlEbb7TuyyxHTVEz4ZjGAA\nhWeib76nHk1Z+DA9rzoNC52/p0xDm5NpKOYdsfDuoY6YWeilAoIBAQD4IhoKn7hk\n7SrzeOukOMlC+iM1JChJgd7SGp0/BTD7LPkVABHaV1wjiR//TGIONpfcIK2NubpW\n1VWGvfczevjSfL19sUKOf46Jh+tZs7/hXOzYTHyiVASFLDebomNpRrH+Y7S23vMG\njWPrSRF8xshn+093VoWqO0IhkZfTJLfzupYp/v1QBBn0VFNGXSAYv5Okvq/cDgkS\nrOCeKDOh2YKiwXbH4eDbpEQO8BWneb5gZm7a5MTdKEDw5IWDd+/UdUJfbA3E9Dur\nM8gDB6r6O9sPixHKiB/joO05cYJyQbflDBypsBh/ARZGhozO2uRmVzn++u/9robc\noKLtgr4kWO2rAoIBAQCdVEdQTd9YaHIHpVYijZICMUdOzvd9WfHamOR1GcHgtZXX\nMmrLvoEPaZIEmhxEC/Pqk6Gh4vW43+JFKnYN061HbNfEzlKpboTwDiBPcb/bhjdO\nqBZqgkqav/7QQ60c1FxwUIQRZ0a1n9m2ha7nIIvG//qt0yYZLQzsglCH+PejOAA3\nHpuRdswlB5DSPD0Mfvfqvtdmy/F+gThZrsRhaficcgm0plwTzKuMfBlDYOgIqZnu\nK5vrKmoA+RQ5EF5F7OigKPQ/LNrhJ18s/45EnLgzwnr6Mmqz1YNThT6jLJTeOHFC\nX1hLtu0OpoZBddSS9CKXM7KGEhjgROMe5zlzuM8BAoIBAQCt59iwkXi+46oyshEV\nK+eC1aVPXWQPAMKWJqkGvjCyGbcJDN92U7vz++s9Ft+ybnjIgu6gYgdDTImAwis7\nHXi+rUZxjYbEMIpJwcUlPWHCJUqp3hGMA66XV4IxxgI+ipm9XUwOzvstIHNjN/bV\nqMxUdEIhtbZAtP+IX241QYrbe247SMdpCTbXkzI6IpKYRczIrgy7AetB94AF2M83\nJCb2wvjo5lqeFebNQV8r3ZucHK6dI7EF/2xkaQVaOvkPwo8eKbEM1M/tEYGg/gLL\nFqBVqHZzqCwRcXxRwkhWo9Cq6247T3wbpzthenO9lpR1VbUEDAOfnG5QuxT1uahh\n+SG5AoIBAADYj4bemSgNC6MFXClHJV5GJIW2a3w5pdDVlXJHrU9Gs6jgyxjGHpip\nHgERYqLMyaa11AvT0oqlsBLRgpH8J+1bBi07QXQhaPwCY5V+MbNgZAzsourBBzI6\n/19pRpMjCmRnVJJkEGqFIlVXXKsxNFsREF9IOh7G94XeMsYGTcj5I9c+vV9D1hcy\nkL5iMCK+Ig4hyNmhF9VZ22LIWt5txADb+VDcVRrp/nJ26vPTMDDq5V9qOoS+beBl\n3NcrFKz8K0rNuRl/Wkq08Nv/aud9WXQ9GH0uUMTtJxkoNGnuHPMzq+qEHehl2nay\npfqkepOq6iDWcVgz/LYh4UreGByyUfs=\n-----END PRIVATE KEY-----\n",
            "public_key_fingerprint_md5": "c0:51:ab:dc:62:1e:d4:e6:eb:7d:c5:26:1c:75:60:c7",
            "public_key_fingerprint_sha256": "SHA256:6vN7c+okDDQqZx2y2TBZGGrMtBlRvprpb6S2rAob7bg",
            "public_key_openssh": "ssh-rsa AAAAB3NzaC1yc2EAAAADAQABAAACAQC9va45zbWPdF4ge8Fxg3wdWsoFuBomUXR5S47UDjpYtsrhjyFsAMKMuHjKXv5yXnxO0r4wYpby03PGcW/sxED8mrA/2Snffpb7+GvBw4+ZH/XjYzjSV4XSYXSLlodt9b51Uli2vf7+ZOmAq4LeW95Lom6ywbjI8hfo88TzqrFeY6mfKceI5GRtQOTbHyDsQaIzPdoOs+c7Wx+VvKjUWXDQ1cIGUBcd3HtV3X6IVQORlJ/h0nml5FqQS6UYMfwpY3JWUKBC0jKn5pO/IATAjmdyzZ1/G0ERMyP03p3st84vkLrOCd4H7xUAf7Qmzc5lTAWpe5Mj4I4f8bLhBrh7evnX6Tlr7EzGlztwy7JwL+jfRsIt6md7laIyib0CPvLutlQbyJ1+Cod3Ygq5d8/uGB0/kntWw/TXSclWnL1D0U5089RlLnODIS2sv+QCrG8XbC35imhrTCAIP9SWhw8pQaxp9CkhojcfrlZl2efDVNahL13o1os5J6s652sPSXSVfVLjV707wXr18FC3deyVCZZ2gry2Q+Bni02ZmllfBoYY3/ROTVGaV7+tLoAEtUGHYI7AD9yK7S91FEp+ndwzd9CRv5lOTwfZjl4h2wfSdUpOTVxQU1hkDXuJUBSa3ZKE2rUKeHqWFp8VeqLhhCNOUzLkgLcIQctPZ2/3B2VgLScnNw==\n",
            "public_key_pem": "-----BEGIN PUBLIC KEY-----\nMIICIjANBgkqhkiG9w0BAQEFAAOCAg8AMIICCgKCAgEAvb2uOc21j3ReIHvBcYN8\nHVrKBbgaJlF0eUuO1A46WLbK4Y8hbADCjLh4yl7+cl58TtK+MGKW8tNzxnFv7MRA\n/JqwP9kp336W+/hrwcOPmR/142M40leF0mF0i5aHbfW+dVJYtr3+/mTpgKuC3lve\nS6JussG4yPIX6PPE86qxXmOpnynHiORkbUDk2x8g7EGiMz3aDrPnO1sflbyo1Flw\n0NXCBlAXHdx7Vd1+iFUDkZSf4dJ5peRakEulGDH8KWNyVlCgQtIyp+aTvyAEwI5n\ncs2dfxtBETMj9N6d7LfOL5C6zgneB+8VAH+0Js3OZUwFqXuTI+COH/Gy4Qa4e3r5\n1+k5a+xMxpc7cMuycC/o30bCLepne5WiMom9Aj7y7rZUG8idfgqHd2IKuXfP7hgd\nP5J7VsP010nJVpy9Q9FOdPPUZS5zgyEtrL/kAqxvF2wt+Ypoa0wgCD/UlocPKUGs\nafQpIaI3H65WZdnnw1TWoS9d6NaLOSerOudrD0l0lX1S41e9O8F69fBQt3XslQmW\ndoK8tkPgZ4tNmZpZXwaGGN/0Tk1Rmle/rS6ABLVBh2COwA/ciu0vdRRKfp3cM3fQ\nkb+ZTk8H2Y5eIdsH0nVKTk1cUFNYZA17iVAUmt2ShNq1Cnh6lhafFXqi4YQjTlMy\n5IC3CEHLT2dv9wdlYC0nJzcCAwEAAQ==\n-----END PUBLIC KEY-----\n",
            "rsa_bits": 4096
          },
          "sensitive_attributes": []
        }
      ]
    }
  ],
  "check_results": null
}
